// !$*UTF8*$!
{
	archiveVersion = 1;
	classes = {
	};
	objectVersion = 46;
	objects = {

/* Begin PBXBuildFile section */
		1E1E197B1DD878A400DA766F /* GoogleService-Info.plist in Resources */ = {isa = PBXBuildFile; fileRef = 1E1E197A1DD878A400DA766F /* GoogleService-Info.plist */; };
		1E4373A92363633E00C8447F /* CoreServices.framework in Frameworks */ = {isa = PBXBuildFile; fileRef = 1E4373A82363633E00C8447F /* CoreServices.framework */; };
		1E5B19A91FE7533B00241069 /* libdepolllib.a in Frameworks */ = {isa = PBXBuildFile; fileRef = 1E5B19A41FE7533B00241069 /* libdepolllib.a */; };
		1E8483E61DD86F5C00AF4EAB /* CoreData.framework in Frameworks */ = {isa = PBXBuildFile; fileRef = 1E8483E51DD86F5C00AF4EAB /* CoreData.framework */; };
		1E8D89F325F447E500D9A4EA /* AppTrackingTransparency.framework in Frameworks */ = {isa = PBXBuildFile; fileRef = 1E8D89F225F447E500D9A4EA /* AppTrackingTransparency.framework */; };
		1E927AD622AB2BF20018E370 /* DPAppDelegate.swift in Sources */ = {isa = PBXBuildFile; fileRef = 1E927AD522AB2BF20018E370 /* DPAppDelegate.swift */; };
		B4A1A0000000000000000001 /* TMBalanceAudioPlayer.swift in Sources */ = {isa = PBXBuildFile; fileRef = B4A1A0000000000000000011 /* TMBalanceAudioPlayer.swift */; };
		03F8F0F8A96EEF880A2B2454 /* TMTint.swift in Sources */ = {isa = PBXBuildFile; fileRef = 97A045485B4EE520358D9AE7 /* TMTint.swift */; };
		BFBCA893AC642C54F965BAD2 /* TMActionSheet.swift in Sources */ = {isa = PBXBuildFile; fileRef = C05C67F11892B2DF98C5C116 /* TMActionSheet.swift */; };
		9C05E9E2C8371BEAD5A1FE46 /* TMRecovery.swift in Sources */ = {isa = PBXBuildFile; fileRef = 92D726D1D38D4584B30175D1 /* TMRecovery.swift */; };
		E64EBF2053F028C4A56C30C3 /* TMRouter.swift in Sources */ = {isa = PBXBuildFile; fileRef = 4F12B3A878D3B670DAE9AB06 /* TMRouter.swift */; };
		6FC5C8177A9D482C725660E0 /* TMShell.swift in Sources */ = {isa = PBXBuildFile; fileRef = EA012B6F987B119001808DBE /* TMShell.swift */; };
		B4A1B0000000000000000001 /* TMTagLists.swift in Sources */ = {isa = PBXBuildFile; fileRef = B4A1B0000000000000000000 /* TMTagLists.swift */; };
		B4A1B0000000000000000005 /* TMListNamePrompt.swift in Sources */ = {isa = PBXBuildFile; fileRef = B4A1B0000000000000000004 /* TMListNamePrompt.swift */; };
		3BCFBE99983A934374E96904 /* TMObjC.m in Sources */ = {isa = PBXBuildFile; fileRef = 0CDE689E9C210051F00D6DE0 /* TMObjC.m */; };
		30C9CACA9FB47610DBAA1F52 /* TMListUI.swift in Sources */ = {isa = PBXBuildFile; fileRef = 2634BAF9C759517B2CD1A8B9 /* TMListUI.swift */; };
		AE8F8DA54E2D67C8E8BF9F6D /* TMListHosting.swift in Sources */ = {isa = PBXBuildFile; fileRef = 70A849AD37DD360C344031B3 /* TMListHosting.swift */; };
		C430D17B88D9EC3C907C1E8B /* TMNamePrompt.swift in Sources */ = {isa = PBXBuildFile; fileRef = 2E059A20ACE33DEE7B71A906 /* TMNamePrompt.swift */; };
		BCD20DE285F188269B192285 /* TMTagListScreen.swift in Sources */ = {isa = PBXBuildFile; fileRef = DD9C83F919927CDD6BD20160 /* TMTagListScreen.swift */; };
		A76E80C6A5DC1507770A8F00 /* TMCatalog.swift in Sources */ = {isa = PBXBuildFile; fileRef = 7EC5B79C2D909C654ECEBB62 /* TMCatalog.swift */; };
		B7411C3AC92F359F8CA4222E /* TMHomeScreen.swift in Sources */ = {isa = PBXBuildFile; fileRef = 7AE38704B7798962B3767C16 /* TMHomeScreen.swift */; };
		CE7B059A99E06EC259C1E989 /* TMHomeTitle.swift in Sources */ = {isa = PBXBuildFile; fileRef = 52272D53D21BECAD0A7A6DCD /* TMHomeTitle.swift */; };
		978EB7AD30244DC8CF29E80A /* TMQueryScreen.swift in Sources */ = {isa = PBXBuildFile; fileRef = D3B8AB34E4CC5894009651B7 /* TMQueryScreen.swift */; };
		4884801112AB343F0D19F149 /* TMBrowseScreen.swift in Sources */ = {isa = PBXBuildFile; fileRef = 9147DF40990F58C06648E040 /* TMBrowseScreen.swift */; };
		1CF13B3B4103CC5150B20990 /* TMFilterControl.swift in Sources */ = {isa = PBXBuildFile; fileRef = 3866560BDC5F4E0388CFA370 /* TMFilterControl.swift */; };
		5E35FCD512C155E95BF1AC05 /* TMSearchScreen.swift in Sources */ = {isa = PBXBuildFile; fileRef = 54A6815F1DD626618C642774 /* TMSearchScreen.swift */; };
		107FC674B7E185E44254395C /* TMSettingsScreen.swift in Sources */ = {isa = PBXBuildFile; fileRef = 8DF5EBF9B106B70E4E04062D /* TMSettingsScreen.swift */; };
		C7F18B32077D0DD6C797BA14 /* TMSignIn.swift in Sources */ = {isa = PBXBuildFile; fileRef = C05A3E63E8D107CDCCC0B2C5 /* TMSignIn.swift */; };
		523346955E2C4736E2847840 /* TMArtworkViews.swift in Sources */ = {isa = PBXBuildFile; fileRef = EB35CE032697AEC7BE082E98 /* TMArtworkViews.swift */; };
		486B0CA3224947FA4117C431 /* TagDetailModel.swift in Sources */ = {isa = PBXBuildFile; fileRef = 60F248CF839D292B5A554AAF /* TagDetailModel.swift */; };
		24A50CF911D0B1355C98C550 /* TagSummaryModel.swift in Sources */ = {isa = PBXBuildFile; fileRef = 6A69F467F262F2D18D87FAF7 /* TagSummaryModel.swift */; };
		FBF14E8E602F7A82192FFB0E /* TagTracksModel.swift in Sources */ = {isa = PBXBuildFile; fileRef = 5B1D1727D3EEAE97BBDBF08F /* TagTracksModel.swift */; };
		2ADB50A87D031B9D0CB65D42 /* TagDetailView.swift in Sources */ = {isa = PBXBuildFile; fileRef = 876C6BD50FC5AE1674C8965F /* TagDetailView.swift */; };
		E2EFF9D6D38E02634BB5DAF6 /* TMFactsLayout.swift in Sources */ = {isa = PBXBuildFile; fileRef = 93F5CF6B3C96209FC8DAE5C1 /* TMFactsLayout.swift */; };
		D1045840E91B81774ED9399E /* TagSummaryPage.swift in Sources */ = {isa = PBXBuildFile; fileRef = 41A38683354555FA1038024C /* TagSummaryPage.swift */; };
		17EEC296D4EB6A8768238F7A /* TMListChips.swift in Sources */ = {isa = PBXBuildFile; fileRef = 94C4879D4F173897058073D5 /* TMListChips.swift */; };
		6F7C2F3A64DCDB4A86A7FB10 /* TMListPicker.swift in Sources */ = {isa = PBXBuildFile; fileRef = 961BA0DD522D91F7CF4E1208 /* TMListPicker.swift */; };
		7BDA092E07B6BBC45462DB86 /* TagDetailsPage.swift in Sources */ = {isa = PBXBuildFile; fileRef = 519C5BD35A5AF98095D3B79E /* TagDetailsPage.swift */; };
		2A1F0F1F42CF7DEBB9183C08 /* TagTracksPage.swift in Sources */ = {isa = PBXBuildFile; fileRef = 1A705C2A96CA8FBA3522C02C /* TagTracksPage.swift */; };
		61109B1ED5FB33C30E6EB00E /* TagVideosPage.swift in Sources */ = {isa = PBXBuildFile; fileRef = 5AFC21A9E301EA89B418DDC1 /* TagVideosPage.swift */; };
		012C798E74D0F48EEB23645A /* TMSheetMusicScreen.swift in Sources */ = {isa = PBXBuildFile; fileRef = 693B7D80D84F1001F06A7490 /* TMSheetMusicScreen.swift */; };
		6F81FC6048B98D507BD89C36 /* TMTagPlaceholder.swift in Sources */ = {isa = PBXBuildFile; fileRef = 5040B71BF16198BC4235FE6F /* TMTagPlaceholder.swift */; };
		B4A1A0000000000000000003 /* TMBalanceAudioPlayerTests.swift in Sources */ = {isa = PBXBuildFile; fileRef = B4A1A0000000000000000013 /* TMBalanceAudioPlayerTests.swift */; };
		B4A1B0000000000000000003 /* TMTagListsTests.swift in Sources */ = {isa = PBXBuildFile; fileRef = B4A1B0000000000000000002 /* TMTagListsTests.swift */; };
		B4A1B000000000000000000D /* TMListSyncEmulatorTests.swift in Sources */ = {isa = PBXBuildFile; fileRef = B4A1B000000000000000000C /* TMListSyncEmulatorTests.swift */; };
		B4A1B000000000000000000F /* TagListBehaviorTests.swift in Sources */ = {isa = PBXBuildFile; fileRef = B4A1B000000000000000000E /* TagListBehaviorTests.swift */; };
		F289A31BED729E925232A256 /* ScreenCatalog.swift in Sources */ = {isa = PBXBuildFile; fileRef = FC7D60E9982541B0A82AC843 /* ScreenCatalog.swift */; };
		01A1D1D51F5468AB3010E52C /* SwiftUITestDriver.swift in Sources */ = {isa = PBXBuildFile; fileRef = 7C42CD1CE6BA8E54914DEA7E /* SwiftUITestDriver.swift */; };
		69E48122D0696556161BC803 /* TagListsScreenCatalogTests.swift in Sources */ = {isa = PBXBuildFile; fileRef = 82E540A4B83FC994BE71E907 /* TagListsScreenCatalogTests.swift */; };
		EDDD53E6339D688A6F4AA4CB /* TMListTestSupport.swift in Sources */ = {isa = PBXBuildFile; fileRef = 6AB6D145785607DE279B141C /* TMListTestSupport.swift */; };
		989CDEB5A598DB3E24E0B4CB /* QueryBehaviorTests.swift in Sources */ = {isa = PBXBuildFile; fileRef = 42E606561E7B83893E787549 /* QueryBehaviorTests.swift */; };
		E641EBD58C4F14EA04088C84 /* SettingsBehaviorTests.swift in Sources */ = {isa = PBXBuildFile; fileRef = D39DFEF726D6A0AD6BD25590 /* SettingsBehaviorTests.swift */; };
		C24C4EE38EE73B8C6EC5BEEE /* TagDetailScreenCatalogTests.swift in Sources */ = {isa = PBXBuildFile; fileRef = 18E9BA29B9AACC5D27522E00 /* TagDetailScreenCatalogTests.swift */; };
		267164521D38CDC1968AAC40 /* TagDetailModelTests.swift in Sources */ = {isa = PBXBuildFile; fileRef = C3EB4589130B21CE82596F66 /* TagDetailModelTests.swift */; };
		61BB84ACAAE403FF40C387C0 /* TagDetailBehaviorTests.swift in Sources */ = {isa = PBXBuildFile; fileRef = B5ACCAC905EF5ED8D39B302D /* TagDetailBehaviorTests.swift */; };
		748DCF0CF473E34A3C8659DE /* TagTracksPlaybackTests.swift in Sources */ = {isa = PBXBuildFile; fileRef = B68C2BB88A7D2B53A58D50DA /* TagTracksPlaybackTests.swift */; };
		770C1215EB5E9700C7032102 /* TMReviewFeedbackTests.m in Sources */ = {isa = PBXBuildFile; fileRef = C36C96E7D1FF307734116155 /* TMReviewFeedbackTests.m */; };
		87A98CE19182449419D1CFA9 /* TagmasterAppLogicTests.m in Sources */ = {isa = PBXBuildFile; fileRef = 1A55ECC451157267C8FD5DA6 /* TagmasterAppLogicTests.m */; };
		D452D485E8A8FCAF1446E344 /* TagDetailLayoutTests.swift in Sources */ = {isa = PBXBuildFile; fileRef = 1C37C8637F4CEC03ED771843 /* TagDetailLayoutTests.swift */; };
		88B1B18AB26853AFE59192B7 /* TMShellTestSupport.swift in Sources */ = {isa = PBXBuildFile; fileRef = C830AC314319D8B9E2FA6AB5 /* TMShellTestSupport.swift */; };
		BBCA090527B9C26B067B05EC /* TMRouterTests.swift in Sources */ = {isa = PBXBuildFile; fileRef = 37A4BC3BD26DC513A62F59B6 /* TMRouterTests.swift */; };
		CB34D931D876177CDE0CB921 /* TMArtworkTests.swift in Sources */ = {isa = PBXBuildFile; fileRef = 083712943734B5BCD1340641 /* TMArtworkTests.swift */; };
		B4A1A0000000000000000030 /* TMBehaviorTestSupport.swift in Sources */ = {isa = PBXBuildFile; fileRef = B4A1A0000000000000000020 /* TMBehaviorTestSupport.swift */; };
		B4A1A0000000000000000031 /* FavoritesBehaviorTests.swift in Sources */ = {isa = PBXBuildFile; fileRef = B4A1A0000000000000000021 /* FavoritesBehaviorTests.swift */; };
		B4A1A0000000000000000032 /* SearchBehaviorTests.swift in Sources */ = {isa = PBXBuildFile; fileRef = B4A1A0000000000000000022 /* SearchBehaviorTests.swift */; };
		B4A1A0000000000000000034 /* AppPolishTests.swift in Sources */ = {isa = PBXBuildFile; fileRef = B4A1A0000000000000000024 /* AppPolishTests.swift */; };
		1E989A2722F3EB4800EA9F2E /* AVKit.framework in Frameworks */ = {isa = PBXBuildFile; fileRef = 1E989A2622F3EB4800EA9F2E /* AVKit.framework */; };
		1ECAAF8025F05AB300A2A3F1 /* Localizable.strings in Resources */ = {isa = PBXBuildFile; fileRef = 1ECAAF8225F05AB300A2A3F1 /* Localizable.strings */; };
		2FA270FBF561239F254EB34E /* FirebaseAuthSwiftUI in Frameworks */ = {isa = PBXBuildFile; productRef = 42BE55FE34E9E89B06BE206F /* FirebaseAuthSwiftUI */; };
		2FA270FBF561239F254EB34F /* FirebaseGoogleSwiftUI in Frameworks */ = {isa = PBXBuildFile; productRef = 42BE55FE34E9E89B06BE2070 /* FirebaseGoogleSwiftUI */; };
		2FA270FBF561239F254EB350 /* FirebaseFacebookSwiftUI in Frameworks */ = {isa = PBXBuildFile; productRef = 42BE55FE34E9E89B06BE2071 /* FirebaseFacebookSwiftUI */; };
		2FA270FBF561239F254EB351 /* FirebaseAppleSwiftUI in Frameworks */ = {isa = PBXBuildFile; productRef = 42BE55FE34E9E89B06BE2072 /* FirebaseAppleSwiftUI */; };
		C0AUTH001000000000000021 /* FirebasePhoneAuthSwiftUI in Frameworks */ = {isa = PBXBuildFile; productRef = C0AUTH001000000000000022 /* FirebasePhoneAuthSwiftUI */; };
		4509CDA99C01CCE4D0486639 /* TagDetailUITests.swift in Sources */ = {isa = PBXBuildFile; fileRef = 77ECC52AB0226D70124AAFA9 /* TagDetailUITests.swift */; };
		45BAAFDE745C7B2FAE4B2268 /* FirebaseFirestore in Frameworks */ = {isa = PBXBuildFile; productRef = 231E00AF493A86AC7F8045FD /* FirebaseFirestore */; };
		595A52E39FA349BD8A4A2D26 /* DPVideoModelTests.m in Sources */ = {isa = PBXBuildFile; fileRef = 2D04C94D42934A78A791DD26 /* DPVideoModelTests.m */; };
		63225BFA1A35523100857B44 /* LaunchScreen.xib in Resources */ = {isa = PBXBuildFile; fileRef = 63225BF91A35523100857B44 /* LaunchScreen.xib */; };
		63336A5A17F6BC2300BC1EE2 /* QuickLook.framework in Frameworks */ = {isa = PBXBuildFile; fileRef = 63336A5917F6BC2300BC1EE2 /* QuickLook.framework */; };
		63336A5E17F6C4FF00BC1EE2 /* screenbackground@2x.png in Resources */ = {isa = PBXBuildFile; fileRef = 63336A5D17F6C4FF00BC1EE2 /* screenbackground@2x.png */; };
		6364557115156B3A002AD091 /* DPTagXMLParser.m in Sources */ = {isa = PBXBuildFile; fileRef = 6364557015156B3A002AD091 /* DPTagXMLParser.m */; };
		636455741515731A002AD091 /* DPTagQueryResult.m in Sources */ = {isa = PBXBuildFile; fileRef = 636455731515731A002AD091 /* DPTagQueryResult.m */; };
		63712EF015130B21007997CC /* UIKit.framework in Frameworks */ = {isa = PBXBuildFile; fileRef = 63712EEF15130B21007997CC /* UIKit.framework */; };
		63712EF215130B21007997CC /* Foundation.framework in Frameworks */ = {isa = PBXBuildFile; fileRef = 63712EF115130B21007997CC /* Foundation.framework */; };
		63712EF415130B21007997CC /* CoreGraphics.framework in Frameworks */ = {isa = PBXBuildFile; fileRef = 63712EF315130B21007997CC /* CoreGraphics.framework */; };
		63712EFC15130B21007997CC /* InfoPlist.strings in Resources */ = {isa = PBXBuildFile; fileRef = 63712EFA15130B21007997CC /* InfoPlist.strings */; };
		63712F0215130B21007997CC /* DPAppDelegate.m in Sources */ = {isa = PBXBuildFile; fileRef = 63712F0115130B21007997CC /* DPAppDelegate.m */; };
		63712F0E15130B21007997CC /* UIKit.framework in Frameworks */ = {isa = PBXBuildFile; fileRef = 63712EEF15130B21007997CC /* UIKit.framework */; };
		63712F0F15130B21007997CC /* Foundation.framework in Frameworks */ = {isa = PBXBuildFile; fileRef = 63712EF115130B21007997CC /* Foundation.framework */; };
		63712F1815130B21007997CC /* InfoPlist.strings in Resources */ = {isa = PBXBuildFile; fileRef = 63712F1615130B21007997CC /* InfoPlist.strings */; };
		63712F1B15130B21007997CC /* tagmasterTests.m in Sources */ = {isa = PBXBuildFile; fileRef = 63712F1A15130B21007997CC /* tagmasterTests.m */; };
		638E739117F7C097000FFE53 /* MediaPlayer.framework in Frameworks */ = {isa = PBXBuildFile; fileRef = 638E739017F7C097000FFE53 /* MediaPlayer.framework */; };
		638E739317F7CAB3000FFE53 /* MessageUI.framework in Frameworks */ = {isa = PBXBuildFile; fileRef = 638E739217F7CAB3000FFE53 /* MessageUI.framework */; };
		638E739717F7DE1B000FFE53 /* Icon.png in Resources */ = {isa = PBXBuildFile; fileRef = 638E739617F7D3F7000FFE53 /* Icon.png */; };
		639F293918001DD000517583 /* libpitchperfectlib.a in Frameworks */ = {isa = PBXBuildFile; fileRef = 639F293818001DD000517583 /* libpitchperfectlib.a */; };
		639F294618010A0500517583 /* CFNetwork.framework in Frameworks */ = {isa = PBXBuildFile; fileRef = 639F294518010A0400517583 /* CFNetwork.framework */; };
		639F294818010A0D00517583 /* CoreLocation.framework in Frameworks */ = {isa = PBXBuildFile; fileRef = 639F294718010A0D00517583 /* CoreLocation.framework */; };
		639F294A18010A1500517583 /* libz.1.1.3.dylib in Frameworks */ = {isa = PBXBuildFile; fileRef = 639F294918010A1500517583 /* libz.1.1.3.dylib */; };
		639F294E18010A2100517583 /* QuartzCore.framework in Frameworks */ = {isa = PBXBuildFile; fileRef = 639F294D18010A2100517583 /* QuartzCore.framework */; };
		639F295018010A2800517583 /* Security.framework in Frameworks */ = {isa = PBXBuildFile; fileRef = 639F294F18010A2800517583 /* Security.framework */; };
		639F295218010A2F00517583 /* StoreKit.framework in Frameworks */ = {isa = PBXBuildFile; fileRef = 639F295118010A2F00517583 /* StoreKit.framework */; };
		639F295418010A3A00517583 /* SystemConfiguration.framework in Frameworks */ = {isa = PBXBuildFile; fileRef = 639F295318010A3A00517583 /* SystemConfiguration.framework */; };
		639F2959180125EC00517583 /* wickhop-handwriting.ttf in Resources */ = {isa = PBXBuildFile; fileRef = 639F2958180125EC00517583 /* wickhop-handwriting.ttf */; };
		63A54E1B19F457ED00F0364E /* Images.xcassets in Resources */ = {isa = PBXBuildFile; fileRef = 63A54E1A19F457ED00F0364E /* Images.xcassets */; };
		63D9471F1513198D000C8784 /* DPTag.m in Sources */ = {isa = PBXBuildFile; fileRef = 63D9471E1513198D000C8784 /* DPTag.m */; };
		63D9472215145BBC000C8784 /* DPRemoteLocation.m in Sources */ = {isa = PBXBuildFile; fileRef = 63D9472115145BBC000C8784 /* DPRemoteLocation.m */; };
		63D9472515145DE0000C8784 /* DPVideo.m in Sources */ = {isa = PBXBuildFile; fileRef = 63D9472415145DE0000C8784 /* DPVideo.m */; };
		63D9472815145EDD000C8784 /* DPTrack.m in Sources */ = {isa = PBXBuildFile; fileRef = 63D9472715145EDD000C8784 /* DPTrack.m */; };
		63E8667B15DCCBC600E0FC17 /* CoreAudio.framework in Frameworks */ = {isa = PBXBuildFile; fileRef = 63E8667A15DCCBC600E0FC17 /* CoreAudio.framework */; };
		63E8668215DCCCB300E0FC17 /* AudioToolbox.framework in Frameworks */ = {isa = PBXBuildFile; fileRef = 63E8667E15DCCBF500E0FC17 /* AudioToolbox.framework */; };
		6AEE390B17744F198CD9FB59 /* DPTagModelExtendedTests.m in Sources */ = {isa = PBXBuildFile; fileRef = 85FC00CD3DF44A7CBF014280 /* DPTagModelExtendedTests.m */; };
		8EA8FFA093720EB5D0A6DC19 /* tagmasterUITests.swift in Sources */ = {isa = PBXBuildFile; fileRef = 5DC0C8159FE876947BDD64C1 /* tagmasterUITests.swift */; };
		8F2CF87F6E700F499150A9F1 /* FirebaseAuth in Frameworks */ = {isa = PBXBuildFile; productRef = 3FFC1E12570BCD480C047A43 /* FirebaseAuth */; };
		9D79AFECD87180F39C32C4C9 /* DPAppLog.swift in Sources */ = {isa = PBXBuildFile; fileRef = 5FC6EEE9DD5603384AEEA366 /* DPAppLog.swift */; };
		C0BEE40E436AC235FE930B8B /* Foundation.framework in Frameworks */ = {isa = PBXBuildFile; fileRef = F63FCEA8F84786898B2EADF7 /* Foundation.framework */; };
		C0DEFACE00000000000010B2 /* DPTagXMLParserTests.m in Sources */ = {isa = PBXBuildFile; fileRef = C0DEFACE00000000000010A2 /* DPTagXMLParserTests.m */; };
		C0DEFACE00000000000010B3 /* DPRemoteLocationTests.m in Sources */ = {isa = PBXBuildFile; fileRef = C0DEFACE00000000000010A3 /* DPRemoteLocationTests.m */; };
		C0DEFACE00000000000010B4 /* TagmasterModelsTests.m in Sources */ = {isa = PBXBuildFile; fileRef = C0DEFACE00000000000010A4 /* TagmasterModelsTests.m */; };
		C626097FE51C44A7BD3E6ADF /* DPTagNetworkTests.m in Sources */ = {isa = PBXBuildFile; fileRef = 877D645B24654A1D98693468 /* DPTagNetworkTests.m */; };
		C82AB1B080A949869C19F68A /* DPTrackModelTests.m in Sources */ = {isa = PBXBuildFile; fileRef = 991D84FBF6F149678772B262 /* DPTrackModelTests.m */; };
		A7C010000000000000000001 /* TMLogoArtwork.m in Sources */ = {isa = PBXBuildFile; fileRef = A7C010000000000000000011 /* TMLogoArtwork.m */; };
		A7C030000000000000000001 /* TMQuartetArtwork.m in Sources */ = {isa = PBXBuildFile; fileRef = A7C030000000000000000011 /* TMQuartetArtwork.m */; };
		A227F7054A25174F76DE5AA7 /* FirebaseCrashlytics in Frameworks */ = {isa = PBXBuildFile; productRef = 49E65067B024F5CE1F5B6B77 /* FirebaseCrashlytics */; };
		FBA1E182FA41DDDD2DBA5807 /* FirebaseAnalyticsCore in Frameworks */ = {isa = PBXBuildFile; productRef = 8AB12ED67D69BE8D3BE58A93 /* FirebaseAnalyticsCore */; };
		63E59FDC17ABAD20BA056B59 /* TelemetryConsent.swift in Sources */ = {isa = PBXBuildFile; fileRef = 65D06CA2A30E2817B10D6A31 /* TelemetryConsent.swift */; };
		65091594637A70B5D6F4EA5C /* ConsentUITests.swift in Sources */ = {isa = PBXBuildFile; fileRef = 8D43DEC18C63FA36BF5D446B /* ConsentUITests.swift */; };
		F305FB2DD07B3E2FB1A74A69 /* PrivacyChoicesTests.swift in Sources */ = {isa = PBXBuildFile; fileRef = 5E07E69E458972825B43D2BF /* PrivacyChoicesTests.swift */; };
/* End PBXBuildFile section */

/* Begin PBXContainerItemProxy section */
		1E5B19A21FE7533B00241069 /* PBXContainerItemProxy */ = {
			isa = PBXContainerItemProxy;
			containerPortal = 1E5B19A01FE7533B00241069 /* depolllib.xcodeproj */;
			proxyType = 2;
			remoteGlobalIDString = 63DC3733151E9263007C46DB;
			remoteInfo = depolllib;
		};
		1E5B19A31FE7533B00241069 /* PBXContainerItemProxy */ = {
			isa = PBXContainerItemProxy;
			containerPortal = 1E5B19A01FE7533B00241069 /* depolllib.xcodeproj */;
			proxyType = 2;
			remoteGlobalIDString = 63DC3743151E9263007C46DB;
			remoteInfo = depolllibTests;
		};
		1E5B19A71FE7533B00241069 /* PBXContainerItemProxy */ = {
			isa = PBXContainerItemProxy;
			containerPortal = 1E5B19A01FE7533B00241069 /* depolllib.xcodeproj */;
			proxyType = 1;
			remoteGlobalIDString = 63DC3732151E9263007C46DB;
			remoteInfo = depolllib;
		};
		63712F1115130B21007997CC /* PBXContainerItemProxy */ = {
			isa = PBXContainerItemProxy;
			containerPortal = 63712EE215130B21007997CC /* Project object */;
			proxyType = 1;
			remoteGlobalIDString = 63712EEA15130B21007997CC;
			remoteInfo = tagmaster;
		};
		DA37CCFAFF48F86BCCD54EB0 /* PBXContainerItemProxy */ = {
			isa = PBXContainerItemProxy;
			containerPortal = 63712EE215130B21007997CC /* Project object */;
			proxyType = 1;
			remoteGlobalIDString = 63712EEA15130B21007997CC;
			remoteInfo = tagmaster;
		};
/* End PBXContainerItemProxy section */

/* Begin PBXFileReference section */
		1E1E19791DD877B300DA766F /* tagmaster.entitlements */ = {isa = PBXFileReference; lastKnownFileType = text.plist.entitlements; path = tagmaster.entitlements; sourceTree = "<group>"; };
		1E1E197A1DD878A400DA766F /* GoogleService-Info.plist */ = {isa = PBXFileReference; fileEncoding = 4; lastKnownFileType = text.plist.xml; path = "GoogleService-Info.plist"; sourceTree = "<group>"; };
		1E4373A82363633E00C8447F /* CoreServices.framework */ = {isa = PBXFileReference; lastKnownFileType = wrapper.framework; name = CoreServices.framework; path = Platforms/MacOSX.platform/Developer/SDKs/MacOSX10.15.sdk/System/Library/Frameworks/CoreServices.framework; sourceTree = DEVELOPER_DIR; };
		1E4373AC236388A600C8447F /* SafariServices.framework */ = {isa = PBXFileReference; lastKnownFileType = wrapper.framework; name = SafariServices.framework; path = Platforms/MacOSX.platform/Developer/SDKs/MacOSX10.15.sdk/System/Library/Frameworks/SafariServices.framework; sourceTree = DEVELOPER_DIR; };
		1E5B19A01FE7533B00241069 /* depolllib.xcodeproj */ = {isa = PBXFileReference; lastKnownFileType = "wrapper.pb-project"; name = depolllib.xcodeproj; path = ../depolllib/depolllib.xcodeproj; sourceTree = "<group>"; };
		1E8483E51DD86F5C00AF4EAB /* CoreData.framework */ = {isa = PBXFileReference; lastKnownFileType = wrapper.framework; name = CoreData.framework; path = System/Library/Frameworks/CoreData.framework; sourceTree = SDKROOT; };
		1E8D89F225F447E500D9A4EA /* AppTrackingTransparency.framework */ = {isa = PBXFileReference; lastKnownFileType = wrapper.framework; name = AppTrackingTransparency.framework; path = System/Library/Frameworks/AppTrackingTransparency.framework; sourceTree = SDKROOT; };
		1E927AD422AB2BF20018E370 /* tagmaster-Bridging-Header.h */ = {isa = PBXFileReference; lastKnownFileType = sourcecode.c.h; path = "tagmaster-Bridging-Header.h"; sourceTree = "<group>"; };
		1E927AD522AB2BF20018E370 /* DPAppDelegate.swift */ = {isa = PBXFileReference; lastKnownFileType = sourcecode.swift; path = DPAppDelegate.swift; sourceTree = "<group>"; };
		B4A1A0000000000000000011 /* TMBalanceAudioPlayer.swift */ = {isa = PBXFileReference; lastKnownFileType = sourcecode.swift; path = TMBalanceAudioPlayer.swift; sourceTree = "<group>"; };
		97A045485B4EE520358D9AE7 /* TMTint.swift */ = {isa = PBXFileReference; lastKnownFileType = sourcecode.swift; path = TMTint.swift; sourceTree = "<group>"; };
		C05C67F11892B2DF98C5C116 /* TMActionSheet.swift */ = {isa = PBXFileReference; lastKnownFileType = sourcecode.swift; path = TMActionSheet.swift; sourceTree = "<group>"; };
		92D726D1D38D4584B30175D1 /* TMRecovery.swift */ = {isa = PBXFileReference; lastKnownFileType = sourcecode.swift; path = TMRecovery.swift; sourceTree = "<group>"; };
		4F12B3A878D3B670DAE9AB06 /* TMRouter.swift */ = {isa = PBXFileReference; lastKnownFileType = sourcecode.swift; path = TMRouter.swift; sourceTree = "<group>"; };
		EA012B6F987B119001808DBE /* TMShell.swift */ = {isa = PBXFileReference; lastKnownFileType = sourcecode.swift; path = TMShell.swift; sourceTree = "<group>"; };
		B4A1B0000000000000000000 /* TMTagLists.swift */ = {isa = PBXFileReference; lastKnownFileType = sourcecode.swift; path = TMTagLists.swift; sourceTree = "<group>"; };
		B4A1B0000000000000000004 /* TMListNamePrompt.swift */ = {isa = PBXFileReference; lastKnownFileType = sourcecode.swift; path = TMListNamePrompt.swift; sourceTree = "<group>"; };
		EFE46C0AE763FAE6B2A7F79E /* TMObjC.h */ = {isa = PBXFileReference; lastKnownFileType = sourcecode.c.h; path = TMObjC.h; sourceTree = "<group>"; };
		0CDE689E9C210051F00D6DE0 /* TMObjC.m */ = {isa = PBXFileReference; lastKnownFileType = sourcecode.c.objc; path = TMObjC.m; sourceTree = "<group>"; };
		2634BAF9C759517B2CD1A8B9 /* TMListUI.swift */ = {isa = PBXFileReference; lastKnownFileType = sourcecode.swift; path = TMListUI.swift; sourceTree = "<group>"; };
		70A849AD37DD360C344031B3 /* TMListHosting.swift */ = {isa = PBXFileReference; lastKnownFileType = sourcecode.swift; path = TMListHosting.swift; sourceTree = "<group>"; };
		2E059A20ACE33DEE7B71A906 /* TMNamePrompt.swift */ = {isa = PBXFileReference; lastKnownFileType = sourcecode.swift; path = TMNamePrompt.swift; sourceTree = "<group>"; };
		DD9C83F919927CDD6BD20160 /* TMTagListScreen.swift */ = {isa = PBXFileReference; lastKnownFileType = sourcecode.swift; path = TMTagListScreen.swift; sourceTree = "<group>"; };
		7EC5B79C2D909C654ECEBB62 /* TMCatalog.swift */ = {isa = PBXFileReference; lastKnownFileType = sourcecode.swift; path = TMCatalog.swift; sourceTree = "<group>"; };
		7AE38704B7798962B3767C16 /* TMHomeScreen.swift */ = {isa = PBXFileReference; lastKnownFileType = sourcecode.swift; path = TMHomeScreen.swift; sourceTree = "<group>"; };
		52272D53D21BECAD0A7A6DCD /* TMHomeTitle.swift */ = {isa = PBXFileReference; lastKnownFileType = sourcecode.swift; path = TMHomeTitle.swift; sourceTree = "<group>"; };
		D3B8AB34E4CC5894009651B7 /* TMQueryScreen.swift */ = {isa = PBXFileReference; lastKnownFileType = sourcecode.swift; path = TMQueryScreen.swift; sourceTree = "<group>"; };
		9147DF40990F58C06648E040 /* TMBrowseScreen.swift */ = {isa = PBXFileReference; lastKnownFileType = sourcecode.swift; path = TMBrowseScreen.swift; sourceTree = "<group>"; };
		3866560BDC5F4E0388CFA370 /* TMFilterControl.swift */ = {isa = PBXFileReference; lastKnownFileType = sourcecode.swift; path = TMFilterControl.swift; sourceTree = "<group>"; };
		54A6815F1DD626618C642774 /* TMSearchScreen.swift */ = {isa = PBXFileReference; lastKnownFileType = sourcecode.swift; path = TMSearchScreen.swift; sourceTree = "<group>"; };
		8DF5EBF9B106B70E4E04062D /* TMSettingsScreen.swift */ = {isa = PBXFileReference; lastKnownFileType = sourcecode.swift; path = TMSettingsScreen.swift; sourceTree = "<group>"; };
		C05A3E63E8D107CDCCC0B2C5 /* TMSignIn.swift */ = {isa = PBXFileReference; lastKnownFileType = sourcecode.swift; path = TMSignIn.swift; sourceTree = "<group>"; };
		EB35CE032697AEC7BE082E98 /* TMArtworkViews.swift */ = {isa = PBXFileReference; lastKnownFileType = sourcecode.swift; path = TMArtworkViews.swift; sourceTree = "<group>"; };
		60F248CF839D292B5A554AAF /* TagDetailModel.swift */ = {isa = PBXFileReference; lastKnownFileType = sourcecode.swift; path = TagDetailModel.swift; sourceTree = "<group>"; };
		6A69F467F262F2D18D87FAF7 /* TagSummaryModel.swift */ = {isa = PBXFileReference; lastKnownFileType = sourcecode.swift; path = TagSummaryModel.swift; sourceTree = "<group>"; };
		5B1D1727D3EEAE97BBDBF08F /* TagTracksModel.swift */ = {isa = PBXFileReference; lastKnownFileType = sourcecode.swift; path = TagTracksModel.swift; sourceTree = "<group>"; };
		876C6BD50FC5AE1674C8965F /* TagDetailView.swift */ = {isa = PBXFileReference; lastKnownFileType = sourcecode.swift; path = TagDetailView.swift; sourceTree = "<group>"; };
		93F5CF6B3C96209FC8DAE5C1 /* TMFactsLayout.swift */ = {isa = PBXFileReference; lastKnownFileType = sourcecode.swift; path = TMFactsLayout.swift; sourceTree = "<group>"; };
		41A38683354555FA1038024C /* TagSummaryPage.swift */ = {isa = PBXFileReference; lastKnownFileType = sourcecode.swift; path = TagSummaryPage.swift; sourceTree = "<group>"; };
		94C4879D4F173897058073D5 /* TMListChips.swift */ = {isa = PBXFileReference; lastKnownFileType = sourcecode.swift; path = TMListChips.swift; sourceTree = "<group>"; };
		961BA0DD522D91F7CF4E1208 /* TMListPicker.swift */ = {isa = PBXFileReference; lastKnownFileType = sourcecode.swift; path = TMListPicker.swift; sourceTree = "<group>"; };
		519C5BD35A5AF98095D3B79E /* TagDetailsPage.swift */ = {isa = PBXFileReference; lastKnownFileType = sourcecode.swift; path = TagDetailsPage.swift; sourceTree = "<group>"; };
		1A705C2A96CA8FBA3522C02C /* TagTracksPage.swift */ = {isa = PBXFileReference; lastKnownFileType = sourcecode.swift; path = TagTracksPage.swift; sourceTree = "<group>"; };
		5AFC21A9E301EA89B418DDC1 /* TagVideosPage.swift */ = {isa = PBXFileReference; lastKnownFileType = sourcecode.swift; path = TagVideosPage.swift; sourceTree = "<group>"; };
		693B7D80D84F1001F06A7490 /* TMSheetMusicScreen.swift */ = {isa = PBXFileReference; lastKnownFileType = sourcecode.swift; path = TMSheetMusicScreen.swift; sourceTree = "<group>"; };
		5040B71BF16198BC4235FE6F /* TMTagPlaceholder.swift */ = {isa = PBXFileReference; lastKnownFileType = sourcecode.swift; path = TMTagPlaceholder.swift; sourceTree = "<group>"; };
		B4A1A0000000000000000013 /* TMBalanceAudioPlayerTests.swift */ = {isa = PBXFileReference; lastKnownFileType = sourcecode.swift; path = TMBalanceAudioPlayerTests.swift; sourceTree = "<group>"; };
		B4A1B0000000000000000002 /* TMTagListsTests.swift */ = {isa = PBXFileReference; lastKnownFileType = sourcecode.swift; path = TMTagListsTests.swift; sourceTree = "<group>"; };
		B4A1B000000000000000000C /* TMListSyncEmulatorTests.swift */ = {isa = PBXFileReference; lastKnownFileType = sourcecode.swift; path = TMListSyncEmulatorTests.swift; sourceTree = "<group>"; };
		B4A1B000000000000000000E /* TagListBehaviorTests.swift */ = {isa = PBXFileReference; lastKnownFileType = sourcecode.swift; path = TagListBehaviorTests.swift; sourceTree = "<group>"; };
		82E540A4B83FC994BE71E907 /* TagListsScreenCatalogTests.swift */ = {isa = PBXFileReference; lastKnownFileType = sourcecode.swift; path = TagListsScreenCatalogTests.swift; sourceTree = "<group>"; };
		6AB6D145785607DE279B141C /* TMListTestSupport.swift */ = {isa = PBXFileReference; lastKnownFileType = sourcecode.swift; path = TMListTestSupport.swift; sourceTree = "<group>"; };
		42E606561E7B83893E787549 /* QueryBehaviorTests.swift */ = {isa = PBXFileReference; lastKnownFileType = sourcecode.swift; path = QueryBehaviorTests.swift; sourceTree = "<group>"; };
		D39DFEF726D6A0AD6BD25590 /* SettingsBehaviorTests.swift */ = {isa = PBXFileReference; lastKnownFileType = sourcecode.swift; path = SettingsBehaviorTests.swift; sourceTree = "<group>"; };
		18E9BA29B9AACC5D27522E00 /* TagDetailScreenCatalogTests.swift */ = {isa = PBXFileReference; lastKnownFileType = sourcecode.swift; path = TagDetailScreenCatalogTests.swift; sourceTree = "<group>"; };
		C3EB4589130B21CE82596F66 /* TagDetailModelTests.swift */ = {isa = PBXFileReference; lastKnownFileType = sourcecode.swift; path = TagDetailModelTests.swift; sourceTree = "<group>"; };
		B5ACCAC905EF5ED8D39B302D /* TagDetailBehaviorTests.swift */ = {isa = PBXFileReference; lastKnownFileType = sourcecode.swift; path = TagDetailBehaviorTests.swift; sourceTree = "<group>"; };
		B68C2BB88A7D2B53A58D50DA /* TagTracksPlaybackTests.swift */ = {isa = PBXFileReference; lastKnownFileType = sourcecode.swift; path = TagTracksPlaybackTests.swift; sourceTree = "<group>"; };
		C36C96E7D1FF307734116155 /* TMReviewFeedbackTests.m */ = {isa = PBXFileReference; lastKnownFileType = sourcecode.c.objc; path = TMReviewFeedbackTests.m; sourceTree = "<group>"; };
		1A55ECC451157267C8FD5DA6 /* TagmasterAppLogicTests.m */ = {isa = PBXFileReference; lastKnownFileType = sourcecode.c.objc; path = TagmasterAppLogicTests.m; sourceTree = "<group>"; };
		1C37C8637F4CEC03ED771843 /* TagDetailLayoutTests.swift */ = {isa = PBXFileReference; lastKnownFileType = sourcecode.swift; path = TagDetailLayoutTests.swift; sourceTree = "<group>"; };
		C830AC314319D8B9E2FA6AB5 /* TMShellTestSupport.swift */ = {isa = PBXFileReference; lastKnownFileType = sourcecode.swift; path = TMShellTestSupport.swift; sourceTree = "<group>"; };
		37A4BC3BD26DC513A62F59B6 /* TMRouterTests.swift */ = {isa = PBXFileReference; lastKnownFileType = sourcecode.swift; path = TMRouterTests.swift; sourceTree = "<group>"; };
		083712943734B5BCD1340641 /* TMArtworkTests.swift */ = {isa = PBXFileReference; lastKnownFileType = sourcecode.swift; path = TMArtworkTests.swift; sourceTree = "<group>"; };
		B4A1A0000000000000000020 /* TMBehaviorTestSupport.swift */ = {isa = PBXFileReference; lastKnownFileType = sourcecode.swift; path = TMBehaviorTestSupport.swift; sourceTree = "<group>"; };
		B4A1A0000000000000000021 /* FavoritesBehaviorTests.swift */ = {isa = PBXFileReference; lastKnownFileType = sourcecode.swift; path = FavoritesBehaviorTests.swift; sourceTree = "<group>"; };
		B4A1A0000000000000000022 /* SearchBehaviorTests.swift */ = {isa = PBXFileReference; lastKnownFileType = sourcecode.swift; path = SearchBehaviorTests.swift; sourceTree = "<group>"; };
		B4A1A0000000000000000024 /* AppPolishTests.swift */ = {isa = PBXFileReference; lastKnownFileType = sourcecode.swift; path = AppPolishTests.swift; sourceTree = "<group>"; };
		1E989A2622F3EB4800EA9F2E /* AVKit.framework */ = {isa = PBXFileReference; lastKnownFileType = wrapper.framework; name = AVKit.framework; path = System/Library/Frameworks/AVKit.framework; sourceTree = SDKROOT; };
		1ECAAF8125F05AB300A2A3F1 /* en */ = {isa = PBXFileReference; lastKnownFileType = text.plist.strings; name = en; path = en.lproj/Localizable.strings; sourceTree = "<group>"; };
		2D04C94D42934A78A791DD26 /* DPVideoModelTests.m */ = {isa = PBXFileReference; lastKnownFileType = sourcecode.c.objc; path = DPVideoModelTests.m; sourceTree = "<group>"; };
		5DC0C8159FE876947BDD64C1 /* tagmasterUITests.swift */ = {isa = PBXFileReference; includeInIndex = 1; lastKnownFileType = sourcecode.swift; path = tagmasterUITests.swift; sourceTree = "<group>"; };
		5FC6EEE9DD5603384AEEA366 /* DPAppLog.swift */ = {isa = PBXFileReference; includeInIndex = 1; lastKnownFileType = sourcecode.swift; name = DPAppLog.swift; path = ../depolllib/DPAppLog.swift; sourceTree = "<group>"; };
		63225BF91A35523100857B44 /* LaunchScreen.xib */ = {isa = PBXFileReference; fileEncoding = 4; lastKnownFileType = file.xib; path = LaunchScreen.xib; sourceTree = "<group>"; };
		63336A5917F6BC2300BC1EE2 /* QuickLook.framework */ = {isa = PBXFileReference; lastKnownFileType = wrapper.framework; name = QuickLook.framework; path = System/Library/Frameworks/QuickLook.framework; sourceTree = SDKROOT; };
		63336A5D17F6C4FF00BC1EE2 /* screenbackground@2x.png */ = {isa = PBXFileReference; lastKnownFileType = image.png; path = "screenbackground@2x.png"; sourceTree = "<group>"; };
		6364556F15156B3A002AD091 /* DPTagXMLParser.h */ = {isa = PBXFileReference; fileEncoding = 4; lastKnownFileType = sourcecode.c.h; name = DPTagXMLParser.h; path = Barbershop/DPTagXMLParser.h; sourceTree = "<group>"; };
		6364557015156B3A002AD091 /* DPTagXMLParser.m */ = {isa = PBXFileReference; fileEncoding = 4; lastKnownFileType = sourcecode.c.objc; name = DPTagXMLParser.m; path = Barbershop/DPTagXMLParser.m; sourceTree = "<group>"; };
		636455721515731A002AD091 /* DPTagQueryResult.h */ = {isa = PBXFileReference; fileEncoding = 4; lastKnownFileType = sourcecode.c.h; name = DPTagQueryResult.h; path = Barbershop/DPTagQueryResult.h; sourceTree = "<group>"; };
		636455731515731A002AD091 /* DPTagQueryResult.m */ = {isa = PBXFileReference; fileEncoding = 4; lastKnownFileType = sourcecode.c.objc; name = DPTagQueryResult.m; path = Barbershop/DPTagQueryResult.m; sourceTree = "<group>"; };
		63645575151588E2002AD091 /* DPBarbershop.h */ = {isa = PBXFileReference; lastKnownFileType = sourcecode.c.h; path = DPBarbershop.h; sourceTree = "<group>"; };
		63712EEB15130B21007997CC /* tagmaster.app */ = {isa = PBXFileReference; explicitFileType = wrapper.application; includeInIndex = 0; path = tagmaster.app; sourceTree = BUILT_PRODUCTS_DIR; };
		63712EEF15130B21007997CC /* UIKit.framework */ = {isa = PBXFileReference; lastKnownFileType = wrapper.framework; name = UIKit.framework; path = System/Library/Frameworks/UIKit.framework; sourceTree = SDKROOT; };
		63712EF115130B21007997CC /* Foundation.framework */ = {isa = PBXFileReference; lastKnownFileType = wrapper.framework; name = Foundation.framework; path = System/Library/Frameworks/Foundation.framework; sourceTree = SDKROOT; };
		63712EF315130B21007997CC /* CoreGraphics.framework */ = {isa = PBXFileReference; lastKnownFileType = wrapper.framework; name = CoreGraphics.framework; path = System/Library/Frameworks/CoreGraphics.framework; sourceTree = SDKROOT; };
		63712EF915130B21007997CC /* tagmaster-Info.plist */ = {isa = PBXFileReference; lastKnownFileType = text.plist.xml; path = "tagmaster-Info.plist"; sourceTree = "<group>"; };
		63712EFB15130B21007997CC /* en */ = {isa = PBXFileReference; lastKnownFileType = text.plist.strings; name = en; path = en.lproj/InfoPlist.strings; sourceTree = "<group>"; };
		63712EFF15130B21007997CC /* tagmaster-Prefix.pch */ = {isa = PBXFileReference; lastKnownFileType = sourcecode.c.h; path = "tagmaster-Prefix.pch"; sourceTree = "<group>"; };
		63712F0015130B21007997CC /* DPAppDelegate.h */ = {isa = PBXFileReference; lastKnownFileType = sourcecode.c.h; path = DPAppDelegate.h; sourceTree = "<group>"; };
		63712F0115130B21007997CC /* DPAppDelegate.m */ = {isa = PBXFileReference; lastKnownFileType = sourcecode.c.objc; path = DPAppDelegate.m; sourceTree = "<group>"; };
		63712F0B15130B21007997CC /* tagmasterTests.xctest */ = {isa = PBXFileReference; explicitFileType = wrapper.cfbundle; includeInIndex = 0; path = tagmasterTests.xctest; sourceTree = BUILT_PRODUCTS_DIR; };
		63712F1515130B21007997CC /* tagmasterTests-Info.plist */ = {isa = PBXFileReference; lastKnownFileType = text.plist.xml; path = "tagmasterTests-Info.plist"; sourceTree = "<group>"; };
		63712F1715130B21007997CC /* en */ = {isa = PBXFileReference; lastKnownFileType = text.plist.strings; name = en; path = en.lproj/InfoPlist.strings; sourceTree = "<group>"; };
		63712F1915130B21007997CC /* tagmasterTests.h */ = {isa = PBXFileReference; lastKnownFileType = sourcecode.c.h; path = tagmasterTests.h; sourceTree = "<group>"; };
		63712F1A15130B21007997CC /* tagmasterTests.m */ = {isa = PBXFileReference; lastKnownFileType = sourcecode.c.objc; path = tagmasterTests.m; sourceTree = "<group>"; };
		638E739017F7C097000FFE53 /* MediaPlayer.framework */ = {isa = PBXFileReference; lastKnownFileType = wrapper.framework; name = MediaPlayer.framework; path = System/Library/Frameworks/MediaPlayer.framework; sourceTree = SDKROOT; };
		638E739217F7CAB3000FFE53 /* MessageUI.framework */ = {isa = PBXFileReference; lastKnownFileType = wrapper.framework; name = MessageUI.framework; path = System/Library/Frameworks/MessageUI.framework; sourceTree = SDKROOT; };
		638E739617F7D3F7000FFE53 /* Icon.png */ = {isa = PBXFileReference; lastKnownFileType = image.png; path = Icon.png; sourceTree = "<group>"; };
		639F293618001D8100517583 /* libpitchperfectlib.a */ = {isa = PBXFileReference; lastKnownFileType = archive.ar; name = libpitchperfectlib.a; path = "../pitchperfect/pitchperfectlib/build/Debug-iphoneos/libpitchperfectlib.a"; sourceTree = "<group>"; };
		639F293818001DD000517583 /* libpitchperfectlib.a */ = {isa = PBXFileReference; lastKnownFileType = archive.ar; name = libpitchperfectlib.a; path = "../pitchperfect/pitchperfectlib/build/Debug-iphoneos/libpitchperfectlib.a"; sourceTree = "<group>"; };
		639F294518010A0400517583 /* CFNetwork.framework */ = {isa = PBXFileReference; lastKnownFileType = wrapper.framework; name = CFNetwork.framework; path = System/Library/Frameworks/CFNetwork.framework; sourceTree = SDKROOT; };
		639F294718010A0D00517583 /* CoreLocation.framework */ = {isa = PBXFileReference; lastKnownFileType = wrapper.framework; name = CoreLocation.framework; path = System/Library/Frameworks/CoreLocation.framework; sourceTree = SDKROOT; };
		639F294918010A1500517583 /* libz.1.1.3.dylib */ = {isa = PBXFileReference; lastKnownFileType = "compiled.mach-o.dylib"; name = libz.1.1.3.dylib; path = usr/lib/libz.1.1.3.dylib; sourceTree = SDKROOT; };
		639F294B18010A1B00517583 /* MobileCoreServices.framework */ = {isa = PBXFileReference; lastKnownFileType = wrapper.framework; name = MobileCoreServices.framework; path = System/Library/Frameworks/MobileCoreServices.framework; sourceTree = SDKROOT; };
		639F294D18010A2100517583 /* QuartzCore.framework */ = {isa = PBXFileReference; lastKnownFileType = wrapper.framework; name = QuartzCore.framework; path = System/Library/Frameworks/QuartzCore.framework; sourceTree = SDKROOT; };
		639F294F18010A2800517583 /* Security.framework */ = {isa = PBXFileReference; lastKnownFileType = wrapper.framework; name = Security.framework; path = System/Library/Frameworks/Security.framework; sourceTree = SDKROOT; };
		639F295118010A2F00517583 /* StoreKit.framework */ = {isa = PBXFileReference; lastKnownFileType = wrapper.framework; name = StoreKit.framework; path = System/Library/Frameworks/StoreKit.framework; sourceTree = SDKROOT; };
		639F295318010A3A00517583 /* SystemConfiguration.framework */ = {isa = PBXFileReference; lastKnownFileType = wrapper.framework; name = SystemConfiguration.framework; path = System/Library/Frameworks/SystemConfiguration.framework; sourceTree = SDKROOT; };
		639F2958180125EC00517583 /* wickhop-handwriting.ttf */ = {isa = PBXFileReference; lastKnownFileType = file; path = "wickhop-handwriting.ttf"; sourceTree = "<group>"; };
		63A54E1A19F457ED00F0364E /* Images.xcassets */ = {isa = PBXFileReference; lastKnownFileType = folder.assetcatalog; path = Images.xcassets; sourceTree = "<group>"; };
		63D9471D1513198D000C8784 /* DPTag.h */ = {isa = PBXFileReference; fileEncoding = 4; lastKnownFileType = sourcecode.c.h; name = DPTag.h; path = Barbershop/DPTag.h; sourceTree = "<group>"; };
		63D9471E1513198D000C8784 /* DPTag.m */ = {isa = PBXFileReference; fileEncoding = 4; lastKnownFileType = sourcecode.c.objc; name = DPTag.m; path = Barbershop/DPTag.m; sourceTree = "<group>"; };
		63D9472015145BBC000C8784 /* DPRemoteLocation.h */ = {isa = PBXFileReference; fileEncoding = 4; lastKnownFileType = sourcecode.c.h; name = DPRemoteLocation.h; path = Barbershop/DPRemoteLocation.h; sourceTree = "<group>"; };
		63D9472115145BBC000C8784 /* DPRemoteLocation.m */ = {isa = PBXFileReference; fileEncoding = 4; lastKnownFileType = sourcecode.c.objc; name = DPRemoteLocation.m; path = Barbershop/DPRemoteLocation.m; sourceTree = "<group>"; };
		63D9472315145DE0000C8784 /* DPVideo.h */ = {isa = PBXFileReference; fileEncoding = 4; lastKnownFileType = sourcecode.c.h; name = DPVideo.h; path = Barbershop/DPVideo.h; sourceTree = "<group>"; };
		63D9472415145DE0000C8784 /* DPVideo.m */ = {isa = PBXFileReference; fileEncoding = 4; lastKnownFileType = sourcecode.c.objc; name = DPVideo.m; path = Barbershop/DPVideo.m; sourceTree = "<group>"; };
		63D9472615145EDD000C8784 /* DPTrack.h */ = {isa = PBXFileReference; fileEncoding = 4; lastKnownFileType = sourcecode.c.h; name = DPTrack.h; path = Barbershop/DPTrack.h; sourceTree = "<group>"; };
		63D9472715145EDD000C8784 /* DPTrack.m */ = {isa = PBXFileReference; fileEncoding = 4; lastKnownFileType = sourcecode.c.objc; name = DPTrack.m; path = Barbershop/DPTrack.m; sourceTree = "<group>"; };
		63D9472A15145FD3000C8784 /* DPConstants.h */ = {isa = PBXFileReference; lastKnownFileType = sourcecode.c.h; name = DPConstants.h; path = Barbershop/DPConstants.h; sourceTree = "<group>"; };
		63E8667815DCCB9B00E0FC17 /* AudioUnit.framework */ = {isa = PBXFileReference; lastKnownFileType = wrapper.framework; name = AudioUnit.framework; path = System/Library/Frameworks/AudioUnit.framework; sourceTree = SDKROOT; };
		63E8667A15DCCBC600E0FC17 /* CoreAudio.framework */ = {isa = PBXFileReference; lastKnownFileType = wrapper.framework; name = CoreAudio.framework; path = System/Library/Frameworks/CoreAudio.framework; sourceTree = SDKROOT; };
		63E8667C15DCCBE900E0FC17 /* AVFoundation.framework */ = {isa = PBXFileReference; lastKnownFileType = wrapper.framework; name = AVFoundation.framework; path = System/Library/Frameworks/AVFoundation.framework; sourceTree = SDKROOT; };
		63E8667E15DCCBF500E0FC17 /* AudioToolbox.framework */ = {isa = PBXFileReference; lastKnownFileType = wrapper.framework; name = AudioToolbox.framework; path = System/Library/Frameworks/AudioToolbox.framework; sourceTree = SDKROOT; };
		77ECC52AB0226D70124AAFA9 /* TagDetailUITests.swift */ = {isa = PBXFileReference; includeInIndex = 1; lastKnownFileType = sourcecode.swift; path = TagDetailUITests.swift; sourceTree = "<group>"; };
		85FC00CD3DF44A7CBF014280 /* DPTagModelExtendedTests.m */ = {isa = PBXFileReference; lastKnownFileType = sourcecode.c.objc; path = DPTagModelExtendedTests.m; sourceTree = "<group>"; };
		877D645B24654A1D98693468 /* DPTagNetworkTests.m */ = {isa = PBXFileReference; lastKnownFileType = sourcecode.c.objc; path = DPTagNetworkTests.m; sourceTree = "<group>"; };
		991D84FBF6F149678772B262 /* DPTrackModelTests.m */ = {isa = PBXFileReference; lastKnownFileType = sourcecode.c.objc; path = DPTrackModelTests.m; sourceTree = "<group>"; };
		C0DEFACE00000000000010A2 /* DPTagXMLParserTests.m */ = {isa = PBXFileReference; lastKnownFileType = sourcecode.c.objc; path = DPTagXMLParserTests.m; sourceTree = "<group>"; };
		C0DEFACE00000000000010A3 /* DPRemoteLocationTests.m */ = {isa = PBXFileReference; lastKnownFileType = sourcecode.c.objc; path = DPRemoteLocationTests.m; sourceTree = "<group>"; };
		C0DEFACE00000000000010A4 /* TagmasterModelsTests.m */ = {isa = PBXFileReference; lastKnownFileType = sourcecode.c.objc; path = TagmasterModelsTests.m; sourceTree = "<group>"; };
		F5BCD0DFDBC06C4180EBF6BC /* Info.plist */ = {isa = PBXFileReference; includeInIndex = 1; lastKnownFileType = text.plist.xml; path = Info.plist; sourceTree = "<group>"; };
		F63FCEA8F84786898B2EADF7 /* Foundation.framework */ = {isa = PBXFileReference; lastKnownFileType = wrapper.framework; name = Foundation.framework; path = Platforms/iPhoneOS.platform/Developer/SDKs/iPhoneOS18.0.sdk/System/Library/Frameworks/Foundation.framework; sourceTree = DEVELOPER_DIR; };
		F87508481E0BDCF004F43CEA /* tagmasterUITests.xctest */ = {isa = PBXFileReference; explicitFileType = wrapper.cfbundle; includeInIndex = 0; path = tagmasterUITests.xctest; sourceTree = BUILT_PRODUCTS_DIR; };
		A7C010000000000000000010 /* TMLogoArtwork.h */ = {isa = PBXFileReference; lastKnownFileType = sourcecode.c.h; path = TMLogoArtwork.h; sourceTree = "<group>"; };
		A7C010000000000000000011 /* TMLogoArtwork.m */ = {isa = PBXFileReference; lastKnownFileType = sourcecode.c.objc; path = TMLogoArtwork.m; sourceTree = "<group>"; };
		A7C030000000000000000010 /* TMQuartetArtwork.h */ = {isa = PBXFileReference; lastKnownFileType = sourcecode.c.h; path = TMQuartetArtwork.h; sourceTree = "<group>"; };
		A7C030000000000000000011 /* TMQuartetArtwork.m */ = {isa = PBXFileReference; lastKnownFileType = sourcecode.c.objc; path = TMQuartetArtwork.m; sourceTree = "<group>"; };
		5E07E69E458972825B43D2BF /* PrivacyChoicesTests.swift */ = {isa = PBXFileReference; includeInIndex = 1; lastKnownFileType = sourcecode.swift; name = PrivacyChoicesTests.swift; path = tagmasterTests/PrivacyChoicesTests.swift; sourceTree = "<group>"; };
		FC7D60E9982541B0A82AC843 /* ScreenCatalog.swift */ = {isa = PBXFileReference; lastKnownFileType = sourcecode.swift; name = ScreenCatalog.swift; path = ../shared/ScreenCatalog.swift; sourceTree = "<group>"; };
		7C42CD1CE6BA8E54914DEA7E /* SwiftUITestDriver.swift */ = {isa = PBXFileReference; lastKnownFileType = sourcecode.swift; name = SwiftUITestDriver.swift; path = ../shared/SwiftUITestDriver.swift; sourceTree = "<group>"; };
		65D06CA2A30E2817B10D6A31 /* TelemetryConsent.swift */ = {isa = PBXFileReference; includeInIndex = 1; lastKnownFileType = sourcecode.swift; name = TelemetryConsent.swift; path = ../shared/TelemetryConsent.swift; sourceTree = "<group>"; };
		8D43DEC18C63FA36BF5D446B /* ConsentUITests.swift */ = {isa = PBXFileReference; includeInIndex = 1; lastKnownFileType = sourcecode.swift; name = ConsentUITests.swift; path = ../shared/ConsentUITests.swift; sourceTree = "<group>"; };
/* End PBXFileReference section */

/* Begin PBXFrameworksBuildPhase section */
		63712EE815130B21007997CC /* Frameworks */ = {
			isa = PBXFrameworksBuildPhase;
			buildActionMask = 2147483647;
			files = (
				1E989A2722F3EB4800EA9F2E /* AVKit.framework in Frameworks */,
				1E8483E61DD86F5C00AF4EAB /* CoreData.framework in Frameworks */,
				639F295418010A3A00517583 /* SystemConfiguration.framework in Frameworks */,
				639F295218010A2F00517583 /* StoreKit.framework in Frameworks */,
				639F295018010A2800517583 /* Security.framework in Frameworks */,
				639F294E18010A2100517583 /* QuartzCore.framework in Frameworks */,
				639F294A18010A1500517583 /* libz.1.1.3.dylib in Frameworks */,
				639F294818010A0D00517583 /* CoreLocation.framework in Frameworks */,
				639F294618010A0500517583 /* CFNetwork.framework in Frameworks */,
				639F293918001DD000517583 /* libpitchperfectlib.a in Frameworks */,
				1E5B19A91FE7533B00241069 /* libdepolllib.a in Frameworks */,
				638E739317F7CAB3000FFE53 /* MessageUI.framework in Frameworks */,
				638E739117F7C097000FFE53 /* MediaPlayer.framework in Frameworks */,
				1E8D89F325F447E500D9A4EA /* AppTrackingTransparency.framework in Frameworks */,
				63336A5A17F6BC2300BC1EE2 /* QuickLook.framework in Frameworks */,
				63E8668215DCCCB300E0FC17 /* AudioToolbox.framework in Frameworks */,
				63712EF015130B21007997CC /* UIKit.framework in Frameworks */,
				63712EF215130B21007997CC /* Foundation.framework in Frameworks */,
				63E8667B15DCCBC600E0FC17 /* CoreAudio.framework in Frameworks */,
				63712EF415130B21007997CC /* CoreGraphics.framework in Frameworks */,
				1E4373A92363633E00C8447F /* CoreServices.framework in Frameworks */,
				8F2CF87F6E700F499150A9F1 /* FirebaseAuth in Frameworks */,
				45BAAFDE745C7B2FAE4B2268 /* FirebaseFirestore in Frameworks */,
				2FA270FBF561239F254EB34E /* FirebaseAuthSwiftUI in Frameworks */,
				2FA270FBF561239F254EB34F /* FirebaseGoogleSwiftUI in Frameworks */,
				2FA270FBF561239F254EB350 /* FirebaseFacebookSwiftUI in Frameworks */,
				2FA270FBF561239F254EB351 /* FirebaseAppleSwiftUI in Frameworks */,
				C0AUTH001000000000000021 /* FirebasePhoneAuthSwiftUI in Frameworks */,
				FBA1E182FA41DDDD2DBA5807 /* FirebaseAnalyticsCore in Frameworks */,
				A227F7054A25174F76DE5AA7 /* FirebaseCrashlytics in Frameworks */,
			);
			runOnlyForDeploymentPostprocessing = 0;
		};
		63712F0715130B21007997CC /* Frameworks */ = {
			isa = PBXFrameworksBuildPhase;
			buildActionMask = 2147483647;
			files = (
				63712F0E15130B21007997CC /* UIKit.framework in Frameworks */,
				63712F0F15130B21007997CC /* Foundation.framework in Frameworks */,
			);
			runOnlyForDeploymentPostprocessing = 0;
		};
		AA4909B26F2EB02D874FBE9A /* Frameworks */ = {
			isa = PBXFrameworksBuildPhase;
			buildActionMask = 2147483647;
			files = (
				C0BEE40E436AC235FE930B8B /* Foundation.framework in Frameworks */,
			);
			runOnlyForDeploymentPostprocessing = 0;
		};
/* End PBXFrameworksBuildPhase section */

/* Begin PBXGroup section */
		11447BBC18F18E9E2C6F9803 /* tagmasterUITests */ = {
			isa = PBXGroup;
			children = (
				77ECC52AB0226D70124AAFA9 /* TagDetailUITests.swift */,
				5DC0C8159FE876947BDD64C1 /* tagmasterUITests.swift */,
				F5BCD0DFDBC06C4180EBF6BC /* Info.plist */,
			);
			name = tagmasterUITests;
			path = tagmasterUITests;
			sourceTree = SOURCE_ROOT;
		};
		1E5B19A11FE7533B00241069 /* Products */ = {
			isa = PBXGroup;
			children = (
				1E5B19A51FE7533B00241069 /* depolllibTests.xctest */,
			);
			name = Products;
			sourceTree = "<group>";
		};
		2EC3070B48EA9ECF3AEF3461 /* iOS */ = {
			isa = PBXGroup;
			children = (
				F63FCEA8F84786898B2EADF7 /* Foundation.framework */,
			);
			name = iOS;
			sourceTree = "<group>";
		};
		63712EE015130B21007997CC = {
			isa = PBXGroup;
			children = (
				5E07E69E458972825B43D2BF /* PrivacyChoicesTests.swift */,
				8D43DEC18C63FA36BF5D446B /* ConsentUITests.swift */,
				65D06CA2A30E2817B10D6A31 /* TelemetryConsent.swift */,
				7C42CD1CE6BA8E54914DEA7E /* SwiftUITestDriver.swift */,
				FC7D60E9982541B0A82AC843 /* ScreenCatalog.swift */,
				1ECAAF8225F05AB300A2A3F1 /* Localizable.strings */,
				63225BF91A35523100857B44 /* LaunchScreen.xib */,
				639F2958180125EC00517583 /* wickhop-handwriting.ttf */,
				1E1E197A1DD878A400DA766F /* GoogleService-Info.plist */,
				638E739617F7D3F7000FFE53 /* Icon.png */,
				63336A5D17F6C4FF00BC1EE2 /* screenbackground@2x.png */,
				63E8667E15DCCBF500E0FC17 /* AudioToolbox.framework */,
				63E8667C15DCCBE900E0FC17 /* AVFoundation.framework */,
				63E8667A15DCCBC600E0FC17 /* CoreAudio.framework */,
				63E8667815DCCB9B00E0FC17 /* AudioUnit.framework */,
				63712EF715130B21007997CC /* tagmaster */,
				63712F1315130B21007997CC /* tagmasterTests */,
				63712EEE15130B21007997CC /* Frameworks */,
				63712EEC15130B21007997CC /* Products */,
				1E5B19A01FE7533B00241069 /* depolllib.xcodeproj */,
				1E5B19A11FE7533B00241069 /* Products */,
				11447BBC18F18E9E2C6F9803 /* tagmasterUITests */,
				E52F5D558E587538020397F1 /* Shared */,
			);
			sourceTree = "<group>";
		};
		63712EEC15130B21007997CC /* Products */ = {
			isa = PBXGroup;
			children = (
				63712EEB15130B21007997CC /* tagmaster.app */,
				63712F0B15130B21007997CC /* tagmasterTests.xctest */,
				F87508481E0BDCF004F43CEA /* tagmasterUITests.xctest */,
			);
			name = Products;
			sourceTree = "<group>";
		};
		63712EEE15130B21007997CC /* Frameworks */ = {
			isa = PBXGroup;
			children = (
				1E8D89F225F447E500D9A4EA /* AppTrackingTransparency.framework */,
				1E4373AC236388A600C8447F /* SafariServices.framework */,
				1E4373A82363633E00C8447F /* CoreServices.framework */,
				1E989A2622F3EB4800EA9F2E /* AVKit.framework */,
				1E8483E51DD86F5C00AF4EAB /* CoreData.framework */,
				639F295318010A3A00517583 /* SystemConfiguration.framework */,
				639F295118010A2F00517583 /* StoreKit.framework */,
				639F294F18010A2800517583 /* Security.framework */,
				639F294D18010A2100517583 /* QuartzCore.framework */,
				639F294B18010A1B00517583 /* MobileCoreServices.framework */,
				639F294918010A1500517583 /* libz.1.1.3.dylib */,
				639F294718010A0D00517583 /* CoreLocation.framework */,
				639F294518010A0400517583 /* CFNetwork.framework */,
				639F293818001DD000517583 /* libpitchperfectlib.a */,
				639F293618001D8100517583 /* libpitchperfectlib.a */,
				1E5B19A41FE7533B00241069 /* libdepolllib.a */,
				638E739217F7CAB3000FFE53 /* MessageUI.framework */,
				638E739017F7C097000FFE53 /* MediaPlayer.framework */,
				63336A5917F6BC2300BC1EE2 /* QuickLook.framework */,
				63712EEF15130B21007997CC /* UIKit.framework */,
				63712EF115130B21007997CC /* Foundation.framework */,
				63712EF315130B21007997CC /* CoreGraphics.framework */,
				2EC3070B48EA9ECF3AEF3461 /* iOS */,
			);
			name = Frameworks;
			sourceTree = "<group>";
		};
		63712EF715130B21007997CC /* tagmaster */ = {
			isa = PBXGroup;
			children = (
				63D9472B151465B5000C8784 /* Barbershop */,
				63712F0015130B21007997CC /* DPAppDelegate.h */,
				63712F0115130B21007997CC /* DPAppDelegate.m */,
				A7C030000000000000000010 /* TMQuartetArtwork.h */,
				A7C030000000000000000011 /* TMQuartetArtwork.m */,
				A7C010000000000000000010 /* TMLogoArtwork.h */,
				A7C010000000000000000011 /* TMLogoArtwork.m */,
				1E927AD522AB2BF20018E370 /* DPAppDelegate.swift */,
				638E735917F769E7000FFE53 /* DPTagDetailController.h */,
				DCC000000000000000000002 /* TMDetailLayout.m */,
				DCC000000000000000000003 /* TMDetailLayout.h */,
				638E735A17F769E7000FFE53 /* DPTagDetailController.m */,
				638E738D17F7B871000FFE53 /* DPTagTracksController.h */,
				638E738E17F7B872000FFE53 /* DPTagTracksController.m */,
				B4A1A0000000000000000011 /* TMBalanceAudioPlayer.swift */,
				C05A3E63E8D107CDCCC0B2C5 /* TMSignIn.swift */,
				8DF5EBF9B106B70E4E04062D /* TMSettingsScreen.swift */,
				54A6815F1DD626618C642774 /* TMSearchScreen.swift */,
				3866560BDC5F4E0388CFA370 /* TMFilterControl.swift */,
				9147DF40990F58C06648E040 /* TMBrowseScreen.swift */,
				D3B8AB34E4CC5894009651B7 /* TMQueryScreen.swift */,
				52272D53D21BECAD0A7A6DCD /* TMHomeTitle.swift */,
				7AE38704B7798962B3767C16 /* TMHomeScreen.swift */,
				7EC5B79C2D909C654ECEBB62 /* TMCatalog.swift */,
				DD9C83F919927CDD6BD20160 /* TMTagListScreen.swift */,
				2E059A20ACE33DEE7B71A906 /* TMNamePrompt.swift */,
				70A849AD37DD360C344031B3 /* TMListHosting.swift */,
				2634BAF9C759517B2CD1A8B9 /* TMListUI.swift */,
				0CDE689E9C210051F00D6DE0 /* TMObjC.m */,
				EFE46C0AE763FAE6B2A7F79E /* TMObjC.h */,
				B4A1B0000000000000000004 /* TMListNamePrompt.swift */,
				B4A1B0000000000000000000 /* TMTagLists.swift */,
				EA012B6F987B119001808DBE /* TMShell.swift */,
				4F12B3A878D3B670DAE9AB06 /* TMRouter.swift */,
				92D726D1D38D4584B30175D1 /* TMRecovery.swift */,
				639F293A1800C45300517583 /* DPTagVideoController.h */,
				639F293B1800C45300517583 /* DPTagVideoController.m */,
				638E739F17F7E21A000FFE53 /* DPHomeViewController.h */,
				638E73A017F7E21A000FFE53 /* DPHomeViewController.m */,
				639F292417F94E9300517583 /* DPSearchViewController.h */,
				639F292517F94E9300517583 /* DPSearchViewController.m */,
				639F292717FA643700517583 /* DPSettingsController.h */,
				639F292817FA643700517583 /* DPSettingsController.m */,
				1E0BA24122B56ADF00207D61 /* DPSettingsController.swift */,
				63E8667215DCB86300E0FC17 /* DPTagCell.h */,
				63E8667315DCB86300E0FC17 /* DPTagCell.m */,
				63E8666F15DCADF000E0FC17 /* DPTagQueryViewController.h */,
				63E8667015DCADF000E0FC17 /* DPTagQueryViewController.m */,
				B4A1A0000000000000000011 /* TMBalanceAudioPlayer.swift */,
				5040B71BF16198BC4235FE6F /* TMTagPlaceholder.swift */,
				693B7D80D84F1001F06A7490 /* TMSheetMusicScreen.swift */,
				5AFC21A9E301EA89B418DDC1 /* TagVideosPage.swift */,
				1A705C2A96CA8FBA3522C02C /* TagTracksPage.swift */,
				519C5BD35A5AF98095D3B79E /* TagDetailsPage.swift */,
				961BA0DD522D91F7CF4E1208 /* TMListPicker.swift */,
				94C4879D4F173897058073D5 /* TMListChips.swift */,
				41A38683354555FA1038024C /* TagSummaryPage.swift */,
				93F5CF6B3C96209FC8DAE5C1 /* TMFactsLayout.swift */,
				876C6BD50FC5AE1674C8965F /* TagDetailView.swift */,
				5B1D1727D3EEAE97BBDBF08F /* TagTracksModel.swift */,
				6A69F467F262F2D18D87FAF7 /* TagSummaryModel.swift */,
				60F248CF839D292B5A554AAF /* TagDetailModel.swift */,
				EB35CE032697AEC7BE082E98 /* TMArtworkViews.swift */,
				B4A1B0000000000000000004 /* TMListNamePrompt.swift */,
				B4A1B0000000000000000000 /* TMTagLists.swift */,
				C05C67F11892B2DF98C5C116 /* TMActionSheet.swift */,
				97A045485B4EE520358D9AE7 /* TMTint.swift */,
				638E73A217F7F8B3000FFE53 /* DPTeachableTagsController.h */,
				638E73A317F7F8B3000FFE53 /* DPTeachableTagsController.m */,
				638E736417F786A5000FFE53 /* Icons */,
				63A54E1A19F457ED00F0364E /* Images.xcassets */,
				63712EF815130B21007997CC /* Supporting Files */,
				1E927AD422AB2BF20018E370 /* tagmaster-Bridging-Header.h */,
				1E1E19791DD877B300DA766F /* tagmaster.entitlements */,
			);
			path = tagmaster;
			sourceTree = "<group>";
		};
		63712EF815130B21007997CC /* Supporting Files */ = {
			isa = PBXGroup;
			children = (
				63712EF915130B21007997CC /* tagmaster-Info.plist */,
				63712EFA15130B21007997CC /* InfoPlist.strings */,
				63712EFF15130B21007997CC /* tagmaster-Prefix.pch */,
			);
			name = "Supporting Files";
			sourceTree = "<group>";
		};
		63712F1315130B21007997CC /* tagmasterTests */ = {
			isa = PBXGroup;
			children = (
				63712F1915130B21007997CC /* tagmasterTests.h */,
				63712F1A15130B21007997CC /* tagmasterTests.m */,
				C0DEFACE00000000000010A2 /* DPTagXMLParserTests.m */,
				C0DEFACE00000000000010A3 /* DPRemoteLocationTests.m */,
				C0DEFACE00000000000010A4 /* TagmasterModelsTests.m */,
				877D645B24654A1D98693468 /* DPTagNetworkTests.m */,
				2D04C94D42934A78A791DD26 /* DPVideoModelTests.m */,
				991D84FBF6F149678772B262 /* DPTrackModelTests.m */,
				85FC00CD3DF44A7CBF014280 /* DPTagModelExtendedTests.m */,
				44A11D000000000000000002 /* TMReviewFeedbackTests.m */,
				AF1059DD3F994302AA09C4FD /* DPHomeViewControllerExtensionTests.swift */,
				B4A1A0000000000000000013 /* TMBalanceAudioPlayerTests.swift */,
				B4A1A0000000000000000020 /* TMBehaviorTestSupport.swift */,
				083712943734B5BCD1340641 /* TMArtworkTests.swift */,
				37A4BC3BD26DC513A62F59B6 /* TMRouterTests.swift */,
				C830AC314319D8B9E2FA6AB5 /* TMShellTestSupport.swift */,
				D39DFEF726D6A0AD6BD25590 /* SettingsBehaviorTests.swift */,
				42E606561E7B83893E787549 /* QueryBehaviorTests.swift */,
				6AB6D145785607DE279B141C /* TMListTestSupport.swift */,
				82E540A4B83FC994BE71E907 /* TagListsScreenCatalogTests.swift */,
				1C37C8637F4CEC03ED771843 /* TagDetailLayoutTests.swift */,
				1A55ECC451157267C8FD5DA6 /* TagmasterAppLogicTests.m */,
				C36C96E7D1FF307734116155 /* TMReviewFeedbackTests.m */,
				B68C2BB88A7D2B53A58D50DA /* TagTracksPlaybackTests.swift */,
				B5ACCAC905EF5ED8D39B302D /* TagDetailBehaviorTests.swift */,
				C3EB4589130B21CE82596F66 /* TagDetailModelTests.swift */,
				18E9BA29B9AACC5D27522E00 /* TagDetailScreenCatalogTests.swift */,
				B4A1B000000000000000000E /* TagListBehaviorTests.swift */,
				B4A1B000000000000000000C /* TMListSyncEmulatorTests.swift */,
				B4A1B0000000000000000002 /* TMTagListsTests.swift */,
				B4A1A0000000000000000021 /* FavoritesBehaviorTests.swift */,
				B4A1A0000000000000000022 /* SearchBehaviorTests.swift */,
				B4A1A0000000000000000024 /* AppPolishTests.swift */,
				63712F1415130B21007997CC /* Supporting Files */,
			);
			path = tagmasterTests;
			sourceTree = "<group>";
		};
		63712F1415130B21007997CC /* Supporting Files */ = {
			isa = PBXGroup;
			children = (
				63712F1515130B21007997CC /* tagmasterTests-Info.plist */,
				63712F1615130B21007997CC /* InfoPlist.strings */,
			);
			name = "Supporting Files";
			sourceTree = "<group>";
		};
		638E736417F786A5000FFE53 /* Icons */ = {
			isa = PBXGroup;
			children = (
			);
			name = Icons;
			sourceTree = "<group>";
		};
		63D9472B151465B5000C8784 /* Barbershop */ = {
			isa = PBXGroup;
			children = (
				63645575151588E2002AD091 /* DPBarbershop.h */,
				63D9472A15145FD3000C8784 /* DPConstants.h */,
				63D9472015145BBC000C8784 /* DPRemoteLocation.h */,
				63D9472115145BBC000C8784 /* DPRemoteLocation.m */,
				63D9471D1513198D000C8784 /* DPTag.h */,
				63D9471E1513198D000C8784 /* DPTag.m */,
				636455721515731A002AD091 /* DPTagQueryResult.h */,
				636455731515731A002AD091 /* DPTagQueryResult.m */,
				6364556F15156B3A002AD091 /* DPTagXMLParser.h */,
				6364557015156B3A002AD091 /* DPTagXMLParser.m */,
				63D9472615145EDD000C8784 /* DPTrack.h */,
				63D9472715145EDD000C8784 /* DPTrack.m */,
				63D9472315145DE0000C8784 /* DPVideo.h */,
				63D9472415145DE0000C8784 /* DPVideo.m */,
			);
			name = Barbershop;
			sourceTree = "<group>";
		};
		E52F5D558E587538020397F1 /* Shared */ = {
			isa = PBXGroup;
			children = (
				5FC6EEE9DD5603384AEEA366 /* DPAppLog.swift */,
			);
			name = Shared;
			sourceTree = "<group>";
		};
/* End PBXGroup section */

/* Begin PBXNativeTarget section */
		63712EEA15130B21007997CC /* tagmaster */ = {
			isa = PBXNativeTarget;
			buildConfigurationList = 63712F1E15130B21007997CC /* Build configuration list for PBXNativeTarget "tagmaster" */;
			buildPhases = (
				63712EE715130B21007997CC /* Sources */,
				63712EE815130B21007997CC /* Frameworks */,
				63712EE915130B21007997CC /* Resources */,
				4AA1236EB0631895657118D6 /* Upload Crashlytics symbols */,
			);
			buildRules = (
			);
			dependencies = (
				1E5B19A81FE7533B00241069 /* PBXTargetDependency */,
			);
			name = tagmaster;
			packageProductDependencies = (
				3FFC1E12570BCD480C047A43 /* FirebaseAuth */,
				231E00AF493A86AC7F8045FD /* FirebaseFirestore */,
				42BE55FE34E9E89B06BE206F /* FirebaseAuthSwiftUI */,
				42BE55FE34E9E89B06BE2070 /* FirebaseGoogleSwiftUI */,
				42BE55FE34E9E89B06BE2071 /* FirebaseFacebookSwiftUI */,
				42BE55FE34E9E89B06BE2072 /* FirebaseAppleSwiftUI */,
				C0AUTH001000000000000022 /* FirebasePhoneAuthSwiftUI */,
				8AB12ED67D69BE8D3BE58A93 /* FirebaseAnalyticsCore */,
				49E65067B024F5CE1F5B6B77 /* FirebaseCrashlytics */,
			);
			productName = tagmaster;
			productReference = 63712EEB15130B21007997CC /* tagmaster.app */;
			productType = "com.apple.product-type.application";
		};
		63712F0A15130B21007997CC /* tagmasterTests */ = {
			isa = PBXNativeTarget;
			buildConfigurationList = 63712F2115130B21007997CC /* Build configuration list for PBXNativeTarget "tagmasterTests" */;
			buildPhases = (
				63712F0615130B21007997CC /* Sources */,
				63712F0715130B21007997CC /* Frameworks */,
				63712F0815130B21007997CC /* Resources */,
			);
			buildRules = (
			);
			dependencies = (
				63712F1215130B21007997CC /* PBXTargetDependency */,
			);
			name = tagmasterTests;
			productName = tagmasterTests;
			productReference = 63712F0B15130B21007997CC /* tagmasterTests.xctest */;
			productType = "com.apple.product-type.bundle.unit-test";
		};
		BCF38A4E6382FE15E8CEB195 /* tagmasterUITests */ = {
			isa = PBXNativeTarget;
			buildConfigurationList = E57D9D93C8B553FB94F4D92A /* Build configuration list for PBXNativeTarget "tagmasterUITests" */;
			buildPhases = (
				89B3DC7E525B87881B556C96 /* Sources */,
				AA4909B26F2EB02D874FBE9A /* Frameworks */,
				3B9BE32B699C1933F0431797 /* Resources */,
			);
			buildRules = (
			);
			dependencies = (
				0DAFBFB23779ECF0CCB15ACC /* PBXTargetDependency */,
			);
			name = tagmasterUITests;
			productName = tagmasterUITests;
			productReference = F87508481E0BDCF004F43CEA /* tagmasterUITests.xctest */;
			productType = "com.apple.product-type.bundle.ui-testing";
		};
/* End PBXNativeTarget section */

/* Begin PBXProject section */
		63712EE215130B21007997CC /* Project object */ = {
			isa = PBXProject;
			attributes = {
				LastTestingUpgradeCheck = 0510;
				LastUpgradeCheck = 1220;
				ORGANIZATIONNAME = DepollSoft;
				TargetAttributes = {
					63712EEA15130B21007997CC = {
						DevelopmentTeam = 43AWMS3YJX;
						LastSwiftMigration = 1020;
						SystemCapabilities = {
							com.apple.Keychain = {
								enabled = 1;
							};
							com.apple.Push = {
								enabled = 1;
							};
						};
					};
				};
			};
			buildConfigurationList = 63712EE515130B21007997CC /* Build configuration list for PBXProject "tagmaster" */;
			compatibilityVersion = "Xcode 3.2";
			developmentRegion = en;
			hasScannedForEncodings = 0;
			knownRegions = (
				en,
				Base,
			);
			mainGroup = 63712EE015130B21007997CC;
			packageReferences = (
				B5341A2FDC2C29E6AA1DDE01 /* XCRemoteSwiftPackageReference "firebase-ios-sdk" */,
				E19E9EAF84EEBA3C3ED71DE0 /* XCRemoteSwiftPackageReference "FirebaseUI-iOS" */,
			);
			productRefGroup = 63712EEC15130B21007997CC /* Products */;
			projectDirPath = "";
			projectReferences = (
				{
					ProductGroup = 1E5B19A11FE7533B00241069 /* Products */;
					ProjectRef = 1E5B19A01FE7533B00241069 /* depolllib.xcodeproj */;
				},
			);
			projectRoot = "";
			targets = (
				63712EEA15130B21007997CC /* tagmaster */,
				63712F0A15130B21007997CC /* tagmasterTests */,
				BCF38A4E6382FE15E8CEB195 /* tagmasterUITests */,
			);
		};
/* End PBXProject section */

/* Begin PBXReferenceProxy section */
		1E5B19A41FE7533B00241069 /* libdepolllib.a */ = {
			isa = PBXReferenceProxy;
			fileType = archive.ar;
			path = libdepolllib.a;
			remoteRef = 1E5B19A21FE7533B00241069 /* PBXContainerItemProxy */;
			sourceTree = BUILT_PRODUCTS_DIR;
		};
		1E5B19A51FE7533B00241069 /* depolllibTests.xctest */ = {
			isa = PBXReferenceProxy;
			fileType = wrapper.cfbundle;
			path = depolllibTests.xctest;
			remoteRef = 1E5B19A31FE7533B00241069 /* PBXContainerItemProxy */;
			sourceTree = BUILT_PRODUCTS_DIR;
		};
/* End PBXReferenceProxy section */

/* Begin PBXResourcesBuildPhase section */
		3B9BE32B699C1933F0431797 /* Resources */ = {
			isa = PBXResourcesBuildPhase;
			buildActionMask = 2147483647;
			files = (
			);
			runOnlyForDeploymentPostprocessing = 0;
		};
		63712EE915130B21007997CC /* Resources */ = {
			isa = PBXResourcesBuildPhase;
			buildActionMask = 2147483647;
			files = (
				639F2959180125EC00517583 /* wickhop-handwriting.ttf in Resources */,
				638E739717F7DE1B000FFE53 /* Icon.png in Resources */,
				63A54E1B19F457ED00F0364E /* Images.xcassets in Resources */,
				63712EFC15130B21007997CC /* InfoPlist.strings in Resources */,
				1E1E197B1DD878A400DA766F /* GoogleService-Info.plist in Resources */,

				63225BFA1A35523100857B44 /* LaunchScreen.xib in Resources */,
				1ECAAF8025F05AB300A2A3F1 /* Localizable.strings in Resources */,
			);
			runOnlyForDeploymentPostprocessing = 0;
		};
		63712F0815130B21007997CC /* Resources */ = {
			isa = PBXResourcesBuildPhase;
			buildActionMask = 2147483647;
			files = (
				63712F1815130B21007997CC /* InfoPlist.strings in Resources */,
				63336A5E17F6C4FF00BC1EE2 /* screenbackground@2x.png in Resources */,
			);
			runOnlyForDeploymentPostprocessing = 0;
		};
/* End PBXResourcesBuildPhase section */

/* Begin PBXShellScriptBuildPhase section */
		4AA1236EB0631895657118D6 /* Upload Crashlytics symbols */ = {
			isa = PBXShellScriptBuildPhase;
			alwaysOutOfDate = 1;
			buildActionMask = 2147483647;
			files = (
			);
			inputFileListPaths = (
			);
			inputPaths = (
				"${DWARF_DSYM_FOLDER_PATH}/${DWARF_DSYM_FILE_NAME}",
				"${DWARF_DSYM_FOLDER_PATH}/${DWARF_DSYM_FILE_NAME}/Contents/Resources/DWARF/${PRODUCT_NAME}",
				"${DWARF_DSYM_FOLDER_PATH}/${DWARF_DSYM_FILE_NAME}/Contents/Info.plist",
				"$(TARGET_BUILD_DIR)/$(UNLOCALIZED_RESOURCES_FOLDER_PATH)/GoogleService-Info.plist",
				"$(TARGET_BUILD_DIR)/$(EXECUTABLE_PATH)",
			);
			name = "Upload Crashlytics symbols";
			outputFileListPaths = (
			);
			outputPaths = (
			);
			runOnlyForDeploymentPostprocessing = 0;
			shellPath = /bin/sh;
			shellScript = "/bin/sh \"${SRCROOT}/../../scripts/ci/upload_crashlytics_symbols.sh\"\n";
		};
/* End PBXShellScriptBuildPhase section */

/* Begin PBXSourcesBuildPhase section */
		63712EE715130B21007997CC /* Sources */ = {
			isa = PBXSourcesBuildPhase;
			buildActionMask = 2147483647;
			files = (
				1E927AD622AB2BF20018E370 /* DPAppDelegate.swift in Sources */,
				638E73A117F7E21A000FFE53 /* DPHomeViewController.m in Sources */,
				63712F0215130B21007997CC /* DPAppDelegate.m in Sources */,
				A7C030000000000000000001 /* TMQuartetArtwork.m in Sources */,
				A7C010000000000000000001 /* TMLogoArtwork.m in Sources */,
				63D9471F1513198D000C8784 /* DPTag.m in Sources */,
				639F292917FA643700517583 /* DPSettingsController.m in Sources */,
				63D9472215145BBC000C8784 /* DPRemoteLocation.m in Sources */,
				63D9472515145DE0000C8784 /* DPVideo.m in Sources */,
				63D9472815145EDD000C8784 /* DPTrack.m in Sources */,
				6364557115156B3A002AD091 /* DPTagXMLParser.m in Sources */,
				636455741515731A002AD091 /* DPTagQueryResult.m in Sources */,
				B4A1A0000000000000000001 /* TMBalanceAudioPlayer.swift in Sources */,
				C7F18B32077D0DD6C797BA14 /* TMSignIn.swift in Sources */,
				107FC674B7E185E44254395C /* TMSettingsScreen.swift in Sources */,
				5E35FCD512C155E95BF1AC05 /* TMSearchScreen.swift in Sources */,
				1CF13B3B4103CC5150B20990 /* TMFilterControl.swift in Sources */,
				4884801112AB343F0D19F149 /* TMBrowseScreen.swift in Sources */,
				978EB7AD30244DC8CF29E80A /* TMQueryScreen.swift in Sources */,
				CE7B059A99E06EC259C1E989 /* TMHomeTitle.swift in Sources */,
				B7411C3AC92F359F8CA4222E /* TMHomeScreen.swift in Sources */,
				A76E80C6A5DC1507770A8F00 /* TMCatalog.swift in Sources */,
				BCD20DE285F188269B192285 /* TMTagListScreen.swift in Sources */,
				C430D17B88D9EC3C907C1E8B /* TMNamePrompt.swift in Sources */,
				AE8F8DA54E2D67C8E8BF9F6D /* TMListHosting.swift in Sources */,
				30C9CACA9FB47610DBAA1F52 /* TMListUI.swift in Sources */,
				3BCFBE99983A934374E96904 /* TMObjC.m in Sources */,
				6F81FC6048B98D507BD89C36 /* TMTagPlaceholder.swift in Sources */,
				012C798E74D0F48EEB23645A /* TMSheetMusicScreen.swift in Sources */,
				61109B1ED5FB33C30E6EB00E /* TagVideosPage.swift in Sources */,
				2A1F0F1F42CF7DEBB9183C08 /* TagTracksPage.swift in Sources */,
				7BDA092E07B6BBC45462DB86 /* TagDetailsPage.swift in Sources */,
				6F7C2F3A64DCDB4A86A7FB10 /* TMListPicker.swift in Sources */,
				17EEC296D4EB6A8768238F7A /* TMListChips.swift in Sources */,
				D1045840E91B81774ED9399E /* TagSummaryPage.swift in Sources */,
				E2EFF9D6D38E02634BB5DAF6 /* TMFactsLayout.swift in Sources */,
				2ADB50A87D031B9D0CB65D42 /* TagDetailView.swift in Sources */,
				FBF14E8E602F7A82192FFB0E /* TagTracksModel.swift in Sources */,
				24A50CF911D0B1355C98C550 /* TagSummaryModel.swift in Sources */,
				486B0CA3224947FA4117C431 /* TagDetailModel.swift in Sources */,
				523346955E2C4736E2847840 /* TMArtworkViews.swift in Sources */,
				B4A1B0000000000000000005 /* TMListNamePrompt.swift in Sources */,
				B4A1B0000000000000000001 /* TMTagLists.swift in Sources */,
				6FC5C8177A9D482C725660E0 /* TMShell.swift in Sources */,
				E64EBF2053F028C4A56C30C3 /* TMRouter.swift in Sources */,
				9C05E9E2C8371BEAD5A1FE46 /* TMRecovery.swift in Sources */,
				BFBCA893AC642C54F965BAD2 /* TMActionSheet.swift in Sources */,
				03F8F0F8A96EEF880A2B2454 /* TMTint.swift in Sources */,
				DCC000000000000000000001 /* TMDetailLayout.m in Sources */,
				638E735B17F769E7000FFE53 /* DPTagDetailController.m in Sources */,
				638E738F17F7B872000FFE53 /* DPTagTracksController.m in Sources */,
				639F293C1800C45300517583 /* DPTagVideoController.m in Sources */,
				638E73A417F7F8B3000FFE53 /* DPTeachableTagsController.m in Sources */,
				63E8667115DCADF000E0FC17 /* DPTagQueryViewController.m in Sources */,
				63E8667415DCB86300E0FC17 /* DPTagCell.m in Sources */,
				9D79AFECD87180F39C32C4C9 /* DPAppLog.swift in Sources */,
				63E59FDC17ABAD20BA056B59 /* TelemetryConsent.swift in Sources */,
			);
			runOnlyForDeploymentPostprocessing = 0;
		};
		63712F0615130B21007997CC /* Sources */ = {
			isa = PBXSourcesBuildPhase;
			buildActionMask = 2147483647;
			files = (
				63712F1B15130B21007997CC /* tagmasterTests.m in Sources */,
				C0DEFACE00000000000010B2 /* DPTagXMLParserTests.m in Sources */,
				C0DEFACE00000000000010B3 /* DPRemoteLocationTests.m in Sources */,
				C0DEFACE00000000000010B4 /* TagmasterModelsTests.m in Sources */,
				C626097FE51C44A7BD3E6ADF /* DPTagNetworkTests.m in Sources */,
				595A52E39FA349BD8A4A2D26 /* DPVideoModelTests.m in Sources */,
				C82AB1B080A949869C19F68A /* DPTrackModelTests.m in Sources */,
				6AEE390B17744F198CD9FB59 /* DPTagModelExtendedTests.m in Sources */,
				44A11D000000000000000001 /* TMReviewFeedbackTests.m in Sources */,
				4B737AE82EE04FD78D0EA597 /* DPHomeViewControllerExtensionTests.swift in Sources */,
				B4A1A0000000000000000003 /* TMBalanceAudioPlayerTests.swift in Sources */,
				B4A1A0000000000000000030 /* TMBehaviorTestSupport.swift in Sources */,
				CB34D931D876177CDE0CB921 /* TMArtworkTests.swift in Sources */,
				BBCA090527B9C26B067B05EC /* TMRouterTests.swift in Sources */,
				88B1B18AB26853AFE59192B7 /* TMShellTestSupport.swift in Sources */,
				E641EBD58C4F14EA04088C84 /* SettingsBehaviorTests.swift in Sources */,
				989CDEB5A598DB3E24E0B4CB /* QueryBehaviorTests.swift in Sources */,
				EDDD53E6339D688A6F4AA4CB /* TMListTestSupport.swift in Sources */,
				69E48122D0696556161BC803 /* TagListsScreenCatalogTests.swift in Sources */,
				D452D485E8A8FCAF1446E344 /* TagDetailLayoutTests.swift in Sources */,
				87A98CE19182449419D1CFA9 /* TagmasterAppLogicTests.m in Sources */,
				770C1215EB5E9700C7032102 /* TMReviewFeedbackTests.m in Sources */,
				748DCF0CF473E34A3C8659DE /* TagTracksPlaybackTests.swift in Sources */,
				61BB84ACAAE403FF40C387C0 /* TagDetailBehaviorTests.swift in Sources */,
				267164521D38CDC1968AAC40 /* TagDetailModelTests.swift in Sources */,
				C24C4EE38EE73B8C6EC5BEEE /* TagDetailScreenCatalogTests.swift in Sources */,
				01A1D1D51F5468AB3010E52C /* SwiftUITestDriver.swift in Sources */,
				F289A31BED729E925232A256 /* ScreenCatalog.swift in Sources */,
				B4A1B000000000000000000F /* TagListBehaviorTests.swift in Sources */,
				B4A1B000000000000000000D /* TMListSyncEmulatorTests.swift in Sources */,
				B4A1B0000000000000000003 /* TMTagListsTests.swift in Sources */,
				B4A1A0000000000000000031 /* FavoritesBehaviorTests.swift in Sources */,
				B4A1A0000000000000000032 /* SearchBehaviorTests.swift in Sources */,
				B4A1A0000000000000000034 /* AppPolishTests.swift in Sources */,
				F305FB2DD07B3E2FB1A74A69 /* PrivacyChoicesTests.swift in Sources */,
			);
			runOnlyForDeploymentPostprocessing = 0;
		};
		89B3DC7E525B87881B556C96 /* Sources */ = {
			isa = PBXSourcesBuildPhase;
			buildActionMask = 2147483647;
			files = (
				4509CDA99C01CCE4D0486639 /* TagDetailUITests.swift in Sources */,
				8EA8FFA093720EB5D0A6DC19 /* tagmasterUITests.swift in Sources */,
				65091594637A70B5D6F4EA5C /* ConsentUITests.swift in Sources */,
			);
			runOnlyForDeploymentPostprocessing = 0;
		};
/* End PBXSourcesBuildPhase section */

/* Begin PBXTargetDependency section */
		0DAFBFB23779ECF0CCB15ACC /* PBXTargetDependency */ = {
			isa = PBXTargetDependency;
			name = tagmaster;
			target = 63712EEA15130B21007997CC /* tagmaster */;
			targetProxy = DA37CCFAFF48F86BCCD54EB0 /* PBXContainerItemProxy */;
		};
		1E5B19A81FE7533B00241069 /* PBXTargetDependency */ = {
			isa = PBXTargetDependency;
			name = depolllib;
			targetProxy = 1E5B19A71FE7533B00241069 /* PBXContainerItemProxy */;
		};
		63712F1215130B21007997CC /* PBXTargetDependency */ = {
			isa = PBXTargetDependency;
			target = 63712EEA15130B21007997CC /* tagmaster */;
			targetProxy = 63712F1115130B21007997CC /* PBXContainerItemProxy */;
		};
/* End PBXTargetDependency section */

/* Begin PBXVariantGroup section */
		1ECAAF8225F05AB300A2A3F1 /* Localizable.strings */ = {
			isa = PBXVariantGroup;
			children = (
				1ECAAF8125F05AB300A2A3F1 /* en */,
			);
			name = Localizable.strings;
			sourceTree = "<group>";
		};
		63712EFA15130B21007997CC /* InfoPlist.strings */ = {
			isa = PBXVariantGroup;
			children = (
				63712EFB15130B21007997CC /* en */,
			);
			name = InfoPlist.strings;
			sourceTree = "<group>";
		};
		63712F1615130B21007997CC /* InfoPlist.strings */ = {
			isa = PBXVariantGroup;
			children = (
				63712F1715130B21007997CC /* en */,
			);
			name = InfoPlist.strings;
			sourceTree = "<group>";
		};
/* End PBXVariantGroup section */

/* Begin XCBuildConfiguration section */
		42882D499AB05EEEE9C495C5 /* Release */ = {
			isa = XCBuildConfiguration;
			buildSettings = {
				BUNDLE_LOADER = "";
				CLANG_ENABLE_OBJC_WEAK = NO;
				CODE_SIGN_STYLE = Automatic;
				INFOPLIST_FILE = tagmasterUITests/Info.plist;
				IPHONEOS_DEPLOYMENT_TARGET = 17.0;
				PRODUCT_BUNDLE_IDENTIFIER = com.depollsoft.tagmasterUITests;
				PRODUCT_NAME = "$(TARGET_NAME)";
				SDKROOT = iphoneos;
				SWIFT_VERSION = 5.0;
				TARGETED_DEVICE_FAMILY = "1,2";
				TEST_TARGET_NAME = tagmaster;
				VALIDATE_PRODUCT = YES;
			};
			name = Release;
		};
		63712F1C15130B21007997CC /* Debug */ = {
			isa = XCBuildConfiguration;
			buildSettings = {
				ALWAYS_EMBED_SWIFT_STANDARD_LIBRARIES = YES;
				CLANG_ANALYZER_LOCALIZABILITY_NONLOCALIZED = YES;
				CLANG_ENABLE_OBJC_ARC = YES;
				CLANG_WARN_BLOCK_CAPTURE_AUTORELEASING = YES;
				CLANG_WARN_BOOL_CONVERSION = YES;
				CLANG_WARN_COMMA = YES;
				CLANG_WARN_CONSTANT_CONVERSION = YES;
				CLANG_WARN_DEPRECATED_OBJC_IMPLEMENTATIONS = YES;
				CLANG_WARN_EMPTY_BODY = YES;
				CLANG_WARN_ENUM_CONVERSION = YES;
				CLANG_WARN_INFINITE_RECURSION = YES;
				CLANG_WARN_INT_CONVERSION = YES;
				CLANG_WARN_NON_LITERAL_NULL_CONVERSION = YES;
				CLANG_WARN_OBJC_IMPLICIT_RETAIN_SELF = YES;
				CLANG_WARN_OBJC_LITERAL_CONVERSION = YES;
				CLANG_WARN_QUOTED_INCLUDE_IN_FRAMEWORK_HEADER = YES;
				CLANG_WARN_RANGE_LOOP_ANALYSIS = YES;
				CLANG_WARN_STRICT_PROTOTYPES = YES;
				CLANG_WARN_SUSPICIOUS_MOVE = YES;
				CLANG_WARN_UNREACHABLE_CODE = YES;
				CLANG_WARN__DUPLICATE_METHOD_MATCH = YES;
				"CODE_SIGN_IDENTITY[sdk=iphoneos*]" = "iPhone Developer";
				COPY_PHASE_STRIP = NO;
				DEFINES_MODULE = YES;
				ENABLE_STRICT_OBJC_MSGSEND = YES;
				ENABLE_TESTABILITY = YES;
				"EXCLUDED_ARCHS[sdk=iphonesimulator*]" = "";
				GCC_C_LANGUAGE_STANDARD = gnu99;
				GCC_DYNAMIC_NO_PIC = NO;
				GCC_NO_COMMON_BLOCKS = YES;
				GCC_OPTIMIZATION_LEVEL = 0;
				GCC_PREPROCESSOR_DEFINITIONS = (
					"DEBUG=1",
					"$(inherited)",
				);
				GCC_SYMBOLS_PRIVATE_EXTERN = NO;
				GCC_VERSION = com.apple.compilers.llvm.clang.1_0;
				GCC_WARN_64_TO_32_BIT_CONVERSION = YES;
				GCC_WARN_ABOUT_MISSING_PROTOTYPES = YES;
				GCC_WARN_ABOUT_RETURN_TYPE = YES;
				GCC_WARN_UNDECLARED_SELECTOR = YES;
				GCC_WARN_UNINITIALIZED_AUTOS = YES;
				GCC_WARN_UNUSED_FUNCTION = YES;
				GCC_WARN_UNUSED_VARIABLE = YES;
				IPHONEOS_DEPLOYMENT_TARGET = 17.0;
				ONLY_ACTIVE_ARCH = YES;
				SDKROOT = iphoneos;
				TARGETED_DEVICE_FAMILY = "1,2";
			};
			name = Debug;
		};
		63712F1D15130B21007997CC /* Release */ = {
			isa = XCBuildConfiguration;
			buildSettings = {
				ALWAYS_EMBED_SWIFT_STANDARD_LIBRARIES = YES;
				CLANG_ANALYZER_LOCALIZABILITY_NONLOCALIZED = YES;
				CLANG_ENABLE_OBJC_ARC = YES;
				CLANG_WARN_BLOCK_CAPTURE_AUTORELEASING = YES;
				CLANG_WARN_BOOL_CONVERSION = YES;
				CLANG_WARN_COMMA = YES;
				CLANG_WARN_CONSTANT_CONVERSION = YES;
				CLANG_WARN_DEPRECATED_OBJC_IMPLEMENTATIONS = YES;
				CLANG_WARN_EMPTY_BODY = YES;
				CLANG_WARN_ENUM_CONVERSION = YES;
				CLANG_WARN_INFINITE_RECURSION = YES;
				CLANG_WARN_INT_CONVERSION = YES;
				CLANG_WARN_NON_LITERAL_NULL_CONVERSION = YES;
				CLANG_WARN_OBJC_IMPLICIT_RETAIN_SELF = YES;
				CLANG_WARN_OBJC_LITERAL_CONVERSION = YES;
				CLANG_WARN_QUOTED_INCLUDE_IN_FRAMEWORK_HEADER = YES;
				CLANG_WARN_RANGE_LOOP_ANALYSIS = YES;
				CLANG_WARN_STRICT_PROTOTYPES = YES;
				CLANG_WARN_SUSPICIOUS_MOVE = YES;
				CLANG_WARN_UNREACHABLE_CODE = YES;
				CLANG_WARN__DUPLICATE_METHOD_MATCH = YES;
				"CODE_SIGN_IDENTITY[sdk=iphoneos*]" = "iPhone Developer";
				COPY_PHASE_STRIP = YES;
				DEFINES_MODULE = YES;
				ENABLE_STRICT_OBJC_MSGSEND = YES;
				"EXCLUDED_ARCHS[sdk=iphonesimulator*]" = "";
				GCC_C_LANGUAGE_STANDARD = gnu99;
				GCC_NO_COMMON_BLOCKS = YES;
				GCC_VERSION = com.apple.compilers.llvm.clang.1_0;
				GCC_WARN_64_TO_32_BIT_CONVERSION = YES;
				GCC_WARN_ABOUT_MISSING_PROTOTYPES = YES;
				GCC_WARN_ABOUT_RETURN_TYPE = YES;
				GCC_WARN_UNDECLARED_SELECTOR = YES;
				GCC_WARN_UNINITIALIZED_AUTOS = YES;
				GCC_WARN_UNUSED_FUNCTION = YES;
				GCC_WARN_UNUSED_VARIABLE = YES;
				IPHONEOS_DEPLOYMENT_TARGET = 17.0;
				OTHER_CFLAGS = "-DNS_BLOCK_ASSERTIONS=1";
				SDKROOT = iphoneos;
				SWIFT_COMPILATION_MODE = wholemodule;
				TARGETED_DEVICE_FAMILY = "1,2";
				VALIDATE_PRODUCT = YES;
			};
			name = Release;
		};
		63712F1F15130B21007997CC /* Debug */ = {
			isa = XCBuildConfiguration;
			buildSettings = {
				ALWAYS_SEARCH_USER_PATHS = YES;
				APP_ICON_NAME = AppIcon;
				ASSETCATALOG_COMPILER_APPICON_NAME = "$(APP_ICON_NAME)";
				CLANG_ENABLE_MODULES = YES;
				CODE_SIGN_ENTITLEMENTS = tagmaster/tagmaster.entitlements;
				CURRENT_PROJECT_VERSION = 2.0.5;
				DEBUG_INFORMATION_FORMAT = "dwarf-with-dsym";
				DEVELOPMENT_TEAM = 43AWMS3YJX;
				ENABLE_USER_SCRIPT_SANDBOXING = NO;
				EXCLUDED_ARCHS = "";
				"EXCLUDED_ARCHS[sdk=iphonesimulator*]" = "";
				FRAMEWORK_SEARCH_PATHS = (
					"$(inherited)",
					"$(PROJECT_DIR)",
				);
				GCC_PRECOMPILE_PREFIX_HEADER = YES;
				GCC_PREFIX_HEADER = "tagmaster/tagmaster-Prefix.pch";
				HEADER_SEARCH_PATHS = (
					"$(inherited)",
					"${PODS_ROOT}/Firebase/CoreOnly/Sources",
					"$(PODS_ROOT)/FirebaseUI/FirebaseAuthUI",
					"$(PODS_ROOT)/FirebaseUI/FirebaseEmailAuthUI",
					"$(PODS_ROOT)/FirebaseUI/FirebaseFacebookAuthUI",
					"$(PODS_ROOT)/FirebaseUI/FirebaseGoogleAuthUI",
					"$(PODS_ROOT)/FirebaseUI/FirebaseOAuthUI",
					"\"${PODS_TARGET_SRCROOT}/Sources/FBLPromises/include\"",
					"$PODS_CONFIGURATION_BUILD_DIR/Firebase/**",
				);
				INFOPLIST_FILE = "tagmaster/tagmaster-Info.plist";
				IPHONEOS_DEPLOYMENT_TARGET = 17.0;
				LD_RUNPATH_SEARCH_PATHS = "$(inherited) @executable_path/Frameworks";
				LIBRARY_SEARCH_PATHS = "$(inherited)";
				MARKETING_VERSION = 2.0.2;
				OTHER_LDFLAGS = (
					"$(inherited)",
					"-ObjC",
				);
				PRODUCT_BUNDLE_IDENTIFIER = "depollsoft.${PRODUCT_NAME:rfc1034identifier}";
				PRODUCT_NAME = "$(TARGET_NAME)";
				SUPPORTS_MACCATALYST = YES;
				SWIFT_OBJC_BRIDGING_HEADER = "tagmaster/tagmaster-Bridging-Header.h";
				SWIFT_OPTIMIZATION_LEVEL = "-Onone";
				SWIFT_VERSION = 5.0;
				TARGETED_DEVICE_FAMILY = "1,2";
				USER_HEADER_SEARCH_PATHS = "../depolllib/** ../pitchperfect/pitchperfectlib/**";
				WRAPPER_EXTENSION = app;
			};
			name = Debug;
		};
		63712F2015130B21007997CC /* Release */ = {
			isa = XCBuildConfiguration;
			buildSettings = {
				ALWAYS_SEARCH_USER_PATHS = YES;
				APP_ICON_NAME = AppIcon;
				ASSETCATALOG_COMPILER_APPICON_NAME = "$(APP_ICON_NAME)";
				CLANG_ENABLE_MODULES = YES;
				CODE_SIGN_ENTITLEMENTS = tagmaster/tagmaster.entitlements;
				CURRENT_PROJECT_VERSION = 2.0.5;
				DEBUG_INFORMATION_FORMAT = "dwarf-with-dsym";
				DEVELOPMENT_TEAM = 43AWMS3YJX;
				ENABLE_USER_SCRIPT_SANDBOXING = NO;
				EXCLUDED_ARCHS = "";
				"EXCLUDED_ARCHS[sdk=iphonesimulator*]" = "";
				FRAMEWORK_SEARCH_PATHS = (
					"$(inherited)",
					"$(PROJECT_DIR)",
				);
				GCC_PRECOMPILE_PREFIX_HEADER = YES;
				GCC_PREFIX_HEADER = "tagmaster/tagmaster-Prefix.pch";
				HEADER_SEARCH_PATHS = (
					"$(inherited)",
					"${PODS_ROOT}/Firebase/CoreOnly/Sources",
					"$(PODS_ROOT)/FirebaseUI/FirebaseAuthUI",
					"$(PODS_ROOT)/FirebaseUI/FirebaseEmailAuthUI",
					"$(PODS_ROOT)/FirebaseUI/FirebaseFacebookAuthUI",
					"$(PODS_ROOT)/FirebaseUI/FirebaseGoogleAuthUI",
					"$(PODS_ROOT)/FirebaseUI/FirebaseOAuthUI",
					"\"${PODS_TARGET_SRCROOT}/Sources/FBLPromises/include\"",
					"$PODS_CONFIGURATION_BUILD_DIR/Firebase/**",
				);
				INFOPLIST_FILE = "tagmaster/tagmaster-Info.plist";
				IPHONEOS_DEPLOYMENT_TARGET = 17.0;
				LD_RUNPATH_SEARCH_PATHS = "$(inherited) @executable_path/Frameworks";
				LIBRARY_SEARCH_PATHS = "$(inherited)";
				MARKETING_VERSION = 2.0.2;
				OTHER_LDFLAGS = (
					"$(inherited)",
					"-ObjC",
				);
				PRODUCT_BUNDLE_IDENTIFIER = "depollsoft.${PRODUCT_NAME:rfc1034identifier}";
				PRODUCT_NAME = "$(TARGET_NAME)";
				SUPPORTS_MACCATALYST = YES;
				SWIFT_OBJC_BRIDGING_HEADER = "tagmaster/tagmaster-Bridging-Header.h";
				SWIFT_VERSION = 5.0;
				TARGETED_DEVICE_FAMILY = "1,2";
				USER_HEADER_SEARCH_PATHS = "../depolllib/** ../pitchperfect/pitchperfectlib/**";
				WRAPPER_EXTENSION = app;
			};
			name = Release;
		};
		63712F2215130B21007997CC /* Debug */ = {
			isa = XCBuildConfiguration;
			buildSettings = {
				ALWAYS_EMBED_SWIFT_STANDARD_LIBRARIES = YES;
				BUNDLE_LOADER = "$(BUILT_PRODUCTS_DIR)/tagmaster.app/tagmaster";
				FRAMEWORK_SEARCH_PATHS = (
					"$(SDKROOT)/Developer/Library/Frameworks",
					"$(inherited)",
				);
				GCC_PRECOMPILE_PREFIX_HEADER = YES;
				GCC_PREFIX_HEADER = "tagmaster/tagmaster-Prefix.pch";
				INFOPLIST_FILE = "tagmasterTests/tagmasterTests-Info.plist";
				SWIFT_OBJC_BRIDGING_HEADER = "tagmasterTests/tagmasterTests-Bridging-Header.h";
				HEADER_SEARCH_PATHS = (
					"$(inherited)",
					"$(CONFIGURATION_TEMP_DIR)/tagmaster.build/DerivedSources",
				);
				OTHER_LDFLAGS = (
					"$(inherited)",
					"-ObjC",
				);
				PRODUCT_BUNDLE_IDENTIFIER = "depollsoft.${PRODUCT_NAME:rfc1034identifier}";
				PRODUCT_NAME = "$(TARGET_NAME)";
				SWIFT_VERSION = 5.0;
				TEST_HOST = "$(BUNDLE_LOADER)";
				USER_HEADER_SEARCH_PATHS = "../depolllib/** ../pitchperfect/pitchperfectlib/**";
			};
			name = Debug;
		};
		63712F2315130B21007997CC /* Release */ = {
			isa = XCBuildConfiguration;
			buildSettings = {
				ALWAYS_EMBED_SWIFT_STANDARD_LIBRARIES = YES;
				BUNDLE_LOADER = "$(BUILT_PRODUCTS_DIR)/tagmaster.app/tagmaster";
				FRAMEWORK_SEARCH_PATHS = (
					"$(SDKROOT)/Developer/Library/Frameworks",
					"$(inherited)",
				);
				GCC_PRECOMPILE_PREFIX_HEADER = YES;
				GCC_PREFIX_HEADER = "tagmaster/tagmaster-Prefix.pch";
				INFOPLIST_FILE = "tagmasterTests/tagmasterTests-Info.plist";
				SWIFT_OBJC_BRIDGING_HEADER = "tagmasterTests/tagmasterTests-Bridging-Header.h";
				HEADER_SEARCH_PATHS = (
					"$(inherited)",
					"$(CONFIGURATION_TEMP_DIR)/tagmaster.build/DerivedSources",
				);
				OTHER_LDFLAGS = (
					"$(inherited)",
					"-ObjC",
				);
				PRODUCT_BUNDLE_IDENTIFIER = "depollsoft.${PRODUCT_NAME:rfc1034identifier}";
				PRODUCT_NAME = "$(TARGET_NAME)";
				SWIFT_VERSION = 5.0;
				TEST_HOST = "$(BUNDLE_LOADER)";
				USER_HEADER_SEARCH_PATHS = "../depolllib/** ../pitchperfect/pitchperfectlib/**";
			};
			name = Release;
		};
		8AF3C270EDB5D9EAE4E5E876 /* Debug */ = {
			isa = XCBuildConfiguration;
			buildSettings = {
				BUNDLE_LOADER = "";
				CLANG_ENABLE_OBJC_WEAK = NO;
				CODE_SIGN_STYLE = Automatic;
				INFOPLIST_FILE = tagmasterUITests/Info.plist;
				IPHONEOS_DEPLOYMENT_TARGET = 17.0;
				PRODUCT_BUNDLE_IDENTIFIER = com.depollsoft.tagmasterUITests;
				PRODUCT_NAME = "$(TARGET_NAME)";
				SDKROOT = iphoneos;
				SWIFT_VERSION = 5.0;
				TARGETED_DEVICE_FAMILY = "1,2";
				TEST_TARGET_NAME = tagmaster;
			};
			name = Debug;
		};
/* End XCBuildConfiguration section */

/* Begin XCConfigurationList section */
		63712EE515130B21007997CC /* Build configuration list for PBXProject "tagmaster" */ = {
			isa = XCConfigurationList;
			buildConfigurations = (
				63712F1C15130B21007997CC /* Debug */,
				63712F1D15130B21007997CC /* Release */,
			);
			defaultConfigurationIsVisible = 0;
			defaultConfigurationName = Release;
		};
		63712F1E15130B21007997CC /* Build configuration list for PBXNativeTarget "tagmaster" */ = {
			isa = XCConfigurationList;
			buildConfigurations = (
				63712F1F15130B21007997CC /* Debug */,
				63712F2015130B21007997CC /* Release */,
			);
			defaultConfigurationIsVisible = 0;
			defaultConfigurationName = Release;
		};
		63712F2115130B21007997CC /* Build configuration list for PBXNativeTarget "tagmasterTests" */ = {
			isa = XCConfigurationList;
			buildConfigurations = (
				63712F2215130B21007997CC /* Debug */,
				63712F2315130B21007997CC /* Release */,
			);
			defaultConfigurationIsVisible = 0;
			defaultConfigurationName = Release;
		};
		E57D9D93C8B553FB94F4D92A /* Build configuration list for PBXNativeTarget "tagmasterUITests" */ = {
			isa = XCConfigurationList;
			buildConfigurations = (
				42882D499AB05EEEE9C495C5 /* Release */,
				8AF3C270EDB5D9EAE4E5E876 /* Debug */,
			);
			defaultConfigurationIsVisible = 0;
			defaultConfigurationName = Release;
		};
/* End XCConfigurationList section */

/* Begin XCRemoteSwiftPackageReference section */
		B5341A2FDC2C29E6AA1DDE01 /* XCRemoteSwiftPackageReference "firebase-ios-sdk" */ = {
			isa = XCRemoteSwiftPackageReference;
			repositoryURL = "https://github.com/firebase/firebase-ios-sdk";
			requirement = {
				kind = upToNextMajorVersion;
				minimumVersion = 12.18.0;
			};
		};
		E19E9EAF84EEBA3C3ED71DE0 /* XCRemoteSwiftPackageReference "FirebaseUI-iOS" */ = {
			isa = XCRemoteSwiftPackageReference;
			repositoryURL = "https://github.com/firebase/FirebaseUI-iOS";
			requirement = {
				kind = upToNextMajorVersion;
				minimumVersion = 16.1.0;
			};
		};
/* End XCRemoteSwiftPackageReference section */

/* Begin XCSwiftPackageProductDependency section */
		231E00AF493A86AC7F8045FD /* FirebaseFirestore */ = {
			isa = XCSwiftPackageProductDependency;
			package = B5341A2FDC2C29E6AA1DDE01 /* XCRemoteSwiftPackageReference "firebase-ios-sdk" */;
			productName = FirebaseFirestore;
		};
		3FFC1E12570BCD480C047A43 /* FirebaseAuth */ = {
			isa = XCSwiftPackageProductDependency;
			package = B5341A2FDC2C29E6AA1DDE01 /* XCRemoteSwiftPackageReference "firebase-ios-sdk" */;
			productName = FirebaseAuth;
		};
		42BE55FE34E9E89B06BE206F /* FirebaseAuthSwiftUI */ = {
			isa = XCSwiftPackageProductDependency;
			package = E19E9EAF84EEBA3C3ED71DE0 /* XCRemoteSwiftPackageReference "FirebaseUI-iOS" */;
			productName = FirebaseAuthSwiftUI;
		};
		42BE55FE34E9E89B06BE2070 /* FirebaseGoogleSwiftUI */ = {
			isa = XCSwiftPackageProductDependency;
			package = E19E9EAF84EEBA3C3ED71DE0 /* XCRemoteSwiftPackageReference "FirebaseUI-iOS" */;
			productName = FirebaseGoogleSwiftUI;
		};
		42BE55FE34E9E89B06BE2071 /* FirebaseFacebookSwiftUI */ = {
			isa = XCSwiftPackageProductDependency;
			package = E19E9EAF84EEBA3C3ED71DE0 /* XCRemoteSwiftPackageReference "FirebaseUI-iOS" */;
			productName = FirebaseFacebookSwiftUI;
		};
		42BE55FE34E9E89B06BE2072 /* FirebaseAppleSwiftUI */ = {
			isa = XCSwiftPackageProductDependency;
			package = E19E9EAF84EEBA3C3ED71DE0 /* XCRemoteSwiftPackageReference "FirebaseUI-iOS" */;
			productName = FirebaseAppleSwiftUI;
		};
		C0AUTH001000000000000022 /* FirebasePhoneAuthSwiftUI */ = {
			isa = XCSwiftPackageProductDependency;
			package = E19E9EAF84EEBA3C3ED71DE0 /* XCRemoteSwiftPackageReference "FirebaseUI-iOS" */;
			productName = FirebasePhoneAuthSwiftUI;
		};
		49E65067B024F5CE1F5B6B77 /* FirebaseCrashlytics */ = {
			isa = XCSwiftPackageProductDependency;
			package = B5341A2FDC2C29E6AA1DDE01 /* XCRemoteSwiftPackageReference "firebase-ios-sdk" */;
			productName = FirebaseCrashlytics;
		};
		8AB12ED67D69BE8D3BE58A93 /* FirebaseAnalyticsCore */ = {
			isa = XCSwiftPackageProductDependency;
			package = B5341A2FDC2C29E6AA1DDE01 /* XCRemoteSwiftPackageReference "firebase-ios-sdk" */;
			productName = FirebaseAnalyticsCore;
		};
/* End XCSwiftPackageProductDependency section */
	};
	rootObject = 63712EE215130B21007997CC /* Project object */;
}
