// !$*UTF8*$!
{
	archiveVersion = 1;
	classes = {
	};
	objectVersion = 46;
	objects = {

/* Begin PBXBuildFile section */
		1E023EA126EA89E4D4AC6135 /* libPods-tagmaster.a in Frameworks */ = {isa = PBXBuildFile; fileRef = CAADBAFE3917F6AFF5B11B84 /* libPods-tagmaster.a */; };
		63225BFA1A35523100857B44 /* LaunchScreen.xib in Resources */ = {isa = PBXBuildFile; fileRef = 63225BF91A35523100857B44 /* LaunchScreen.xib */; };
		63336A3817F586CD00BC1EE2 /* DPBrowseViewController.m in Sources */ = {isa = PBXBuildFile; fileRef = 63336A3717F586CD00BC1EE2 /* DPBrowseViewController.m */; };
		63336A4517F6342400BC1EE2 /* DPTagViewController.m in Sources */ = {isa = PBXBuildFile; fileRef = 63336A4417F6342400BC1EE2 /* DPTagViewController.m */; };
		63336A4A17F63E7700BC1EE2 /* DPTagSummaryController.m in Sources */ = {isa = PBXBuildFile; fileRef = 63336A4917F63E7700BC1EE2 /* DPTagSummaryController.m */; };
		63336A5A17F6BC2300BC1EE2 /* QuickLook.framework in Frameworks */ = {isa = PBXBuildFile; fileRef = 63336A5917F6BC2300BC1EE2 /* QuickLook.framework */; };
		63336A5E17F6C4FF00BC1EE2 /* screenbackground@2x.png in Resources */ = {isa = PBXBuildFile; fileRef = 63336A5D17F6C4FF00BC1EE2 /* screenbackground@2x.png */; };
		6364557115156B3A002AD091 /* DPTagXMLParser.m in Sources */ = {isa = PBXBuildFile; fileRef = 6364557015156B3A002AD091 /* DPTagXMLParser.m */; };
		636455741515731A002AD091 /* DPTagQueryResult.m in Sources */ = {isa = PBXBuildFile; fileRef = 636455731515731A002AD091 /* DPTagQueryResult.m */; };
		63712EF015130B21007997CC /* UIKit.framework in Frameworks */ = {isa = PBXBuildFile; fileRef = 63712EEF15130B21007997CC /* UIKit.framework */; };
		63712EF215130B21007997CC /* Foundation.framework in Frameworks */ = {isa = PBXBuildFile; fileRef = 63712EF115130B21007997CC /* Foundation.framework */; };
		63712EF415130B21007997CC /* CoreGraphics.framework in Frameworks */ = {isa = PBXBuildFile; fileRef = 63712EF315130B21007997CC /* CoreGraphics.framework */; };
		63712EF615130B21007997CC /* CoreData.framework in Frameworks */ = {isa = PBXBuildFile; fileRef = 63712EF515130B21007997CC /* CoreData.framework */; };
		63712EFC15130B21007997CC /* InfoPlist.strings in Resources */ = {isa = PBXBuildFile; fileRef = 63712EFA15130B21007997CC /* InfoPlist.strings */; };
		63712EFE15130B21007997CC /* main.m in Sources */ = {isa = PBXBuildFile; fileRef = 63712EFD15130B21007997CC /* main.m */; };
		63712F0215130B21007997CC /* DPAppDelegate.m in Sources */ = {isa = PBXBuildFile; fileRef = 63712F0115130B21007997CC /* DPAppDelegate.m */; };
		63712F0E15130B21007997CC /* UIKit.framework in Frameworks */ = {isa = PBXBuildFile; fileRef = 63712EEF15130B21007997CC /* UIKit.framework */; };
		63712F0F15130B21007997CC /* Foundation.framework in Frameworks */ = {isa = PBXBuildFile; fileRef = 63712EF115130B21007997CC /* Foundation.framework */; };
		63712F1015130B21007997CC /* CoreData.framework in Frameworks */ = {isa = PBXBuildFile; fileRef = 63712EF515130B21007997CC /* CoreData.framework */; };
		63712F1815130B21007997CC /* InfoPlist.strings in Resources */ = {isa = PBXBuildFile; fileRef = 63712F1615130B21007997CC /* InfoPlist.strings */; };
		63712F1B15130B21007997CC /* tagmasterTests.m in Sources */ = {isa = PBXBuildFile; fileRef = 63712F1A15130B21007997CC /* tagmasterTests.m */; };
		638E735B17F769E7000FFE53 /* DPTagDetailController.m in Sources */ = {isa = PBXBuildFile; fileRef = 638E735A17F769E7000FFE53 /* DPTagDetailController.m */; };
		638E735F17F76B13000FFE53 /* DPTagPageControllerBase.m in Sources */ = {isa = PBXBuildFile; fileRef = 638E735E17F76B13000FFE53 /* DPTagPageControllerBase.m */; };
		638E736B17F786CF000FFE53 /* PlusMostViewed@2x.png in Resources */ = {isa = PBXBuildFile; fileRef = 638E736917F786CF000FFE53 /* PlusMostViewed@2x.png */; };
		638E736C17F786CF000FFE53 /* PeopleMostViewed@2x.png in Resources */ = {isa = PBXBuildFile; fileRef = 638E736A17F786CF000FFE53 /* PeopleMostViewed@2x.png */; };
		638E737217F78726000FFE53 /* Bookmarks@2x.png in Resources */ = {isa = PBXBuildFile; fileRef = 638E736D17F78726000FFE53 /* Bookmarks@2x.png */; };
		638E737317F78726000FFE53 /* Downloads@2x.png in Resources */ = {isa = PBXBuildFile; fileRef = 638E736E17F78726000FFE53 /* Downloads@2x.png */; };
		638E737417F78726000FFE53 /* Favorites@2x.png in Resources */ = {isa = PBXBuildFile; fileRef = 638E736F17F78726000FFE53 /* Favorites@2x.png */; };
		638E737517F78726000FFE53 /* History@2x.png in Resources */ = {isa = PBXBuildFile; fileRef = 638E737017F78726000FFE53 /* History@2x.png */; };
		638E737617F78726000FFE53 /* MostViewed@2x.png in Resources */ = {isa = PBXBuildFile; fileRef = 638E737117F78726000FFE53 /* MostViewed@2x.png */; };
		638E737C17F78770000FFE53 /* Bookmarks.png in Resources */ = {isa = PBXBuildFile; fileRef = 638E737717F78770000FFE53 /* Bookmarks.png */; };
		638E737D17F78770000FFE53 /* Downloads.png in Resources */ = {isa = PBXBuildFile; fileRef = 638E737817F78770000FFE53 /* Downloads.png */; };
		638E737E17F78770000FFE53 /* Favorites.png in Resources */ = {isa = PBXBuildFile; fileRef = 638E737917F78770000FFE53 /* Favorites.png */; };
		638E737F17F78770000FFE53 /* History.png in Resources */ = {isa = PBXBuildFile; fileRef = 638E737A17F78770000FFE53 /* History.png */; };
		638E738017F78770000FFE53 /* MostViewed.png in Resources */ = {isa = PBXBuildFile; fileRef = 638E737B17F78770000FFE53 /* MostViewed.png */; };
		638E738317F7878F000FFE53 /* PlusMostViewed.png in Resources */ = {isa = PBXBuildFile; fileRef = 638E738117F7878F000FFE53 /* PlusMostViewed.png */; };
		638E738417F7878F000FFE53 /* PeopleMostViewed.png in Resources */ = {isa = PBXBuildFile; fileRef = 638E738217F7878F000FFE53 /* PeopleMostViewed.png */; };
		638E738F17F7B872000FFE53 /* DPTagTracksController.m in Sources */ = {isa = PBXBuildFile; fileRef = 638E738E17F7B872000FFE53 /* DPTagTracksController.m */; };
		638E739117F7C097000FFE53 /* MediaPlayer.framework in Frameworks */ = {isa = PBXBuildFile; fileRef = 638E739017F7C097000FFE53 /* MediaPlayer.framework */; };
		638E739317F7CAB3000FFE53 /* MessageUI.framework in Frameworks */ = {isa = PBXBuildFile; fileRef = 638E739217F7CAB3000FFE53 /* MessageUI.framework */; };
		638E739717F7DE1B000FFE53 /* Icon.png in Resources */ = {isa = PBXBuildFile; fileRef = 638E739617F7D3F7000FFE53 /* Icon.png */; };
		638E739A17F7E00D000FFE53 /* LaunchImage-568h@2x.png in Resources */ = {isa = PBXBuildFile; fileRef = 638E739817F7E00D000FFE53 /* LaunchImage-568h@2x.png */; };
		638E739B17F7E00D000FFE53 /* LaunchImage@2x.png in Resources */ = {isa = PBXBuildFile; fileRef = 638E739917F7E00D000FFE53 /* LaunchImage@2x.png */; };
		638E73A117F7E21A000FFE53 /* DPHomeViewController.m in Sources */ = {isa = PBXBuildFile; fileRef = 638E73A017F7E21A000FFE53 /* DPHomeViewController.m */; };
		638E73A417F7F8B3000FFE53 /* DPTeachableTagsController.m in Sources */ = {isa = PBXBuildFile; fileRef = 638E73A317F7F8B3000FFE53 /* DPTeachableTagsController.m */; };
		639F292617F94E9300517583 /* DPSearchViewController.m in Sources */ = {isa = PBXBuildFile; fileRef = 639F292517F94E9300517583 /* DPSearchViewController.m */; };
		639F292917FA643700517583 /* DPSettingsController.m in Sources */ = {isa = PBXBuildFile; fileRef = 639F292817FA643700517583 /* DPSettingsController.m */; };
		639F293017FA70AC00517583 /* ic_check_no@2x.png in Resources */ = {isa = PBXBuildFile; fileRef = 639F292E17FA70AC00517583 /* ic_check_no@2x.png */; };
		639F293117FA70AC00517583 /* ic_check_yes@2x.png in Resources */ = {isa = PBXBuildFile; fileRef = 639F292F17FA70AC00517583 /* ic_check_yes@2x.png */; };
		639F293918001DD000517583 /* libpitchperfectlib.a in Frameworks */ = {isa = PBXBuildFile; fileRef = 639F293818001DD000517583 /* libpitchperfectlib.a */; };
		639F293C1800C45300517583 /* DPTagVideoController.m in Sources */ = {isa = PBXBuildFile; fileRef = 639F293B1800C45300517583 /* DPTagVideoController.m */; };
		639F293E1800E84200517583 /* TagSummary@2x.png in Resources */ = {isa = PBXBuildFile; fileRef = 639F293D1800E84200517583 /* TagSummary@2x.png */; };
		639F29411800EEE000517583 /* Tracks@2x.png in Resources */ = {isa = PBXBuildFile; fileRef = 639F293F1800EEDF00517583 /* Tracks@2x.png */; };
		639F29421800EEE000517583 /* Videos@2x.png in Resources */ = {isa = PBXBuildFile; fileRef = 639F29401800EEDF00517583 /* Videos@2x.png */; };
		639F294618010A0500517583 /* CFNetwork.framework in Frameworks */ = {isa = PBXBuildFile; fileRef = 639F294518010A0400517583 /* CFNetwork.framework */; };
		639F294818010A0D00517583 /* CoreLocation.framework in Frameworks */ = {isa = PBXBuildFile; fileRef = 639F294718010A0D00517583 /* CoreLocation.framework */; };
		639F294A18010A1500517583 /* libz.1.1.3.dylib in Frameworks */ = {isa = PBXBuildFile; fileRef = 639F294918010A1500517583 /* libz.1.1.3.dylib */; };
		639F294C18010A1B00517583 /* MobileCoreServices.framework in Frameworks */ = {isa = PBXBuildFile; fileRef = 639F294B18010A1B00517583 /* MobileCoreServices.framework */; };
		639F294E18010A2100517583 /* QuartzCore.framework in Frameworks */ = {isa = PBXBuildFile; fileRef = 639F294D18010A2100517583 /* QuartzCore.framework */; };
		639F295018010A2800517583 /* Security.framework in Frameworks */ = {isa = PBXBuildFile; fileRef = 639F294F18010A2800517583 /* Security.framework */; };
		639F295218010A2F00517583 /* StoreKit.framework in Frameworks */ = {isa = PBXBuildFile; fileRef = 639F295118010A2F00517583 /* StoreKit.framework */; };
		639F295418010A3A00517583 /* SystemConfiguration.framework in Frameworks */ = {isa = PBXBuildFile; fileRef = 639F295318010A3A00517583 /* SystemConfiguration.framework */; };
		639F2959180125EC00517583 /* wickhop-handwriting.ttf in Resources */ = {isa = PBXBuildFile; fileRef = 639F2958180125EC00517583 /* wickhop-handwriting.ttf */; };
		63A54E1B19F457ED00F0364E /* Images.xcassets in Resources */ = {isa = PBXBuildFile; fileRef = 63A54E1A19F457ED00F0364E /* Images.xcassets */; };
		63D9471F1513198D000C8784 /* DPTag.m in Sources */ = {isa = PBXBuildFile; fileRef = 63D9471E1513198D000C8784 /* DPTag.m */; };
		63D9472215145BBC000C8784 /* DPRemoteLocation.m in Sources */ = {isa = PBXBuildFile; fileRef = 63D9472115145BBC000C8784 /* DPRemoteLocation.m */; };
		63D9472515145DE0000C8784 /* DPVideo.m in Sources */ = {isa = PBXBuildFile; fileRef = 63D9472415145DE0000C8784 /* DPVideo.m */; };
		63D9472815145EDD000C8784 /* DPTrack.m in Sources */ = {isa = PBXBuildFile; fileRef = 63D9472715145EDD000C8784 /* DPTrack.m */; };
		63E8667115DCADF000E0FC17 /* DPTagQueryViewController.m in Sources */ = {isa = PBXBuildFile; fileRef = 63E8667015DCADF000E0FC17 /* DPTagQueryViewController.m */; };
		63E8667415DCB86300E0FC17 /* DPTagCell.m in Sources */ = {isa = PBXBuildFile; fileRef = 63E8667315DCB86300E0FC17 /* DPTagCell.m */; };
		63E8667B15DCCBC600E0FC17 /* CoreAudio.framework in Frameworks */ = {isa = PBXBuildFile; fileRef = 63E8667A15DCCBC600E0FC17 /* CoreAudio.framework */; };
		63E8668215DCCCB300E0FC17 /* AudioToolbox.framework in Frameworks */ = {isa = PBXBuildFile; fileRef = 63E8667E15DCCBF500E0FC17 /* AudioToolbox.framework */; };
/* End PBXBuildFile section */

/* Begin PBXContainerItemProxy section */
		63712F1115130B21007997CC /* PBXContainerItemProxy */ = {
			isa = PBXContainerItemProxy;
			containerPortal = 63712EE215130B21007997CC /* Project object */;
			proxyType = 1;
			remoteGlobalIDString = 63712EEA15130B21007997CC;
			remoteInfo = tagmaster;
		};
/* End PBXContainerItemProxy section */

/* Begin PBXFileReference section */
		5AEFAE131808105FBD9DE380 /* Pods-tagmaster.release.xcconfig */ = {isa = PBXFileReference; includeInIndex = 1; lastKnownFileType = text.xcconfig; name = "Pods-tagmaster.release.xcconfig"; path = "Pods/Target Support Files/Pods-tagmaster/Pods-tagmaster.release.xcconfig"; sourceTree = "<group>"; };
		63225BF91A35523100857B44 /* LaunchScreen.xib */ = {isa = PBXFileReference; fileEncoding = 4; lastKnownFileType = file.xib; path = LaunchScreen.xib; sourceTree = "<group>"; };
		63336A3617F586CD00BC1EE2 /* DPBrowseViewController.h */ = {isa = PBXFileReference; fileEncoding = 4; lastKnownFileType = sourcecode.c.h; path = DPBrowseViewController.h; sourceTree = "<group>"; };
		63336A3717F586CD00BC1EE2 /* DPBrowseViewController.m */ = {isa = PBXFileReference; fileEncoding = 4; lastKnownFileType = sourcecode.c.objc; path = DPBrowseViewController.m; sourceTree = "<group>"; };
		63336A4317F6342400BC1EE2 /* DPTagViewController.h */ = {isa = PBXFileReference; fileEncoding = 4; lastKnownFileType = sourcecode.c.h; path = DPTagViewController.h; sourceTree = "<group>"; };
		63336A4417F6342400BC1EE2 /* DPTagViewController.m */ = {isa = PBXFileReference; fileEncoding = 4; lastKnownFileType = sourcecode.c.objc; path = DPTagViewController.m; sourceTree = "<group>"; };
		63336A4817F63E7700BC1EE2 /* DPTagSummaryController.h */ = {isa = PBXFileReference; fileEncoding = 4; lastKnownFileType = sourcecode.c.h; path = DPTagSummaryController.h; sourceTree = "<group>"; };
		63336A4917F63E7700BC1EE2 /* DPTagSummaryController.m */ = {isa = PBXFileReference; fileEncoding = 4; lastKnownFileType = sourcecode.c.objc; path = DPTagSummaryController.m; sourceTree = "<group>"; };
		63336A4F17F65F1A00BC1EE2 /* libdepolllib.a */ = {isa = PBXFileReference; lastKnownFileType = archive.ar; name = libdepolllib.a; path = "../depolllib/build/Debug-iphoneos/libdepolllib.a"; sourceTree = "<group>"; };
		63336A5917F6BC2300BC1EE2 /* QuickLook.framework */ = {isa = PBXFileReference; lastKnownFileType = wrapper.framework; name = QuickLook.framework; path = System/Library/Frameworks/QuickLook.framework; sourceTree = SDKROOT; };
		63336A5D17F6C4FF00BC1EE2 /* screenbackground@2x.png */ = {isa = PBXFileReference; lastKnownFileType = image.png; path = "screenbackground@2x.png"; sourceTree = "<group>"; };
		6364556F15156B3A002AD091 /* DPTagXMLParser.h */ = {isa = PBXFileReference; fileEncoding = 4; lastKnownFileType = sourcecode.c.h; name = DPTagXMLParser.h; path = Barbershop/DPTagXMLParser.h; sourceTree = "<group>"; };
		6364557015156B3A002AD091 /* DPTagXMLParser.m */ = {isa = PBXFileReference; fileEncoding = 4; lastKnownFileType = sourcecode.c.objc; name = DPTagXMLParser.m; path = Barbershop/DPTagXMLParser.m; sourceTree = "<group>"; };
		636455721515731A002AD091 /* DPTagQueryResult.h */ = {isa = PBXFileReference; fileEncoding = 4; lastKnownFileType = sourcecode.c.h; name = DPTagQueryResult.h; path = Barbershop/DPTagQueryResult.h; sourceTree = "<group>"; };
		636455731515731A002AD091 /* DPTagQueryResult.m */ = {isa = PBXFileReference; fileEncoding = 4; lastKnownFileType = sourcecode.c.objc; name = DPTagQueryResult.m; path = Barbershop/DPTagQueryResult.m; sourceTree = "<group>"; };
		63645575151588E2002AD091 /* DPBarbershop.h */ = {isa = PBXFileReference; lastKnownFileType = sourcecode.c.h; path = DPBarbershop.h; sourceTree = "<group>"; };
		63712EEB15130B21007997CC /* tagmaster.app */ = {isa = PBXFileReference; explicitFileType = wrapper.application; includeInIndex = 0; path = tagmaster.app; sourceTree = BUILT_PRODUCTS_DIR; };
		63712EEF15130B21007997CC /* UIKit.framework */ = {isa = PBXFileReference; lastKnownFileType = wrapper.framework; name = UIKit.framework; path = System/Library/Frameworks/UIKit.framework; sourceTree = SDKROOT; };
		63712EF115130B21007997CC /* Foundation.framework */ = {isa = PBXFileReference; lastKnownFileType = wrapper.framework; name = Foundation.framework; path = System/Library/Frameworks/Foundation.framework; sourceTree = SDKROOT; };
		63712EF315130B21007997CC /* CoreGraphics.framework */ = {isa = PBXFileReference; lastKnownFileType = wrapper.framework; name = CoreGraphics.framework; path = System/Library/Frameworks/CoreGraphics.framework; sourceTree = SDKROOT; };
		63712EF515130B21007997CC /* CoreData.framework */ = {isa = PBXFileReference; lastKnownFileType = wrapper.framework; name = CoreData.framework; path = System/Library/Frameworks/CoreData.framework; sourceTree = SDKROOT; };
		63712EF915130B21007997CC /* tagmaster-Info.plist */ = {isa = PBXFileReference; lastKnownFileType = text.plist.xml; path = "tagmaster-Info.plist"; sourceTree = "<group>"; };
		63712EFB15130B21007997CC /* en */ = {isa = PBXFileReference; lastKnownFileType = text.plist.strings; name = en; path = en.lproj/InfoPlist.strings; sourceTree = "<group>"; };
		63712EFD15130B21007997CC /* main.m */ = {isa = PBXFileReference; lastKnownFileType = sourcecode.c.objc; path = main.m; sourceTree = "<group>"; };
		63712EFF15130B21007997CC /* tagmaster-Prefix.pch */ = {isa = PBXFileReference; lastKnownFileType = sourcecode.c.h; path = "tagmaster-Prefix.pch"; sourceTree = "<group>"; };
		63712F0015130B21007997CC /* DPAppDelegate.h */ = {isa = PBXFileReference; lastKnownFileType = sourcecode.c.h; path = DPAppDelegate.h; sourceTree = "<group>"; };
		63712F0115130B21007997CC /* DPAppDelegate.m */ = {isa = PBXFileReference; lastKnownFileType = sourcecode.c.objc; path = DPAppDelegate.m; sourceTree = "<group>"; };
		63712F0B15130B21007997CC /* tagmasterTests.xctest */ = {isa = PBXFileReference; explicitFileType = wrapper.cfbundle; includeInIndex = 0; path = tagmasterTests.xctest; sourceTree = BUILT_PRODUCTS_DIR; };
		63712F1515130B21007997CC /* tagmasterTests-Info.plist */ = {isa = PBXFileReference; lastKnownFileType = text.plist.xml; path = "tagmasterTests-Info.plist"; sourceTree = "<group>"; };
		63712F1715130B21007997CC /* en */ = {isa = PBXFileReference; lastKnownFileType = text.plist.strings; name = en; path = en.lproj/InfoPlist.strings; sourceTree = "<group>"; };
		63712F1915130B21007997CC /* tagmasterTests.h */ = {isa = PBXFileReference; lastKnownFileType = sourcecode.c.h; path = tagmasterTests.h; sourceTree = "<group>"; };
		63712F1A15130B21007997CC /* tagmasterTests.m */ = {isa = PBXFileReference; lastKnownFileType = sourcecode.c.objc; path = tagmasterTests.m; sourceTree = "<group>"; };
		638E735917F769E7000FFE53 /* DPTagDetailController.h */ = {isa = PBXFileReference; fileEncoding = 4; lastKnownFileType = sourcecode.c.h; path = DPTagDetailController.h; sourceTree = "<group>"; };
		638E735A17F769E7000FFE53 /* DPTagDetailController.m */ = {isa = PBXFileReference; fileEncoding = 4; lastKnownFileType = sourcecode.c.objc; path = DPTagDetailController.m; sourceTree = "<group>"; };
		638E735D17F76B13000FFE53 /* DPTagPageControllerBase.h */ = {isa = PBXFileReference; fileEncoding = 4; lastKnownFileType = sourcecode.c.h; path = DPTagPageControllerBase.h; sourceTree = "<group>"; };
		638E735E17F76B13000FFE53 /* DPTagPageControllerBase.m */ = {isa = PBXFileReference; fileEncoding = 4; lastKnownFileType = sourcecode.c.objc; path = DPTagPageControllerBase.m; sourceTree = "<group>"; };
		638E736917F786CF000FFE53 /* PlusMostViewed@2x.png */ = {isa = PBXFileReference; lastKnownFileType = image.png; path = "PlusMostViewed@2x.png"; sourceTree = "<group>"; };
		638E736A17F786CF000FFE53 /* PeopleMostViewed@2x.png */ = {isa = PBXFileReference; lastKnownFileType = image.png; path = "PeopleMostViewed@2x.png"; sourceTree = "<group>"; };
		638E736D17F78726000FFE53 /* Bookmarks@2x.png */ = {isa = PBXFileReference; lastKnownFileType = image.png; path = "Bookmarks@2x.png"; sourceTree = "<group>"; };
		638E736E17F78726000FFE53 /* Downloads@2x.png */ = {isa = PBXFileReference; lastKnownFileType = image.png; path = "Downloads@2x.png"; sourceTree = "<group>"; };
		638E736F17F78726000FFE53 /* Favorites@2x.png */ = {isa = PBXFileReference; lastKnownFileType = image.png; path = "Favorites@2x.png"; sourceTree = "<group>"; };
		638E737017F78726000FFE53 /* History@2x.png */ = {isa = PBXFileReference; lastKnownFileType = image.png; path = "History@2x.png"; sourceTree = "<group>"; };
		638E737117F78726000FFE53 /* MostViewed@2x.png */ = {isa = PBXFileReference; lastKnownFileType = image.png; path = "MostViewed@2x.png"; sourceTree = "<group>"; };
		638E737717F78770000FFE53 /* Bookmarks.png */ = {isa = PBXFileReference; lastKnownFileType = image.png; path = Bookmarks.png; sourceTree = "<group>"; };
		638E737817F78770000FFE53 /* Downloads.png */ = {isa = PBXFileReference; lastKnownFileType = image.png; path = Downloads.png; sourceTree = "<group>"; };
		638E737917F78770000FFE53 /* Favorites.png */ = {isa = PBXFileReference; lastKnownFileType = image.png; path = Favorites.png; sourceTree = "<group>"; };
		638E737A17F78770000FFE53 /* History.png */ = {isa = PBXFileReference; lastKnownFileType = image.png; path = History.png; sourceTree = "<group>"; };
		638E737B17F78770000FFE53 /* MostViewed.png */ = {isa = PBXFileReference; lastKnownFileType = image.png; path = MostViewed.png; sourceTree = "<group>"; };
		638E738117F7878F000FFE53 /* PlusMostViewed.png */ = {isa = PBXFileReference; lastKnownFileType = image.png; path = PlusMostViewed.png; sourceTree = "<group>"; };
		638E738217F7878F000FFE53 /* PeopleMostViewed.png */ = {isa = PBXFileReference; lastKnownFileType = image.png; path = PeopleMostViewed.png; sourceTree = "<group>"; };
		638E738D17F7B871000FFE53 /* DPTagTracksController.h */ = {isa = PBXFileReference; fileEncoding = 4; lastKnownFileType = sourcecode.c.h; path = DPTagTracksController.h; sourceTree = "<group>"; };
		638E738E17F7B872000FFE53 /* DPTagTracksController.m */ = {isa = PBXFileReference; fileEncoding = 4; lastKnownFileType = sourcecode.c.objc; path = DPTagTracksController.m; sourceTree = "<group>"; };
		638E739017F7C097000FFE53 /* MediaPlayer.framework */ = {isa = PBXFileReference; lastKnownFileType = wrapper.framework; name = MediaPlayer.framework; path = System/Library/Frameworks/MediaPlayer.framework; sourceTree = SDKROOT; };
		638E739217F7CAB3000FFE53 /* MessageUI.framework */ = {isa = PBXFileReference; lastKnownFileType = wrapper.framework; name = MessageUI.framework; path = System/Library/Frameworks/MessageUI.framework; sourceTree = SDKROOT; };
		638E739617F7D3F7000FFE53 /* Icon.png */ = {isa = PBXFileReference; lastKnownFileType = image.png; path = Icon.png; sourceTree = "<group>"; };
		638E739817F7E00D000FFE53 /* LaunchImage-568h@2x.png */ = {isa = PBXFileReference; lastKnownFileType = image.png; path = "LaunchImage-568h@2x.png"; sourceTree = "<group>"; };
		638E739917F7E00D000FFE53 /* LaunchImage@2x.png */ = {isa = PBXFileReference; lastKnownFileType = image.png; path = "LaunchImage@2x.png"; sourceTree = "<group>"; };
		638E739F17F7E21A000FFE53 /* DPHomeViewController.h */ = {isa = PBXFileReference; fileEncoding = 4; lastKnownFileType = sourcecode.c.h; path = DPHomeViewController.h; sourceTree = "<group>"; };
		638E73A017F7E21A000FFE53 /* DPHomeViewController.m */ = {isa = PBXFileReference; fileEncoding = 4; lastKnownFileType = sourcecode.c.objc; path = DPHomeViewController.m; sourceTree = "<group>"; };
		638E73A217F7F8B3000FFE53 /* DPTeachableTagsController.h */ = {isa = PBXFileReference; fileEncoding = 4; lastKnownFileType = sourcecode.c.h; path = DPTeachableTagsController.h; sourceTree = "<group>"; };
		638E73A317F7F8B3000FFE53 /* DPTeachableTagsController.m */ = {isa = PBXFileReference; fileEncoding = 4; lastKnownFileType = sourcecode.c.objc; path = DPTeachableTagsController.m; sourceTree = "<group>"; };
		639F292417F94E9300517583 /* DPSearchViewController.h */ = {isa = PBXFileReference; fileEncoding = 4; lastKnownFileType = sourcecode.c.h; path = DPSearchViewController.h; sourceTree = "<group>"; };
		639F292517F94E9300517583 /* DPSearchViewController.m */ = {isa = PBXFileReference; fileEncoding = 4; lastKnownFileType = sourcecode.c.objc; path = DPSearchViewController.m; sourceTree = "<group>"; };
		639F292717FA643700517583 /* DPSettingsController.h */ = {isa = PBXFileReference; fileEncoding = 4; lastKnownFileType = sourcecode.c.h; path = DPSettingsController.h; sourceTree = "<group>"; };
		639F292817FA643700517583 /* DPSettingsController.m */ = {isa = PBXFileReference; fileEncoding = 4; lastKnownFileType = sourcecode.c.objc; path = DPSettingsController.m; sourceTree = "<group>"; };
		639F292E17FA70AC00517583 /* ic_check_no@2x.png */ = {isa = PBXFileReference; lastKnownFileType = image.png; path = "ic_check_no@2x.png"; sourceTree = "<group>"; };
		639F292F17FA70AC00517583 /* ic_check_yes@2x.png */ = {isa = PBXFileReference; lastKnownFileType = image.png; path = "ic_check_yes@2x.png"; sourceTree = "<group>"; };
		639F293618001D8100517583 /* libpitchperfectlib.a */ = {isa = PBXFileReference; lastKnownFileType = archive.ar; name = libpitchperfectlib.a; path = "../pitchperfect/pitchperfectlib/build/Debug-iphoneos/libpitchperfectlib.a"; sourceTree = "<group>"; };
		639F293818001DD000517583 /* libpitchperfectlib.a */ = {isa = PBXFileReference; lastKnownFileType = archive.ar; name = libpitchperfectlib.a; path = "../pitchperfect/pitchperfectlib/build/Debug-iphoneos/libpitchperfectlib.a"; sourceTree = "<group>"; };
		639F293A1800C45300517583 /* DPTagVideoController.h */ = {isa = PBXFileReference; fileEncoding = 4; lastKnownFileType = sourcecode.c.h; path = DPTagVideoController.h; sourceTree = "<group>"; };
		639F293B1800C45300517583 /* DPTagVideoController.m */ = {isa = PBXFileReference; fileEncoding = 4; lastKnownFileType = sourcecode.c.objc; path = DPTagVideoController.m; sourceTree = "<group>"; };
		639F293D1800E84200517583 /* TagSummary@2x.png */ = {isa = PBXFileReference; lastKnownFileType = image.png; path = "TagSummary@2x.png"; sourceTree = "<group>"; };
		639F293F1800EEDF00517583 /* Tracks@2x.png */ = {isa = PBXFileReference; lastKnownFileType = image.png; path = "Tracks@2x.png"; sourceTree = "<group>"; };
		639F29401800EEDF00517583 /* Videos@2x.png */ = {isa = PBXFileReference; lastKnownFileType = image.png; path = "Videos@2x.png"; sourceTree = "<group>"; };
		639F294518010A0400517583 /* CFNetwork.framework */ = {isa = PBXFileReference; lastKnownFileType = wrapper.framework; name = CFNetwork.framework; path = System/Library/Frameworks/CFNetwork.framework; sourceTree = SDKROOT; };
		639F294718010A0D00517583 /* CoreLocation.framework */ = {isa = PBXFileReference; lastKnownFileType = wrapper.framework; name = CoreLocation.framework; path = System/Library/Frameworks/CoreLocation.framework; sourceTree = SDKROOT; };
		639F294918010A1500517583 /* libz.1.1.3.dylib */ = {isa = PBXFileReference; lastKnownFileType = "compiled.mach-o.dylib"; name = libz.1.1.3.dylib; path = usr/lib/libz.1.1.3.dylib; sourceTree = SDKROOT; };
		639F294B18010A1B00517583 /* MobileCoreServices.framework */ = {isa = PBXFileReference; lastKnownFileType = wrapper.framework; name = MobileCoreServices.framework; path = System/Library/Frameworks/MobileCoreServices.framework; sourceTree = SDKROOT; };
		639F294D18010A2100517583 /* QuartzCore.framework */ = {isa = PBXFileReference; lastKnownFileType = wrapper.framework; name = QuartzCore.framework; path = System/Library/Frameworks/QuartzCore.framework; sourceTree = SDKROOT; };
		639F294F18010A2800517583 /* Security.framework */ = {isa = PBXFileReference; lastKnownFileType = wrapper.framework; name = Security.framework; path = System/Library/Frameworks/Security.framework; sourceTree = SDKROOT; };
		639F295118010A2F00517583 /* StoreKit.framework */ = {isa = PBXFileReference; lastKnownFileType = wrapper.framework; name = StoreKit.framework; path = System/Library/Frameworks/StoreKit.framework; sourceTree = SDKROOT; };
		639F295318010A3A00517583 /* SystemConfiguration.framework */ = {isa = PBXFileReference; lastKnownFileType = wrapper.framework; name = SystemConfiguration.framework; path = System/Library/Frameworks/SystemConfiguration.framework; sourceTree = SDKROOT; };
		639F2958180125EC00517583 /* wickhop-handwriting.ttf */ = {isa = PBXFileReference; lastKnownFileType = file; path = "wickhop-handwriting.ttf"; sourceTree = "<group>"; };
		63A54E1A19F457ED00F0364E /* Images.xcassets */ = {isa = PBXFileReference; lastKnownFileType = folder.assetcatalog; path = Images.xcassets; sourceTree = "<group>"; };
		63D9471D1513198D000C8784 /* DPTag.h */ = {isa = PBXFileReference; fileEncoding = 4; lastKnownFileType = sourcecode.c.h; name = DPTag.h; path = Barbershop/DPTag.h; sourceTree = "<group>"; };
		63D9471E1513198D000C8784 /* DPTag.m */ = {isa = PBXFileReference; fileEncoding = 4; lastKnownFileType = sourcecode.c.objc; name = DPTag.m; path = Barbershop/DPTag.m; sourceTree = "<group>"; };
		63D9472015145BBC000C8784 /* DPRemoteLocation.h */ = {isa = PBXFileReference; fileEncoding = 4; lastKnownFileType = sourcecode.c.h; name = DPRemoteLocation.h; path = Barbershop/DPRemoteLocation.h; sourceTree = "<group>"; };
		63D9472115145BBC000C8784 /* DPRemoteLocation.m */ = {isa = PBXFileReference; fileEncoding = 4; lastKnownFileType = sourcecode.c.objc; name = DPRemoteLocation.m; path = Barbershop/DPRemoteLocation.m; sourceTree = "<group>"; };
		63D9472315145DE0000C8784 /* DPVideo.h */ = {isa = PBXFileReference; fileEncoding = 4; lastKnownFileType = sourcecode.c.h; name = DPVideo.h; path = Barbershop/DPVideo.h; sourceTree = "<group>"; };
		63D9472415145DE0000C8784 /* DPVideo.m */ = {isa = PBXFileReference; fileEncoding = 4; lastKnownFileType = sourcecode.c.objc; name = DPVideo.m; path = Barbershop/DPVideo.m; sourceTree = "<group>"; };
		63D9472615145EDD000C8784 /* DPTrack.h */ = {isa = PBXFileReference; fileEncoding = 4; lastKnownFileType = sourcecode.c.h; name = DPTrack.h; path = Barbershop/DPTrack.h; sourceTree = "<group>"; };
		63D9472715145EDD000C8784 /* DPTrack.m */ = {isa = PBXFileReference; fileEncoding = 4; lastKnownFileType = sourcecode.c.objc; name = DPTrack.m; path = Barbershop/DPTrack.m; sourceTree = "<group>"; };
		63D9472A15145FD3000C8784 /* DPConstants.h */ = {isa = PBXFileReference; lastKnownFileType = sourcecode.c.h; name = DPConstants.h; path = Barbershop/DPConstants.h; sourceTree = "<group>"; };
		63E8666F15DCADF000E0FC17 /* DPTagQueryViewController.h */ = {isa = PBXFileReference; fileEncoding = 4; lastKnownFileType = sourcecode.c.h; path = DPTagQueryViewController.h; sourceTree = "<group>"; };
		63E8667015DCADF000E0FC17 /* DPTagQueryViewController.m */ = {isa = PBXFileReference; fileEncoding = 4; lastKnownFileType = sourcecode.c.objc; path = DPTagQueryViewController.m; sourceTree = "<group>"; };
		63E8667215DCB86300E0FC17 /* DPTagCell.h */ = {isa = PBXFileReference; fileEncoding = 4; lastKnownFileType = sourcecode.c.h; path = DPTagCell.h; sourceTree = "<group>"; };
		63E8667315DCB86300E0FC17 /* DPTagCell.m */ = {isa = PBXFileReference; fileEncoding = 4; lastKnownFileType = sourcecode.c.objc; path = DPTagCell.m; sourceTree = "<group>"; };
		63E8667815DCCB9B00E0FC17 /* AudioUnit.framework */ = {isa = PBXFileReference; lastKnownFileType = wrapper.framework; name = AudioUnit.framework; path = System/Library/Frameworks/AudioUnit.framework; sourceTree = SDKROOT; };
		63E8667A15DCCBC600E0FC17 /* CoreAudio.framework */ = {isa = PBXFileReference; lastKnownFileType = wrapper.framework; name = CoreAudio.framework; path = System/Library/Frameworks/CoreAudio.framework; sourceTree = SDKROOT; };
		63E8667C15DCCBE900E0FC17 /* AVFoundation.framework */ = {isa = PBXFileReference; lastKnownFileType = wrapper.framework; name = AVFoundation.framework; path = System/Library/Frameworks/AVFoundation.framework; sourceTree = SDKROOT; };
		63E8667E15DCCBF500E0FC17 /* AudioToolbox.framework */ = {isa = PBXFileReference; lastKnownFileType = wrapper.framework; name = AudioToolbox.framework; path = System/Library/Frameworks/AudioToolbox.framework; sourceTree = SDKROOT; };
		7F604058A3842AEC554DD921 /* Pods-tagmaster.debug.xcconfig */ = {isa = PBXFileReference; includeInIndex = 1; lastKnownFileType = text.xcconfig; name = "Pods-tagmaster.debug.xcconfig"; path = "Pods/Target Support Files/Pods-tagmaster/Pods-tagmaster.debug.xcconfig"; sourceTree = "<group>"; };
		CAADBAFE3917F6AFF5B11B84 /* libPods-tagmaster.a */ = {isa = PBXFileReference; explicitFileType = archive.ar; includeInIndex = 0; path = "libPods-tagmaster.a"; sourceTree = BUILT_PRODUCTS_DIR; };
/* End PBXFileReference section */

/* Begin PBXFrameworksBuildPhase section */
		63712EE815130B21007997CC /* Frameworks */ = {
			isa = PBXFrameworksBuildPhase;
			buildActionMask = 2147483647;
			files = (
				639F295418010A3A00517583 /* SystemConfiguration.framework in Frameworks */,
				639F295218010A2F00517583 /* StoreKit.framework in Frameworks */,
				639F295018010A2800517583 /* Security.framework in Frameworks */,
				639F294E18010A2100517583 /* QuartzCore.framework in Frameworks */,
				639F294C18010A1B00517583 /* MobileCoreServices.framework in Frameworks */,
				639F294A18010A1500517583 /* libz.1.1.3.dylib in Frameworks */,
				639F294818010A0D00517583 /* CoreLocation.framework in Frameworks */,
				639F294618010A0500517583 /* CFNetwork.framework in Frameworks */,
				639F293918001DD000517583 /* libpitchperfectlib.a in Frameworks */,
				638E739317F7CAB3000FFE53 /* MessageUI.framework in Frameworks */,
				638E739117F7C097000FFE53 /* MediaPlayer.framework in Frameworks */,
				63336A5A17F6BC2300BC1EE2 /* QuickLook.framework in Frameworks */,
				63E8668215DCCCB300E0FC17 /* AudioToolbox.framework in Frameworks */,
				63712EF015130B21007997CC /* UIKit.framework in Frameworks */,
				63712EF215130B21007997CC /* Foundation.framework in Frameworks */,
				63E8667B15DCCBC600E0FC17 /* CoreAudio.framework in Frameworks */,
				63712EF415130B21007997CC /* CoreGraphics.framework in Frameworks */,
				63712EF615130B21007997CC /* CoreData.framework in Frameworks */,
				1E023EA126EA89E4D4AC6135 /* libPods-tagmaster.a in Frameworks */,
			);
			runOnlyForDeploymentPostprocessing = 0;
		};
		63712F0715130B21007997CC /* Frameworks */ = {
			isa = PBXFrameworksBuildPhase;
			buildActionMask = 2147483647;
			files = (
				63712F0E15130B21007997CC /* UIKit.framework in Frameworks */,
				63712F0F15130B21007997CC /* Foundation.framework in Frameworks */,
				63712F1015130B21007997CC /* CoreData.framework in Frameworks */,
			);
			runOnlyForDeploymentPostprocessing = 0;
		};
/* End PBXFrameworksBuildPhase section */

/* Begin PBXGroup section */
		45190FF4DDFDC07A4A3F2AD9 /* Pods */ = {
			isa = PBXGroup;
			children = (
				7F604058A3842AEC554DD921 /* Pods-tagmaster.debug.xcconfig */,
				5AEFAE131808105FBD9DE380 /* Pods-tagmaster.release.xcconfig */,
			);
			name = Pods;
			sourceTree = "<group>";
		};
		63712EE015130B21007997CC = {
			isa = PBXGroup;
			children = (
				63225BF91A35523100857B44 /* LaunchScreen.xib */,
				639F2958180125EC00517583 /* wickhop-handwriting.ttf */,
				639F292E17FA70AC00517583 /* ic_check_no@2x.png */,
				639F292F17FA70AC00517583 /* ic_check_yes@2x.png */,
				638E739817F7E00D000FFE53 /* LaunchImage-568h@2x.png */,
				638E739917F7E00D000FFE53 /* LaunchImage@2x.png */,
				638E739617F7D3F7000FFE53 /* Icon.png */,
				63336A5D17F6C4FF00BC1EE2 /* screenbackground@2x.png */,
				63E8667E15DCCBF500E0FC17 /* AudioToolbox.framework */,
				63E8667C15DCCBE900E0FC17 /* AVFoundation.framework */,
				63E8667A15DCCBC600E0FC17 /* CoreAudio.framework */,
				63E8667815DCCB9B00E0FC17 /* AudioUnit.framework */,
				63712EF715130B21007997CC /* tagmaster */,
				63712F1315130B21007997CC /* tagmasterTests */,
				63712EEE15130B21007997CC /* Frameworks */,
				63712EEC15130B21007997CC /* Products */,
				45190FF4DDFDC07A4A3F2AD9 /* Pods */,
			);
			sourceTree = "<group>";
		};
		63712EEC15130B21007997CC /* Products */ = {
			isa = PBXGroup;
			children = (
				63712EEB15130B21007997CC /* tagmaster.app */,
				63712F0B15130B21007997CC /* tagmasterTests.xctest */,
			);
			name = Products;
			sourceTree = "<group>";
		};
		63712EEE15130B21007997CC /* Frameworks */ = {
			isa = PBXGroup;
			children = (
				639F295318010A3A00517583 /* SystemConfiguration.framework */,
				639F295118010A2F00517583 /* StoreKit.framework */,
				639F294F18010A2800517583 /* Security.framework */,
				639F294D18010A2100517583 /* QuartzCore.framework */,
				639F294B18010A1B00517583 /* MobileCoreServices.framework */,
				639F294918010A1500517583 /* libz.1.1.3.dylib */,
				639F294718010A0D00517583 /* CoreLocation.framework */,
				639F294518010A0400517583 /* CFNetwork.framework */,
				639F293818001DD000517583 /* libpitchperfectlib.a */,
				639F293618001D8100517583 /* libpitchperfectlib.a */,
				638E739217F7CAB3000FFE53 /* MessageUI.framework */,
				638E739017F7C097000FFE53 /* MediaPlayer.framework */,
				63336A5917F6BC2300BC1EE2 /* QuickLook.framework */,
				63336A4F17F65F1A00BC1EE2 /* libdepolllib.a */,
				63712EEF15130B21007997CC /* UIKit.framework */,
				63712EF115130B21007997CC /* Foundation.framework */,
				63712EF315130B21007997CC /* CoreGraphics.framework */,
				63712EF515130B21007997CC /* CoreData.framework */,
				CAADBAFE3917F6AFF5B11B84 /* libPods-tagmaster.a */,
			);
			name = Frameworks;
			sourceTree = "<group>";
		};
		63712EF715130B21007997CC /* tagmaster */ = {
			isa = PBXGroup;
			children = (
				63D9472B151465B5000C8784 /* Barbershop */,
				63712F0015130B21007997CC /* DPAppDelegate.h */,
				63712F0115130B21007997CC /* DPAppDelegate.m */,
				63336A3617F586CD00BC1EE2 /* DPBrowseViewController.h */,
				63336A3717F586CD00BC1EE2 /* DPBrowseViewController.m */,
				638E739F17F7E21A000FFE53 /* DPHomeViewController.h */,
				638E73A017F7E21A000FFE53 /* DPHomeViewController.m */,
				639F292417F94E9300517583 /* DPSearchViewController.h */,
				639F292517F94E9300517583 /* DPSearchViewController.m */,
				639F292717FA643700517583 /* DPSettingsController.h */,
				639F292817FA643700517583 /* DPSettingsController.m */,
				63E8667215DCB86300E0FC17 /* DPTagCell.h */,
				63E8667315DCB86300E0FC17 /* DPTagCell.m */,
				638E735917F769E7000FFE53 /* DPTagDetailController.h */,
				638E735A17F769E7000FFE53 /* DPTagDetailController.m */,
				638E735D17F76B13000FFE53 /* DPTagPageControllerBase.h */,
				638E735E17F76B13000FFE53 /* DPTagPageControllerBase.m */,
				63E8666F15DCADF000E0FC17 /* DPTagQueryViewController.h */,
				63E8667015DCADF000E0FC17 /* DPTagQueryViewController.m */,
				63336A4817F63E7700BC1EE2 /* DPTagSummaryController.h */,
				63336A4917F63E7700BC1EE2 /* DPTagSummaryController.m */,
				638E738D17F7B871000FFE53 /* DPTagTracksController.h */,
				638E738E17F7B872000FFE53 /* DPTagTracksController.m */,
				639F293A1800C45300517583 /* DPTagVideoController.h */,
				639F293B1800C45300517583 /* DPTagVideoController.m */,
				63336A4317F6342400BC1EE2 /* DPTagViewController.h */,
				63336A4417F6342400BC1EE2 /* DPTagViewController.m */,
				638E73A217F7F8B3000FFE53 /* DPTeachableTagsController.h */,
				638E73A317F7F8B3000FFE53 /* DPTeachableTagsController.m */,
				638E736417F786A5000FFE53 /* Icons */,
				63A54E1A19F457ED00F0364E /* Images.xcassets */,
				63712EF815130B21007997CC /* Supporting Files */,
			);
			path = tagmaster;
			sourceTree = "<group>";
		};
		63712EF815130B21007997CC /* Supporting Files */ = {
			isa = PBXGroup;
			children = (
				63712EF915130B21007997CC /* tagmaster-Info.plist */,
				63712EFA15130B21007997CC /* InfoPlist.strings */,
				63712EFD15130B21007997CC /* main.m */,
				63712EFF15130B21007997CC /* tagmaster-Prefix.pch */,
			);
			name = "Supporting Files";
			sourceTree = "<group>";
		};
		63712F1315130B21007997CC /* tagmasterTests */ = {
			isa = PBXGroup;
			children = (
				63712F1915130B21007997CC /* tagmasterTests.h */,
				63712F1A15130B21007997CC /* tagmasterTests.m */,
				63712F1415130B21007997CC /* Supporting Files */,
			);
			path = tagmasterTests;
			sourceTree = "<group>";
		};
		63712F1415130B21007997CC /* Supporting Files */ = {
			isa = PBXGroup;
			children = (
				63712F1515130B21007997CC /* tagmasterTests-Info.plist */,
				63712F1615130B21007997CC /* InfoPlist.strings */,
			);
			name = "Supporting Files";
			sourceTree = "<group>";
		};
		638E736417F786A5000FFE53 /* Icons */ = {
			isa = PBXGroup;
			children = (
				639F293F1800EEDF00517583 /* Tracks@2x.png */,
				639F29401800EEDF00517583 /* Videos@2x.png */,
				639F293D1800E84200517583 /* TagSummary@2x.png */,
				638E737717F78770000FFE53 /* Bookmarks.png */,
				638E736D17F78726000FFE53 /* Bookmarks@2x.png */,
				638E737817F78770000FFE53 /* Downloads.png */,
				638E736E17F78726000FFE53 /* Downloads@2x.png */,
				638E737917F78770000FFE53 /* Favorites.png */,
				638E736F17F78726000FFE53 /* Favorites@2x.png */,
				638E737A17F78770000FFE53 /* History.png */,
				638E737017F78726000FFE53 /* History@2x.png */,
				638E737B17F78770000FFE53 /* MostViewed.png */,
				638E737117F78726000FFE53 /* MostViewed@2x.png */,
				638E738217F7878F000FFE53 /* PeopleMostViewed.png */,
				638E736A17F786CF000FFE53 /* PeopleMostViewed@2x.png */,
				638E738117F7878F000FFE53 /* PlusMostViewed.png */,
				638E736917F786CF000FFE53 /* PlusMostViewed@2x.png */,
			);
			name = Icons;
			sourceTree = "<group>";
		};
		63D9472B151465B5000C8784 /* Barbershop */ = {
			isa = PBXGroup;
			children = (
				63645575151588E2002AD091 /* DPBarbershop.h */,
				63D9472A15145FD3000C8784 /* DPConstants.h */,
				63D9472015145BBC000C8784 /* DPRemoteLocation.h */,
				63D9472115145BBC000C8784 /* DPRemoteLocation.m */,
				63D9471D1513198D000C8784 /* DPTag.h */,
				63D9471E1513198D000C8784 /* DPTag.m */,
				636455721515731A002AD091 /* DPTagQueryResult.h */,
				636455731515731A002AD091 /* DPTagQueryResult.m */,
				6364556F15156B3A002AD091 /* DPTagXMLParser.h */,
				6364557015156B3A002AD091 /* DPTagXMLParser.m */,
				63D9472615145EDD000C8784 /* DPTrack.h */,
				63D9472715145EDD000C8784 /* DPTrack.m */,
				63D9472315145DE0000C8784 /* DPVideo.h */,
				63D9472415145DE0000C8784 /* DPVideo.m */,
			);
			name = Barbershop;
			sourceTree = "<group>";
		};
/* End PBXGroup section */

/* Begin PBXNativeTarget section */
		63712EEA15130B21007997CC /* tagmaster */ = {
			isa = PBXNativeTarget;
			buildConfigurationList = 63712F1E15130B21007997CC /* Build configuration list for PBXNativeTarget "tagmaster" */;
			buildPhases = (
				181574B940F9F565193F04B8 /* [CP] Check Pods Manifest.lock */,
				63712EE715130B21007997CC /* Sources */,
				63712EE815130B21007997CC /* Frameworks */,
				63712EE915130B21007997CC /* Resources */,
				F8507DBFA6B725D197D7985F /* [CP] Embed Pods Frameworks */,
				6335FEF2EE9FF3937C429D61 /* [CP] Copy Pods Resources */,
			);
			buildRules = (
			);
			dependencies = (
			);
			name = tagmaster;
			productName = tagmaster;
			productReference = 63712EEB15130B21007997CC /* tagmaster.app */;
			productType = "com.apple.product-type.application";
		};
		63712F0A15130B21007997CC /* tagmasterTests */ = {
			isa = PBXNativeTarget;
			buildConfigurationList = 63712F2115130B21007997CC /* Build configuration list for PBXNativeTarget "tagmasterTests" */;
			buildPhases = (
				63712F0615130B21007997CC /* Sources */,
				63712F0715130B21007997CC /* Frameworks */,
				63712F0815130B21007997CC /* Resources */,
				63712F0915130B21007997CC /* ShellScript */,
			);
			buildRules = (
			);
			dependencies = (
				63712F1215130B21007997CC /* PBXTargetDependency */,
			);
			name = tagmasterTests;
			productName = tagmasterTests;
			productReference = 63712F0B15130B21007997CC /* tagmasterTests.xctest */;
			productType = "com.apple.product-type.bundle.unit-test";
		};
/* End PBXNativeTarget section */

/* Begin PBXProject section */
		63712EE215130B21007997CC /* Project object */ = {
			isa = PBXProject;
			attributes = {
				LastTestingUpgradeCheck = 0510;
				LastUpgradeCheck = 0810;
				ORGANIZATIONNAME = DepollSoft;
				TargetAttributes = {
					63712EEA15130B21007997CC = {
						DevelopmentTeam = 43AWMS3YJX;
					};
				};
			};
			buildConfigurationList = 63712EE515130B21007997CC /* Build configuration list for PBXProject "tagmaster" */;
			compatibilityVersion = "Xcode 3.2";
			developmentRegion = English;
			hasScannedForEncodings = 0;
			knownRegions = (
				en,
			);
			mainGroup = 63712EE015130B21007997CC;
			productRefGroup = 63712EEC15130B21007997CC /* Products */;
			projectDirPath = "";
			projectRoot = "";
			targets = (
				63712EEA15130B21007997CC /* tagmaster */,
				63712F0A15130B21007997CC /* tagmasterTests */,
			);
		};
/* End PBXProject section */

/* Begin PBXResourcesBuildPhase section */
		63712EE915130B21007997CC /* Resources */ = {
			isa = PBXResourcesBuildPhase;
			buildActionMask = 2147483647;
			files = (
				639F293E1800E84200517583 /* TagSummary@2x.png in Resources */,
				639F2959180125EC00517583 /* wickhop-handwriting.ttf in Resources */,
				638E739717F7DE1B000FFE53 /* Icon.png in Resources */,
				63A54E1B19F457ED00F0364E /* Images.xcassets in Resources */,
				638E738017F78770000FFE53 /* MostViewed.png in Resources */,
				638E736B17F786CF000FFE53 /* PlusMostViewed@2x.png in Resources */,
				639F293017FA70AC00517583 /* ic_check_no@2x.png in Resources */,
				63712EFC15130B21007997CC /* InfoPlist.strings in Resources */,
				638E737217F78726000FFE53 /* Bookmarks@2x.png in Resources */,
				638E737E17F78770000FFE53 /* Favorites.png in Resources */,
				638E737F17F78770000FFE53 /* History.png in Resources */,
				638E738417F7878F000FFE53 /* PeopleMostViewed.png in Resources */,
				639F293117FA70AC00517583 /* ic_check_yes@2x.png in Resources */,
				63336A5E17F6C4FF00BC1EE2 /* screenbackground@2x.png in Resources */,
				639F29421800EEE000517583 /* Videos@2x.png in Resources */,
				638E737417F78726000FFE53 /* Favorites@2x.png in Resources */,
				63225BFA1A35523100857B44 /* LaunchScreen.xib in Resources */,
				638E737D17F78770000FFE53 /* Downloads.png in Resources */,
				638E739A17F7E00D000FFE53 /* LaunchImage-568h@2x.png in Resources */,
				638E737517F78726000FFE53 /* History@2x.png in Resources */,
				639F29411800EEE000517583 /* Tracks@2x.png in Resources */,
				638E738317F7878F000FFE53 /* PlusMostViewed.png in Resources */,
				638E737317F78726000FFE53 /* Downloads@2x.png in Resources */,
				638E737C17F78770000FFE53 /* Bookmarks.png in Resources */,
				638E739B17F7E00D000FFE53 /* LaunchImage@2x.png in Resources */,
				638E736C17F786CF000FFE53 /* PeopleMostViewed@2x.png in Resources */,
				638E737617F78726000FFE53 /* MostViewed@2x.png in Resources */,
			);
			runOnlyForDeploymentPostprocessing = 0;
		};
		63712F0815130B21007997CC /* Resources */ = {
			isa = PBXResourcesBuildPhase;
			buildActionMask = 2147483647;
			files = (
				63712F1815130B21007997CC /* InfoPlist.strings in Resources */,
			);
			runOnlyForDeploymentPostprocessing = 0;
		};
/* End PBXResourcesBuildPhase section */

/* Begin PBXShellScriptBuildPhase section */
		181574B940F9F565193F04B8 /* [CP] Check Pods Manifest.lock */ = {
			isa = PBXShellScriptBuildPhase;
			buildActionMask = 2147483647;
			files = (
			);
			inputPaths = (
			);
			name = "[CP] Check Pods Manifest.lock";
			outputPaths = (
			);
			runOnlyForDeploymentPostprocessing = 0;
			shellPath = /bin/sh;
			shellScript = "diff \"${PODS_ROOT}/../Podfile.lock\" \"${PODS_ROOT}/Manifest.lock\" > /dev/null\nif [ $? != 0 ] ; then\n    # print error to STDERR\n    echo \"error: The sandbox is not in sync with the Podfile.lock. Run 'pod install' or update your CocoaPods installation.\" >&2\n    exit 1\nfi\n";
			showEnvVarsInLog = 0;
		};
		6335FEF2EE9FF3937C429D61 /* [CP] Copy Pods Resources */ = {
			isa = PBXShellScriptBuildPhase;
			buildActionMask = 2147483647;
			files = (
			);
			inputPaths = (
			);
			name = "[CP] Copy Pods Resources";
			outputPaths = (
			);
			runOnlyForDeploymentPostprocessing = 0;
			shellPath = /bin/sh;
			shellScript = "\"${SRCROOT}/Pods/Target Support Files/Pods-tagmaster/Pods-tagmaster-resources.sh\"\n";
			showEnvVarsInLog = 0;
		};
		63712F0915130B21007997CC /* ShellScript */ = {
			isa = PBXShellScriptBuildPhase;
			buildActionMask = 2147483647;
			files = (
			);
			inputPaths = (
			);
			outputPaths = (
			);
			runOnlyForDeploymentPostprocessing = 0;
			shellPath = /bin/sh;
			shellScript = "# Run the unit tests in this test bundle.\n\"${SYSTEM_DEVELOPER_DIR}/Tools/RunUnitTests\"\n";
		};
		F8507DBFA6B725D197D7985F /* [CP] Embed Pods Frameworks */ = {
			isa = PBXShellScriptBuildPhase;
			buildActionMask = 2147483647;
			files = (
			);
			inputPaths = (
			);
			name = "[CP] Embed Pods Frameworks";
			outputPaths = (
			);
			runOnlyForDeploymentPostprocessing = 0;
			shellPath = /bin/sh;
			shellScript = "\"${SRCROOT}/Pods/Target Support Files/Pods-tagmaster/Pods-tagmaster-frameworks.sh\"\n";
			showEnvVarsInLog = 0;
		};
/* End PBXShellScriptBuildPhase section */

/* Begin PBXSourcesBuildPhase section */
		63712EE715130B21007997CC /* Sources */ = {
			isa = PBXSourcesBuildPhase;
			buildActionMask = 2147483647;
			files = (
				63336A4A17F63E7700BC1EE2 /* DPTagSummaryController.m in Sources */,
				638E73A117F7E21A000FFE53 /* DPHomeViewController.m in Sources */,
				63712EFE15130B21007997CC /* main.m in Sources */,
				63712F0215130B21007997CC /* DPAppDelegate.m in Sources */,
				63D9471F1513198D000C8784 /* DPTag.m in Sources */,
				63336A4517F6342400BC1EE2 /* DPTagViewController.m in Sources */,
				639F292917FA643700517583 /* DPSettingsController.m in Sources */,
				63D9472215145BBC000C8784 /* DPRemoteLocation.m in Sources */,
				63D9472515145DE0000C8784 /* DPVideo.m in Sources */,
				63D9472815145EDD000C8784 /* DPTrack.m in Sources */,
				6364557115156B3A002AD091 /* DPTagXMLParser.m in Sources */,
				639F292617F94E9300517583 /* DPSearchViewController.m in Sources */,
				636455741515731A002AD091 /* DPTagQueryResult.m in Sources */,
				63336A3817F586CD00BC1EE2 /* DPBrowseViewController.m in Sources */,
				638E73A417F7F8B3000FFE53 /* DPTeachableTagsController.m in Sources */,
				63E8667115DCADF000E0FC17 /* DPTagQueryViewController.m in Sources */,
				63E8667415DCB86300E0FC17 /* DPTagCell.m in Sources */,
				638E735B17F769E7000FFE53 /* DPTagDetailController.m in Sources */,
				638E738F17F7B872000FFE53 /* DPTagTracksController.m in Sources */,
				639F293C1800C45300517583 /* DPTagVideoController.m in Sources */,
				638E735F17F76B13000FFE53 /* DPTagPageControllerBase.m in Sources */,
			);
			runOnlyForDeploymentPostprocessing = 0;
		};
		63712F0615130B21007997CC /* Sources */ = {
			isa = PBXSourcesBuildPhase;
			buildActionMask = 2147483647;
			files = (
				63712F1B15130B21007997CC /* tagmasterTests.m in Sources */,
			);
			runOnlyForDeploymentPostprocessing = 0;
		};
/* End PBXSourcesBuildPhase section */

/* Begin PBXTargetDependency section */
		63712F1215130B21007997CC /* PBXTargetDependency */ = {
			isa = PBXTargetDependency;
			target = 63712EEA15130B21007997CC /* tagmaster */;
			targetProxy = 63712F1115130B21007997CC /* PBXContainerItemProxy */;
		};
/* End PBXTargetDependency section */

/* Begin PBXVariantGroup section */
		63712EFA15130B21007997CC /* InfoPlist.strings */ = {
			isa = PBXVariantGroup;
			children = (
				63712EFB15130B21007997CC /* en */,
			);
			name = InfoPlist.strings;
			sourceTree = "<group>";
		};
		63712F1615130B21007997CC /* InfoPlist.strings */ = {
			isa = PBXVariantGroup;
			children = (
				63712F1715130B21007997CC /* en */,
			);
			name = InfoPlist.strings;
			sourceTree = "<group>";
		};
/* End PBXVariantGroup section */

/* Begin XCBuildConfiguration section */
		63712F1C15130B21007997CC /* Debug */ = {
			isa = XCBuildConfiguration;
			buildSettings = {
				ALWAYS_SEARCH_USER_PATHS = NO;
				CLANG_ENABLE_OBJC_ARC = YES;
				CLANG_WARN_BOOL_CONVERSION = YES;
				CLANG_WARN_CONSTANT_CONVERSION = YES;
				CLANG_WARN_EMPTY_BODY = YES;
				CLANG_WARN_ENUM_CONVERSION = YES;
				CLANG_WARN_INFINITE_RECURSION = YES;
				CLANG_WARN_INT_CONVERSION = YES;
				CLANG_WARN_SUSPICIOUS_MOVE = YES;
				CLANG_WARN_UNREACHABLE_CODE = YES;
				CLANG_WARN__DUPLICATE_METHOD_MATCH = YES;
				"CODE_SIGN_IDENTITY[sdk=iphoneos*]" = "iPhone Developer";
				COPY_PHASE_STRIP = NO;
				ENABLE_STRICT_OBJC_MSGSEND = YES;
				ENABLE_TESTABILITY = YES;
				GCC_C_LANGUAGE_STANDARD = gnu99;
				GCC_DYNAMIC_NO_PIC = NO;
				GCC_NO_COMMON_BLOCKS = YES;
				GCC_OPTIMIZATION_LEVEL = 0;
				GCC_PREPROCESSOR_DEFINITIONS = (
					"DEBUG=1",
					"$(inherited)",
				);
				GCC_SYMBOLS_PRIVATE_EXTERN = NO;
				GCC_VERSION = com.apple.compilers.llvm.clang.1_0;
				GCC_WARN_64_TO_32_BIT_CONVERSION = YES;
				GCC_WARN_ABOUT_MISSING_PROTOTYPES = YES;
				GCC_WARN_ABOUT_RETURN_TYPE = YES;
				GCC_WARN_UNDECLARED_SELECTOR = YES;
				GCC_WARN_UNINITIALIZED_AUTOS = YES;
				GCC_WARN_UNUSED_FUNCTION = YES;
				GCC_WARN_UNUSED_VARIABLE = YES;
				IPHONEOS_DEPLOYMENT_TARGET = 8.0;
				ONLY_ACTIVE_ARCH = YES;
				SDKROOT = iphoneos;
				TARGETED_DEVICE_FAMILY = "1,2";
			};
			name = Debug;
		};
		63712F1D15130B21007997CC /* Release */ = {
			isa = XCBuildConfiguration;
			buildSettings = {
				ALWAYS_SEARCH_USER_PATHS = NO;
				CLANG_ENABLE_OBJC_ARC = YES;
				CLANG_WARN_BOOL_CONVERSION = YES;
				CLANG_WARN_CONSTANT_CONVERSION = YES;
				CLANG_WARN_EMPTY_BODY = YES;
				CLANG_WARN_ENUM_CONVERSION = YES;
				CLANG_WARN_INFINITE_RECURSION = YES;
				CLANG_WARN_INT_CONVERSION = YES;
				CLANG_WARN_SUSPICIOUS_MOVE = YES;
				CLANG_WARN_UNREACHABLE_CODE = YES;
				CLANG_WARN__DUPLICATE_METHOD_MATCH = YES;
				"CODE_SIGN_IDENTITY[sdk=iphoneos*]" = "iPhone Developer";
				COPY_PHASE_STRIP = YES;
				ENABLE_STRICT_OBJC_MSGSEND = YES;
				GCC_C_LANGUAGE_STANDARD = gnu99;
				GCC_NO_COMMON_BLOCKS = YES;
				GCC_VERSION = com.apple.compilers.llvm.clang.1_0;
				GCC_WARN_64_TO_32_BIT_CONVERSION = YES;
				GCC_WARN_ABOUT_MISSING_PROTOTYPES = YES;
				GCC_WARN_ABOUT_RETURN_TYPE = YES;
				GCC_WARN_UNDECLARED_SELECTOR = YES;
				GCC_WARN_UNINITIALIZED_AUTOS = YES;
				GCC_WARN_UNUSED_FUNCTION = YES;
				GCC_WARN_UNUSED_VARIABLE = YES;
				IPHONEOS_DEPLOYMENT_TARGET = 8.0;
				OTHER_CFLAGS = "-DNS_BLOCK_ASSERTIONS=1";
				SDKROOT = iphoneos;
				TARGETED_DEVICE_FAMILY = "1,2";
				VALIDATE_PRODUCT = YES;
			};
			name = Release;
		};
		63712F1F15130B21007997CC /* Debug */ = {
			isa = XCBuildConfiguration;
			baseConfigurationReference = 7F604058A3842AEC554DD921 /* Pods-tagmaster.debug.xcconfig */;
			buildSettings = {
				ALWAYS_SEARCH_USER_PATHS = YES;
				ASSETCATALOG_COMPILER_APPICON_NAME = AppIcon;
				ASSETCATALOG_COMPILER_LAUNCHIMAGE_NAME = LaunchImage;
				CLANG_ENABLE_MODULES = YES;
				FRAMEWORK_SEARCH_PATHS = (
					"$(inherited)",
					/Users/david/Documents/depollsoft/iOS/tagmaster,
					"$(PROJECT_DIR)",
				);
				GCC_PRECOMPILE_PREFIX_HEADER = YES;
				GCC_PREFIX_HEADER = "tagmaster/tagmaster-Prefix.pch";
				INFOPLIST_FILE = "tagmaster/tagmaster-Info.plist";
				IPHONEOS_DEPLOYMENT_TARGET = 8.0;
				LIBRARY_SEARCH_PATHS = (
					"$(inherited)",
					"\"$(SRCROOT)/../../../../Library/Developer/Xcode/DerivedData/iOS-btejviwtthepwbgmntxyrlztupkn/Build/Products/Debug-iphoneos\"",
				);
				OTHER_LDFLAGS = "$(inherited)";
				PRODUCT_BUNDLE_IDENTIFIER = "depollsoft.${PRODUCT_NAME:rfc1034identifier}";
				PRODUCT_NAME = "$(TARGET_NAME)";
				TARGETED_DEVICE_FAMILY = "1,2";
				USER_HEADER_SEARCH_PATHS = "../depolllib/** ../pitchperfect/**";
				WRAPPER_EXTENSION = app;
			};
			name = Debug;
		};
		63712F2015130B21007997CC /* Release */ = {
			isa = XCBuildConfiguration;
			baseConfigurationReference = 5AEFAE131808105FBD9DE380 /* Pods-tagmaster.release.xcconfig */;
			buildSettings = {
				ALWAYS_SEARCH_USER_PATHS = YES;
				ASSETCATALOG_COMPILER_APPICON_NAME = AppIcon;
				ASSETCATALOG_COMPILER_LAUNCHIMAGE_NAME = LaunchImage;
				CLANG_ENABLE_MODULES = YES;
				FRAMEWORK_SEARCH_PATHS = (
					"$(inherited)",
					/Users/david/Documents/depollsoft/iOS/tagmaster,
					"$(PROJECT_DIR)",
				);
				GCC_PRECOMPILE_PREFIX_HEADER = YES;
				GCC_PREFIX_HEADER = "tagmaster/tagmaster-Prefix.pch";
				INFOPLIST_FILE = "tagmaster/tagmaster-Info.plist";
				IPHONEOS_DEPLOYMENT_TARGET = 8.0;
				LIBRARY_SEARCH_PATHS = (
					"$(inherited)",
					"\"$(SRCROOT)/../../../../Library/Developer/Xcode/DerivedData/iOS-btejviwtthepwbgmntxyrlztupkn/Build/Products/Debug-iphoneos\"",
				);
				OTHER_LDFLAGS = "$(inherited)";
				PRODUCT_BUNDLE_IDENTIFIER = "depollsoft.${PRODUCT_NAME:rfc1034identifier}";
				PRODUCT_NAME = "$(TARGET_NAME)";
				TARGETED_DEVICE_FAMILY = "1,2";
				USER_HEADER_SEARCH_PATHS = "../depolllib/** ../pitchperfect/**";
				WRAPPER_EXTENSION = app;
			};
			name = Release;
		};
		63712F2215130B21007997CC /* Debug */ = {
			isa = XCBuildConfiguration;
			buildSettings = {
				BUNDLE_LOADER = "$(BUILT_PRODUCTS_DIR)/tagmaster.app/tagmaster";
				FRAMEWORK_SEARCH_PATHS = (
					"$(SDKROOT)/Developer/Library/Frameworks",
					"$(inherited)",
				);
				GCC_PRECOMPILE_PREFIX_HEADER = YES;
				GCC_PREFIX_HEADER = "tagmaster/tagmaster-Prefix.pch";
				INFOPLIST_FILE = "tagmasterTests/tagmasterTests-Info.plist";
				PRODUCT_BUNDLE_IDENTIFIER = "depollsoft.${PRODUCT_NAME:rfc1034identifier}";
				PRODUCT_NAME = "$(TARGET_NAME)";
				TEST_HOST = "$(BUNDLE_LOADER)";
			};
			name = Debug;
		};
		63712F2315130B21007997CC /* Release */ = {
			isa = XCBuildConfiguration;
			buildSettings = {
				BUNDLE_LOADER = "$(BUILT_PRODUCTS_DIR)/tagmaster.app/tagmaster";
				FRAMEWORK_SEARCH_PATHS = (
					"$(SDKROOT)/Developer/Library/Frameworks",
					"$(inherited)",
				);
				GCC_PRECOMPILE_PREFIX_HEADER = YES;
				GCC_PREFIX_HEADER = "tagmaster/tagmaster-Prefix.pch";
				INFOPLIST_FILE = "tagmasterTests/tagmasterTests-Info.plist";
				PRODUCT_BUNDLE_IDENTIFIER = "depollsoft.${PRODUCT_NAME:rfc1034identifier}";
				PRODUCT_NAME = "$(TARGET_NAME)";
				TEST_HOST = "$(BUNDLE_LOADER)";
			};
			name = Release;
		};
/* End XCBuildConfiguration section */

/* Begin XCConfigurationList section */
		63712EE515130B21007997CC /* Build configuration list for PBXProject "tagmaster" */ = {
			isa = XCConfigurationList;
			buildConfigurations = (
				63712F1C15130B21007997CC /* Debug */,
				63712F1D15130B21007997CC /* Release */,
			);
			defaultConfigurationIsVisible = 0;
			defaultConfigurationName = Release;
		};
		63712F1E15130B21007997CC /* Build configuration list for PBXNativeTarget "tagmaster" */ = {
			isa = XCConfigurationList;
			buildConfigurations = (
				63712F1F15130B21007997CC /* Debug */,
				63712F2015130B21007997CC /* Release */,
			);
			defaultConfigurationIsVisible = 0;
			defaultConfigurationName = Release;
		};
		63712F2115130B21007997CC /* Build configuration list for PBXNativeTarget "tagmasterTests" */ = {
			isa = XCConfigurationList;
			buildConfigurations = (
				63712F2215130B21007997CC /* Debug */,
				63712F2315130B21007997CC /* Release */,
			);
			defaultConfigurationIsVisible = 0;
			defaultConfigurationName = Release;
		};
/* End XCConfigurationList section */
	};
	rootObject = 63712EE215130B21007997CC /* Project object */;
}
