PODS:
  - Bolts (1.8.4):
    - Bolts/AppLinks (= 1.8.4)
    - Bolts/Tasks (= 1.8.4)
  - Bolts/AppLinks (1.8.4):
    - Bolts/Tasks
  - Bolts/Tasks (1.8.4)
  - Crashlytics (3.9.3):
    - Fabric (~> 1.7.2)
  - Fabric (1.7.2)
  - FBSDKCoreKit (4.29.0):
    - Bolts (~> 1.7)
  - FBSDKLoginKit (4.29.0):
    - FBSDKCoreKit
  - Firebase/Core (4.7.0):
    - FirebaseAnalytics (= 4.0.5)
    - FirebaseCore (= 4.0.12)
  - FirebaseAnalytics (4.0.5):
    - FirebaseCore (~> 4.0)
    - FirebaseInstanceID (~> 2.0)
    - GoogleToolboxForMac/NSData+zlib (~> 2.1)
    - nanopb (~> 0.3)
  - FirebaseCore (4.0.12):
    - GoogleToolboxForMac/NSData+zlib (~> 2.1)
  - FirebaseInstanceID (2.0.7)
  - GoogleToolboxForMac/Defines (2.1.3)
  - GoogleToolboxForMac/NSData+zlib (2.1.3):
    - GoogleToolboxForMac/Defines (= 2.1.3)
  - nanopb (0.3.8):
    - nanopb/decode (= 0.3.8)
    - nanopb/encode (= 0.3.8)
  - nanopb/decode (0.3.8)
  - nanopb/encode (0.3.8)
  - Parse (1.15.3):
    - Bolts/Tasks (~> 1.8)
  - ParseFacebookUtilsV4 (1.11.1):
    - Bolts/Tasks (>= 1.6)
    - FBSDKCoreKit (~> 4.10)
    - FBSDKLoginKit (~> 4.10)
    - FBSDKTVOSKit (~> 4.10)
    - Parse (~> 1.12)

DEPENDENCIES:
  - Crashlytics
  - Fabric
  - FBSDKCoreKit
  - Firebase/Core
  - Parse
  - ParseFacebookUtilsV4

SPEC CHECKSUMS:
  Bolts: 8a7995239dbe724f9cba2248b766d48b7ebdd322
  Crashlytics: dbb07d01876c171c5ccbdf7826410380189e452c
  Fabric: 9cd6a848efcf1b8b07497e0b6a2e7d336353ba15
  FBSDKCoreKit: 6f139173dc63a1deaff4430a55f2fe5bb222d2af
  FBSDKLoginKit: 56a057ca6822535ea0faa25f57a7c41edb697fd4
  Firebase: dbfb98ccec2dcfcd21ab9cc1b4981a3f3c8c5e26
  FirebaseAnalytics: 5b02a63ead2c3f0259cfc7f15e053e440587ecf8
  FirebaseCore: 6cf108b63997bc08c04a1ffa55a3ac0d71a59ffc
  FirebaseInstanceID: 148c25c986c8699e67304b114e365713dce467f2
  GoogleToolboxForMac: 2501e2ad72a52eb3dfe7bd9aee7dad11b858bd20
  nanopb: 5601e6bca2dbf1ed831b519092ec110f66982ca3
  Parse: cdc0f1f975ee8be0409e66f21b05df4ae067047c
  ParseFacebookUtilsV4: 2f30c2b7021c8005d3042781da7ef87d06589421

PODFILE CHECKSUM: 088d42a5b2ba24b1f57c1fa83c66ac75272e6069

COCOAPODS: 1.3.1
