
Microsoft Visual Studio Solution File, Format Version 11.00
# Visual Studio 2010
Project("{FAE04EC0-301F-11D3-BF4B-00C04F79EFBC}") = "CreateExtmap", "CreateExtmap\CreateExtmap.csproj", "{9EAA94B1-68F2-4DC1-8D8E-7982B79C68BD}"
EndProject
Global
	GlobalSection(TeamFoundationVersionControl) = preSolution
		SccNumberOfProjects = 2
		SccEnterpriseProvider = {4CA58AB2-18FA-4F8D-95D4-32DDF27D184C}
		SccTeamFoundationServer = http://depoll.endofinternet.org:8080/tfs/davidpoll.com%20projects
		SccLocalPath0 = .
		SccProjectUniqueName1 = CreateExtmap\\CreateExtmap.csproj
		SccProjectName1 = CreateExtmap
		SccLocalPath1 = CreateExtmap
	EndGlobalSection
	GlobalSection(SolutionConfigurationPlatforms) = preSolution
		Debug|Any CPU = Debug|Any CPU
		Release|Any CPU = Release|Any CPU
	EndGlobalSection
	GlobalSection(ProjectConfigurationPlatforms) = postSolution
		{9EAA94B1-68F2-4DC1-8D8E-7982B79C68BD}.Debug|Any CPU.ActiveCfg = Debug|Any CPU
		{9EAA94B1-68F2-4DC1-8D8E-7982B79C68BD}.Debug|Any CPU.Build.0 = Debug|Any CPU
		{9EAA94B1-68F2-4DC1-8D8E-7982B79C68BD}.Release|Any CPU.ActiveCfg = Release|Any CPU
		{9EAA94B1-68F2-4DC1-8D8E-7982B79C68BD}.Release|Any CPU.Build.0 = Release|Any CPU
	EndGlobalSection
	GlobalSection(SolutionProperties) = preSolution
		HideSolutionNode = FALSE
	EndGlobalSection
EndGlobal
